// !$*UTF8*$!
{
	archiveVersion = 1;
	classes = {
	};
	objectVersion = 46;
	objects = {

/* Begin PBXBuildFile section */
		48B3E1761A11BABC0079F464 /* main.m in Sources */ = {isa = PBXBuildFile; fileRef = 48B3E1751A11BABC0079F464 /* main.m */; };
		48B3E1791A11BABC0079F464 /* AppDelegate.m in Sources */ = {isa = PBXBuildFile; fileRef = 48B3E1781A11BABC0079F464 /* AppDelegate.m */; };
		48B3E17C1A11BABC0079F464 /* ViewController.m in Sources */ = {isa = PBXBuildFile; fileRef = 48B3E17B1A11BABC0079F464 /* ViewController.m */; };
		48B3E1811A11BABC0079F464 /* Images.xcassets in Resources */ = {isa = PBXBuildFile; fileRef = 48B3E1801A11BABC0079F464 /* Images.xcassets */; };
		48B3E1841A11BABC0079F464 /* LaunchScreen.xib in Resources */ = {isa = PBXBuildFile; fileRef = 48B3E1821A11BABC0079F464 /* LaunchScreen.xib */; };
		48B3E1901A11BABC0079F464 /* __DemoTests.m in Sources */ = {isa = PBXBuildFile; fileRef = 48B3E18F1A11BABC0079F464 /* __DemoTests.m */; };
		48C2096A1A4C1AC20031BCDA /* UIView+Extension.m in Sources */ = {isa = PBXBuildFile; fileRef = 48C209021A4C1AC20031BCDA /* UIView+Extension.m */; };
		48C2096B1A4C1AC20031BCDA /* DACircularProgressView.m in Sources */ = {isa = PBXBuildFile; fileRef = 48C209051A4C1AC20031BCDA /* DACircularProgressView.m */; };
		48C2096C1A4C1AC20031BCDA /* MKAnnotationView+WebCache.m in Sources */ = {isa = PBXBuildFile; fileRef = 48C209081A4C1AC20031BCDA /* MKAnnotationView+WebCache.m */; };
		48C2096D1A4C1AC20031BCDA /* NSData+ImageContentType.m in Sources */ = {isa = PBXBuildFile; fileRef = 48C2090A1A4C1AC20031BCDA /* NSData+ImageContentType.m */; };
		48C2096E1A4C1AC20031BCDA /* SDImageCache.m in Sources */ = {isa = PBXBuildFile; fileRef = 48C2090C1A4C1AC20031BCDA /* SDImageCache.m */; };
		48C2096F1A4C1AC20031BCDA /* SDWebImageCompat.m in Sources */ = {isa = PBXBuildFile; fileRef = 48C2090E1A4C1AC20031BCDA /* SDWebImageCompat.m */; };
		48C209701A4C1AC20031BCDA /* SDWebImageDecoder.m in Sources */ = {isa = PBXBuildFile; fileRef = 48C209101A4C1AC20031BCDA /* SDWebImageDecoder.m */; };
		48C209711A4C1AC20031BCDA /* SDWebImageDownloader.m in Sources */ = {isa = PBXBuildFile; fileRef = 48C209121A4C1AC20031BCDA /* SDWebImageDownloader.m */; };
		48C209721A4C1AC20031BCDA /* SDWebImageDownloaderOperation.m in Sources */ = {isa = PBXBuildFile; fileRef = 48C209141A4C1AC20031BCDA /* SDWebImageDownloaderOperation.m */; };
		48C209731A4C1AC20031BCDA /* SDWebImageManager.m in Sources */ = {isa = PBXBuildFile; fileRef = 48C209161A4C1AC20031BCDA /* SDWebImageManager.m */; };
		48C209741A4C1AC20031BCDA /* SDWebImagePrefetcher.m in Sources */ = {isa = PBXBuildFile; fileRef = 48C209191A4C1AC20031BCDA /* SDWebImagePrefetcher.m */; };
		48C209751A4C1AC20031BCDA /* UIButton+WebCache.m in Sources */ = {isa = PBXBuildFile; fileRef = 48C2091B1A4C1AC20031BCDA /* UIButton+WebCache.m */; };
		48C209761A4C1AC20031BCDA /* UIImage+GIF.m in Sources */ = {isa = PBXBuildFile; fileRef = 48C2091D1A4C1AC20031BCDA /* UIImage+GIF.m */; };
		48C209771A4C1AC20031BCDA /* UIImage+MultiFormat.m in Sources */ = {isa = PBXBuildFile; fileRef = 48C2091F1A4C1AC20031BCDA /* UIImage+MultiFormat.m */; };
		48C209781A4C1AC20031BCDA /* UIImage+WebP.m in Sources */ = {isa = PBXBuildFile; fileRef = 48C209211A4C1AC20031BCDA /* UIImage+WebP.m */; };
		48C209791A4C1AC20031BCDA /* UIImageView+HighlightedWebCache.m in Sources */ = {isa = PBXBuildFile; fileRef = 48C209231A4C1AC20031BCDA /* UIImageView+HighlightedWebCache.m */; };
		48C2097A1A4C1AC20031BCDA /* UIImageView+WebCache.m in Sources */ = {isa = PBXBuildFile; fileRef = 48C209251A4C1AC20031BCDA /* UIImageView+WebCache.m */; };
		48C2097B1A4C1AC20031BCDA /* UIView+WebCacheOperation.m in Sources */ = {isa = PBXBuildFile; fileRef = 48C209271A4C1AC20031BCDA /* UIView+WebCacheOperation.m */; };
		48C2097C1A4C1AC20031BCDA /* UIView+ZLAutoLayout.m in Sources */ = {isa = PBXBuildFile; fileRef = 48C2092A1A4C1AC20031BCDA /* UIView+ZLAutoLayout.m */; };
		48C2097D1A4C1AC20031BCDA /* AssetsPickerChecked.png in Resources */ = {isa = PBXBuildFile; fileRef = 48C2092D1A4C1AC20031BCDA /* AssetsPickerChecked.png */; };
		48C2097E1A4C1AC20031BCDA /* AssetsPickerChecked@2x.png in Resources */ = {isa = PBXBuildFile; fileRef = 48C2092E1A4C1AC20031BCDA /* AssetsPickerChecked@2x.png */; };
		48C2097F1A4C1AC20031BCDA /* AssetsPickerChecked@3x.png in Resources */ = {isa = PBXBuildFile; fileRef = 48C2092F1A4C1AC20031BCDA /* AssetsPickerChecked@3x.png */; };
		48C209801A4C1AC20031BCDA /* Contents.json in Resources */ = {isa = PBXBuildFile; fileRef = 48C209301A4C1AC20031BCDA /* Contents.json */; };
		48C209811A4C1AC20031BCDA /* ZLAnimationBaseView.m in Sources */ = {isa = PBXBuildFile; fileRef = 48C209331A4C1AC20031BCDA /* ZLAnimationBaseView.m */; };
		48C209821A4C1AC20031BCDA /* ZLAnimationImageView.m in Sources */ = {isa = PBXBuildFile; fileRef = 48C209351A4C1AC20031BCDA /* ZLAnimationImageView.m */; };
		48C209831A4C1AC20031BCDA /* ZLAnimationScrollView.m in Sources */ = {isa = PBXBuildFile; fileRef = 48C209371A4C1AC20031BCDA /* ZLAnimationScrollView.m */; };
		48C209841A4C1AC20031BCDA /* ZLCameraImageView.m in Sources */ = {isa = PBXBuildFile; fileRef = 48C2093A1A4C1AC20031BCDA /* ZLCameraImageView.m */; };
		48C209851A4C1AC20031BCDA /* ZLCameraView.m in Sources */ = {isa = PBXBuildFile; fileRef = 48C2093C1A4C1AC20031BCDA /* ZLCameraView.m */; };
		48C209861A4C1AC20031BCDA /* ZLCameraViewController.m in Sources */ = {isa = PBXBuildFile; fileRef = 48C2093E1A4C1AC20031BCDA /* ZLCameraViewController.m */; };
		48C209871A4C1AC20031BCDA /* ZLPickerDatas.m in Sources */ = {isa = PBXBuildFile; fileRef = 48C209421A4C1AC20031BCDA /* ZLPickerDatas.m */; };
		48C209881A4C1AC20031BCDA /* ZLPickerGroup.m in Sources */ = {isa = PBXBuildFile; fileRef = 48C209441A4C1AC20031BCDA /* ZLPickerGroup.m */; };
		48C209891A4C1AC20031BCDA /* ZLNavigationController.m in Sources */ = {isa = PBXBuildFile; fileRef = 48C209471A4C1AC20031BCDA /* ZLNavigationController.m */; };
		48C2098A1A4C1AC20031BCDA /* ZLPickerAssetsViewController.m in Sources */ = {isa = PBXBuildFile; fileRef = 48C209491A4C1AC20031BCDA /* ZLPickerAssetsViewController.m */; };
		48C2098B1A4C1AC20031BCDA /* ZLPickerGroupViewController.m in Sources */ = {isa = PBXBuildFile; fileRef = 48C2094B1A4C1AC20031BCDA /* ZLPickerGroupViewController.m */; };
		48C2098C1A4C1AC20031BCDA /* ZLPickerViewController.m in Sources */ = {isa = PBXBuildFile; fileRef = 48C2094D1A4C1AC20031BCDA /* ZLPickerViewController.m */; };
		48C2098D1A4C1AC20031BCDA /* ZLPickerCollectionView.m in Sources */ = {isa = PBXBuildFile; fileRef = 48C209501A4C1AC20031BCDA /* ZLPickerCollectionView.m */; };
		48C2098E1A4C1AC20031BCDA /* ZLPickerCollectionViewCell.m in Sources */ = {isa = PBXBuildFile; fileRef = 48C209521A4C1AC20031BCDA /* ZLPickerCollectionViewCell.m */; };
		48C2098F1A4C1AC20031BCDA /* ZLPickerFooterCollectionReusableView.m in Sources */ = {isa = PBXBuildFile; fileRef = 48C209541A4C1AC20031BCDA /* ZLPickerFooterCollectionReusableView.m */; };
		48C209901A4C1AC20031BCDA /* ZLPickerGroupTableViewCell.m in Sources */ = {isa = PBXBuildFile; fileRef = 48C209561A4C1AC20031BCDA /* ZLPickerGroupTableViewCell.m */; };
		48C209911A4C1AC20031BCDA /* ZLPickerGroupTableViewCell.xib in Resources */ = {isa = PBXBuildFile; fileRef = 48C209571A4C1AC20031BCDA /* ZLPickerGroupTableViewCell.xib */; };
		48C209921A4C1AC20031BCDA /* ZLPickerImageView.m in Sources */ = {isa = PBXBuildFile; fileRef = 48C209591A4C1AC20031BCDA /* ZLPickerImageView.m */; };
		48C209931A4C1AC20031BCDA /* ZLPickerBrowserPhoto.m in Sources */ = {isa = PBXBuildFile; fileRef = 48C2095E1A4C1AC20031BCDA /* ZLPickerBrowserPhoto.m */; };
		48C209941A4C1AC20031BCDA /* ZLPickerBrowserViewController.m in Sources */ = {isa = PBXBuildFile; fileRef = 48C209611A4C1AC20031BCDA /* ZLPickerBrowserViewController.m */; };
		48C209951A4C1AC20031BCDA /* ZLPickerBrowserPhotoGifView.m in Sources */ = {isa = PBXBuildFile; fileRef = 48C209641A4C1AC20031BCDA /* ZLPickerBrowserPhotoGifView.m */; };
		48C209961A4C1AC20031BCDA /* ZLPickerBrowserPhotoImageView.m in Sources */ = {isa = PBXBuildFile; fileRef = 48C209661A4C1AC20031BCDA /* ZLPickerBrowserPhotoImageView.m */; };
		48C209971A4C1AC20031BCDA /* ZLPickerBrowserPhotoScrollView.m in Sources */ = {isa = PBXBuildFile; fileRef = 48C209681A4C1AC20031BCDA /* ZLPickerBrowserPhotoScrollView.m */; };
/* End PBXBuildFile section */

/* Begin PBXContainerItemProxy section */
		48B3E18A1A11BABC0079F464 /* PBXContainerItemProxy */ = {
			isa = PBXContainerItemProxy;
			containerPortal = 48B3E1681A11BABC0079F464 /* Project object */;
			proxyType = 1;
			remoteGlobalIDString = 48B3E16F1A11BABC0079F464;
			remoteInfo = "相册Demo";
		};
/* End PBXContainerItemProxy section */

/* Begin PBXFileReference section */
		48B3E1701A11BABC0079F464 /* 相册Demo.app */ = {isa = PBXFileReference; explicitFileType = wrapper.application; includeInIndex = 0; path = "相册Demo.app"; sourceTree = BUILT_PRODUCTS_DIR; };
		48B3E1741A11BABC0079F464 /* Info.plist */ = {isa = PBXFileReference; lastKnownFileType = text.plist.xml; path = Info.plist; sourceTree = "<group>"; };
		48B3E1751A11BABC0079F464 /* main.m */ = {isa = PBXFileReference; lastKnownFileType = sourcecode.c.objc; path = main.m; sourceTree = "<group>"; };
		48B3E1771A11BABC0079F464 /* AppDelegate.h */ = {isa = PBXFileReference; lastKnownFileType = sourcecode.c.h; path = AppDelegate.h; sourceTree = "<group>"; };
		48B3E1781A11BABC0079F464 /* AppDelegate.m */ = {isa = PBXFileReference; lastKnownFileType = sourcecode.c.objc; path = AppDelegate.m; sourceTree = "<group>"; };
		48B3E17A1A11BABC0079F464 /* ViewController.h */ = {isa = PBXFileReference; lastKnownFileType = sourcecode.c.h; path = ViewController.h; sourceTree = "<group>"; };
		48B3E17B1A11BABC0079F464 /* ViewController.m */ = {isa = PBXFileReference; lastKnownFileType = sourcecode.c.objc; path = ViewController.m; sourceTree = "<group>"; };
		48B3E1801A11BABC0079F464 /* Images.xcassets */ = {isa = PBXFileReference; lastKnownFileType = folder.assetcatalog; path = Images.xcassets; sourceTree = "<group>"; };
		48B3E1831A11BABC0079F464 /* Base */ = {isa = PBXFileReference; lastKnownFileType = file.xib; name = Base; path = Base.lproj/LaunchScreen.xib; sourceTree = "<group>"; };
		48B3E1891A11BABC0079F464 /* 相册DemoTests.xctest */ = {isa = PBXFileReference; explicitFileType = wrapper.cfbundle; includeInIndex = 0; path = "相册DemoTests.xctest"; sourceTree = BUILT_PRODUCTS_DIR; };
		48B3E18E1A11BABC0079F464 /* Info.plist */ = {isa = PBXFileReference; lastKnownFileType = text.plist.xml; path = Info.plist; sourceTree = "<group>"; };
		48B3E18F1A11BABC0079F464 /* __DemoTests.m */ = {isa = PBXFileReference; lastKnownFileType = sourcecode.c.objc; path = __DemoTests.m; sourceTree = "<group>"; };
		48C209011A4C1AC20031BCDA /* UIView+Extension.h */ = {isa = PBXFileReference; fileEncoding = 4; lastKnownFileType = sourcecode.c.h; path = "UIView+Extension.h"; sourceTree = "<group>"; };
		48C209021A4C1AC20031BCDA /* UIView+Extension.m */ = {isa = PBXFileReference; fileEncoding = 4; lastKnownFileType = sourcecode.c.objc; path = "UIView+Extension.m"; sourceTree = "<group>"; };
		48C209041A4C1AC20031BCDA /* DACircularProgressView.h */ = {isa = PBXFileReference; fileEncoding = 4; lastKnownFileType = sourcecode.c.h; path = DACircularProgressView.h; sourceTree = "<group>"; };
		48C209051A4C1AC20031BCDA /* DACircularProgressView.m */ = {isa = PBXFileReference; fileEncoding = 4; lastKnownFileType = sourcecode.c.objc; path = DACircularProgressView.m; sourceTree = "<group>"; };
		48C209071A4C1AC20031BCDA /* MKAnnotationView+WebCache.h */ = {isa = PBXFileReference; fileEncoding = 4; lastKnownFileType = sourcecode.c.h; path = "MKAnnotationView+WebCache.h"; sourceTree = "<group>"; };
		48C209081A4C1AC20031BCDA /* MKAnnotationView+WebCache.m */ = {isa = PBXFileReference; fileEncoding = 4; lastKnownFileType = sourcecode.c.objc; path = "MKAnnotationView+WebCache.m"; sourceTree = "<group>"; };
		48C209091A4C1AC20031BCDA /* NSData+ImageContentType.h */ = {isa = PBXFileReference; fileEncoding = 4; lastKnownFileType = sourcecode.c.h; path = "NSData+ImageContentType.h"; sourceTree = "<group>"; };
		48C2090A1A4C1AC20031BCDA /* NSData+ImageContentType.m */ = {isa = PBXFileReference; fileEncoding = 4; lastKnownFileType = sourcecode.c.objc; path = "NSData+ImageContentType.m"; sourceTree = "<group>"; };
		48C2090B1A4C1AC20031BCDA /* SDImageCache.h */ = {isa = PBXFileReference; fileEncoding = 4; lastKnownFileType = sourcecode.c.h; path = SDImageCache.h; sourceTree = "<group>"; };
		48C2090C1A4C1AC20031BCDA /* SDImageCache.m */ = {isa = PBXFileReference; fileEncoding = 4; lastKnownFileType = sourcecode.c.objc; path = SDImageCache.m; sourceTree = "<group>"; };
		48C2090D1A4C1AC20031BCDA /* SDWebImageCompat.h */ = {isa = PBXFileReference; fileEncoding = 4; lastKnownFileType = sourcecode.c.h; path = SDWebImageCompat.h; sourceTree = "<group>"; };
		48C2090E1A4C1AC20031BCDA /* SDWebImageCompat.m */ = {isa = PBXFileReference; fileEncoding = 4; lastKnownFileType = sourcecode.c.objc; path = SDWebImageCompat.m; sourceTree = "<group>"; };
		48C2090F1A4C1AC20031BCDA /* SDWebImageDecoder.h */ = {isa = PBXFileReference; fileEncoding = 4; lastKnownFileType = sourcecode.c.h; path = SDWebImageDecoder.h; sourceTree = "<group>"; };
		48C209101A4C1AC20031BCDA /* SDWebImageDecoder.m */ = {isa = PBXFileReference; fileEncoding = 4; lastKnownFileType = sourcecode.c.objc; path = SDWebImageDecoder.m; sourceTree = "<group>"; };
		48C209111A4C1AC20031BCDA /* SDWebImageDownloader.h */ = {isa = PBXFileReference; fileEncoding = 4; lastKnownFileType = sourcecode.c.h; path = SDWebImageDownloader.h; sourceTree = "<group>"; };
		48C209121A4C1AC20031BCDA /* SDWebImageDownloader.m */ = {isa = PBXFileReference; fileEncoding = 4; lastKnownFileType = sourcecode.c.objc; path = SDWebImageDownloader.m; sourceTree = "<group>"; };
		48C209131A4C1AC20031BCDA /* SDWebImageDownloaderOperation.h */ = {isa = PBXFileReference; fileEncoding = 4; lastKnownFileType = sourcecode.c.h; path = SDWebImageDownloaderOperation.h; sourceTree = "<group>"; };
		48C209141A4C1AC20031BCDA /* SDWebImageDownloaderOperation.m */ = {isa = PBXFileReference; fileEncoding = 4; lastKnownFileType = sourcecode.c.objc; path = SDWebImageDownloaderOperation.m; sourceTree = "<group>"; };
		48C209151A4C1AC20031BCDA /* SDWebImageManager.h */ = {isa = PBXFileReference; fileEncoding = 4; lastKnownFileType = sourcecode.c.h; path = SDWebImageManager.h; sourceTree = "<group>"; };
		48C209161A4C1AC20031BCDA /* SDWebImageManager.m */ = {isa = PBXFileReference; fileEncoding = 4; lastKnownFileType = sourcecode.c.objc; path = SDWebImageManager.m; sourceTree = "<group>"; };
		48C209171A4C1AC20031BCDA /* SDWebImageOperation.h */ = {isa = PBXFileReference; fileEncoding = 4; lastKnownFileType = sourcecode.c.h; path = SDWebImageOperation.h; sourceTree = "<group>"; };
		48C209181A4C1AC20031BCDA /* SDWebImagePrefetcher.h */ = {isa = PBXFileReference; fileEncoding = 4; lastKnownFileType = sourcecode.c.h; path = SDWebImagePrefetcher.h; sourceTree = "<group>"; };
		48C209191A4C1AC20031BCDA /* SDWebImagePrefetcher.m */ = {isa = PBXFileReference; fileEncoding = 4; lastKnownFileType = sourcecode.c.objc; path = SDWebImagePrefetcher.m; sourceTree = "<group>"; };
		48C2091A1A4C1AC20031BCDA /* UIButton+WebCache.h */ = {isa = PBXFileReference; fileEncoding = 4; lastKnownFileType = sourcecode.c.h; path = "UIButton+WebCache.h"; sourceTree = "<group>"; };
		48C2091B1A4C1AC20031BCDA /* UIButton+WebCache.m */ = {isa = PBXFileReference; fileEncoding = 4; lastKnownFileType = sourcecode.c.objc; path = "UIButton+WebCache.m"; sourceTree = "<group>"; };
		48C2091C1A4C1AC20031BCDA /* UIImage+GIF.h */ = {isa = PBXFileReference; fileEncoding = 4; lastKnownFileType = sourcecode.c.h; path = "UIImage+GIF.h"; sourceTree = "<group>"; };
		48C2091D1A4C1AC20031BCDA /* UIImage+GIF.m */ = {isa = PBXFileReference; fileEncoding = 4; lastKnownFileType = sourcecode.c.objc; path = "UIImage+GIF.m"; sourceTree = "<group>"; };
		48C2091E1A4C1AC20031BCDA /* UIImage+MultiFormat.h */ = {isa = PBXFileReference; fileEncoding = 4; lastKnownFileType = sourcecode.c.h; path = "UIImage+MultiFormat.h"; sourceTree = "<group>"; };
		48C2091F1A4C1AC20031BCDA /* UIImage+MultiFormat.m */ = {isa = PBXFileReference; fileEncoding = 4; lastKnownFileType = sourcecode.c.objc; path = "UIImage+MultiFormat.m"; sourceTree = "<group>"; };
		48C209201A4C1AC20031BCDA /* UIImage+WebP.h */ = {isa = PBXFileReference; fileEncoding = 4; lastKnownFileType = sourcecode.c.h; path = "UIImage+WebP.h"; sourceTree = "<group>"; };
		48C209211A4C1AC20031BCDA /* UIImage+WebP.m */ = {isa = PBXFileReference; fileEncoding = 4; lastKnownFileType = sourcecode.c.objc; path = "UIImage+WebP.m"; sourceTree = "<group>"; };
		48C209221A4C1AC20031BCDA /* UIImageView+HighlightedWebCache.h */ = {isa = PBXFileReference; fileEncoding = 4; lastKnownFileType = sourcecode.c.h; path = "UIImageView+HighlightedWebCache.h"; sourceTree = "<group>"; };
		48C209231A4C1AC20031BCDA /* UIImageView+HighlightedWebCache.m */ = {isa = PBXFileReference; fileEncoding = 4; lastKnownFileType = sourcecode.c.objc; path = "UIImageView+HighlightedWebCache.m"; sourceTree = "<group>"; };
		48C209241A4C1AC20031BCDA /* UIImageView+WebCache.h */ = {isa = PBXFileReference; fileEncoding = 4; lastKnownFileType = sourcecode.c.h; path = "UIImageView+WebCache.h"; sourceTree = "<group>"; };
		48C209251A4C1AC20031BCDA /* UIImageView+WebCache.m */ = {isa = PBXFileReference; fileEncoding = 4; lastKnownFileType = sourcecode.c.objc; path = "UIImageView+WebCache.m"; sourceTree = "<group>"; };
		48C209261A4C1AC20031BCDA /* UIView+WebCacheOperation.h */ = {isa = PBXFileReference; fileEncoding = 4; lastKnownFileType = sourcecode.c.h; path = "UIView+WebCacheOperation.h"; sourceTree = "<group>"; };
		48C209271A4C1AC20031BCDA /* UIView+WebCacheOperation.m */ = {isa = PBXFileReference; fileEncoding = 4; lastKnownFileType = sourcecode.c.objc; path = "UIView+WebCacheOperation.m"; sourceTree = "<group>"; };
		48C209291A4C1AC20031BCDA /* UIView+ZLAutoLayout.h */ = {isa = PBXFileReference; fileEncoding = 4; lastKnownFileType = sourcecode.c.h; path = "UIView+ZLAutoLayout.h"; sourceTree = "<group>"; };
		48C2092A1A4C1AC20031BCDA /* UIView+ZLAutoLayout.m */ = {isa = PBXFileReference; fileEncoding = 4; lastKnownFileType = sourcecode.c.objc; path = "UIView+ZLAutoLayout.m"; sourceTree = "<group>"; };
		48C2092D1A4C1AC20031BCDA /* AssetsPickerChecked.png */ = {isa = PBXFileReference; lastKnownFileType = image.png; path = AssetsPickerChecked.png; sourceTree = "<group>"; };
		48C2092E1A4C1AC20031BCDA /* AssetsPickerChecked@2x.png */ = {isa = PBXFileReference; lastKnownFileType = image.png; path = "AssetsPickerChecked@2x.png"; sourceTree = "<group>"; };
		48C2092F1A4C1AC20031BCDA /* AssetsPickerChecked@3x.png */ = {isa = PBXFileReference; lastKnownFileType = image.png; path = "AssetsPickerChecked@3x.png"; sourceTree = "<group>"; };
		48C209301A4C1AC20031BCDA /* Contents.json */ = {isa = PBXFileReference; fileEncoding = 4; lastKnownFileType = text.json; path = Contents.json; sourceTree = "<group>"; };
		48C209321A4C1AC20031BCDA /* ZLAnimationBaseView.h */ = {isa = PBXFileReference; fileEncoding = 4; lastKnownFileType = sourcecode.c.h; path = ZLAnimationBaseView.h; sourceTree = "<group>"; };
		48C209331A4C1AC20031BCDA /* ZLAnimationBaseView.m */ = {isa = PBXFileReference; fileEncoding = 4; lastKnownFileType = sourcecode.c.objc; path = ZLAnimationBaseView.m; sourceTree = "<group>"; };
		48C209341A4C1AC20031BCDA /* ZLAnimationImageView.h */ = {isa = PBXFileReference; fileEncoding = 4; lastKnownFileType = sourcecode.c.h; path = ZLAnimationImageView.h; sourceTree = "<group>"; };
		48C209351A4C1AC20031BCDA /* ZLAnimationImageView.m */ = {isa = PBXFileReference; fileEncoding = 4; lastKnownFileType = sourcecode.c.objc; path = ZLAnimationImageView.m; sourceTree = "<group>"; };
		48C209361A4C1AC20031BCDA /* ZLAnimationScrollView.h */ = {isa = PBXFileReference; fileEncoding = 4; lastKnownFileType = sourcecode.c.h; path = ZLAnimationScrollView.h; sourceTree = "<group>"; };
		48C209371A4C1AC20031BCDA /* ZLAnimationScrollView.m */ = {isa = PBXFileReference; fileEncoding = 4; lastKnownFileType = sourcecode.c.objc; path = ZLAnimationScrollView.m; sourceTree = "<group>"; };
		48C209391A4C1AC20031BCDA /* ZLCameraImageView.h */ = {isa = PBXFileReference; fileEncoding = 4; lastKnownFileType = sourcecode.c.h; path = ZLCameraImageView.h; sourceTree = "<group>"; };
		48C2093A1A4C1AC20031BCDA /* ZLCameraImageView.m */ = {isa = PBXFileReference; fileEncoding = 4; lastKnownFileType = sourcecode.c.objc; path = ZLCameraImageView.m; sourceTree = "<group>"; };
		48C2093B1A4C1AC20031BCDA /* ZLCameraView.h */ = {isa = PBXFileReference; fileEncoding = 4; lastKnownFileType = sourcecode.c.h; path = ZLCameraView.h; sourceTree = "<group>"; };
		48C2093C1A4C1AC20031BCDA /* ZLCameraView.m */ = {isa = PBXFileReference; fileEncoding = 4; lastKnownFileType = sourcecode.c.objc; path = ZLCameraView.m; sourceTree = "<group>"; };
		48C2093D1A4C1AC20031BCDA /* ZLCameraViewController.h */ = {isa = PBXFileReference; fileEncoding = 4; lastKnownFileType = sourcecode.c.h; path = ZLCameraViewController.h; sourceTree = "<group>"; };
		48C2093E1A4C1AC20031BCDA /* ZLCameraViewController.m */ = {isa = PBXFileReference; fileEncoding = 4; lastKnownFileType = sourcecode.c.objc; path = ZLCameraViewController.m; sourceTree = "<group>"; };
		48C209411A4C1AC20031BCDA /* ZLPickerDatas.h */ = {isa = PBXFileReference; fileEncoding = 4; lastKnownFileType = sourcecode.c.h; path = ZLPickerDatas.h; sourceTree = "<group>"; };
		48C209421A4C1AC20031BCDA /* ZLPickerDatas.m */ = {isa = PBXFileReference; fileEncoding = 4; lastKnownFileType = sourcecode.c.objc; path = ZLPickerDatas.m; sourceTree = "<group>"; };
		48C209431A4C1AC20031BCDA /* ZLPickerGroup.h */ = {isa = PBXFileReference; fileEncoding = 4; lastKnownFileType = sourcecode.c.h; path = ZLPickerGroup.h; sourceTree = "<group>"; };
		48C209441A4C1AC20031BCDA /* ZLPickerGroup.m */ = {isa = PBXFileReference; fileEncoding = 4; lastKnownFileType = sourcecode.c.objc; path = ZLPickerGroup.m; sourceTree = "<group>"; };
		48C209461A4C1AC20031BCDA /* ZLNavigationController.h */ = {isa = PBXFileReference; fileEncoding = 4; lastKnownFileType = sourcecode.c.h; path = ZLNavigationController.h; sourceTree = "<group>"; };
		48C209471A4C1AC20031BCDA /* ZLNavigationController.m */ = {isa = PBXFileReference; fileEncoding = 4; lastKnownFileType = sourcecode.c.objc; path = ZLNavigationController.m; sourceTree = "<group>"; };
		48C209481A4C1AC20031BCDA /* ZLPickerAssetsViewController.h */ = {isa = PBXFileReference; fileEncoding = 4; lastKnownFileType = sourcecode.c.h; path = ZLPickerAssetsViewController.h; sourceTree = "<group>"; };
		48C209491A4C1AC20031BCDA /* ZLPickerAssetsViewController.m */ = {isa = PBXFileReference; fileEncoding = 4; lastKnownFileType = sourcecode.c.objc; path = ZLPickerAssetsViewController.m; sourceTree = "<group>"; };
		48C2094A1A4C1AC20031BCDA /* ZLPickerGroupViewController.h */ = {isa = PBXFileReference; fileEncoding = 4; lastKnownFileType = sourcecode.c.h; path = ZLPickerGroupViewController.h; sourceTree = "<group>"; };
		48C2094B1A4C1AC20031BCDA /* ZLPickerGroupViewController.m */ = {isa = PBXFileReference; fileEncoding = 4; lastKnownFileType = sourcecode.c.objc; path = ZLPickerGroupViewController.m; sourceTree = "<group>"; };
		48C2094C1A4C1AC20031BCDA /* ZLPickerViewController.h */ = {isa = PBXFileReference; fileEncoding = 4; lastKnownFileType = sourcecode.c.h; path = ZLPickerViewController.h; sourceTree = "<group>"; };
		48C2094D1A4C1AC20031BCDA /* ZLPickerViewController.m */ = {isa = PBXFileReference; fileEncoding = 4; lastKnownFileType = sourcecode.c.objc; path = ZLPickerViewController.m; sourceTree = "<group>"; };
		48C2094F1A4C1AC20031BCDA /* ZLPickerCollectionView.h */ = {isa = PBXFileReference; fileEncoding = 4; lastKnownFileType = sourcecode.c.h; path = ZLPickerCollectionView.h; sourceTree = "<group>"; };
		48C209501A4C1AC20031BCDA /* ZLPickerCollectionView.m */ = {isa = PBXFileReference; fileEncoding = 4; lastKnownFileType = sourcecode.c.objc; path = ZLPickerCollectionView.m; sourceTree = "<group>"; };
		48C209511A4C1AC20031BCDA /* ZLPickerCollectionViewCell.h */ = {isa = PBXFileReference; fileEncoding = 4; lastKnownFileType = sourcecode.c.h; path = ZLPickerCollectionViewCell.h; sourceTree = "<group>"; };
		48C209521A4C1AC20031BCDA /* ZLPickerCollectionViewCell.m */ = {isa = PBXFileReference; fileEncoding = 4; lastKnownFileType = sourcecode.c.objc; path = ZLPickerCollectionViewCell.m; sourceTree = "<group>"; };
		48C209531A4C1AC20031BCDA /* ZLPickerFooterCollectionReusableView.h */ = {isa = PBXFileReference; fileEncoding = 4; lastKnownFileType = sourcecode.c.h; path = ZLPickerFooterCollectionReusableView.h; sourceTree = "<group>"; };
		48C209541A4C1AC20031BCDA /* ZLPickerFooterCollectionReusableView.m */ = {isa = PBXFileReference; fileEncoding = 4; lastKnownFileType = sourcecode.c.objc; path = ZLPickerFooterCollectionReusableView.m; sourceTree = "<group>"; };
		48C209551A4C1AC20031BCDA /* ZLPickerGroupTableViewCell.h */ = {isa = PBXFileReference; fileEncoding = 4; lastKnownFileType = sourcecode.c.h; path = ZLPickerGroupTableViewCell.h; sourceTree = "<group>"; };
		48C209561A4C1AC20031BCDA /* ZLPickerGroupTableViewCell.m */ = {isa = PBXFileReference; fileEncoding = 4; lastKnownFileType = sourcecode.c.objc; path = ZLPickerGroupTableViewCell.m; sourceTree = "<group>"; };
		48C209571A4C1AC20031BCDA /* ZLPickerGroupTableViewCell.xib */ = {isa = PBXFileReference; fileEncoding = 4; lastKnownFileType = file.xib; path = ZLPickerGroupTableViewCell.xib; sourceTree = "<group>"; };
		48C209581A4C1AC20031BCDA /* ZLPickerImageView.h */ = {isa = PBXFileReference; fileEncoding = 4; lastKnownFileType = sourcecode.c.h; path = ZLPickerImageView.h; sourceTree = "<group>"; };
		48C209591A4C1AC20031BCDA /* ZLPickerImageView.m */ = {isa = PBXFileReference; fileEncoding = 4; lastKnownFileType = sourcecode.c.objc; path = ZLPickerImageView.m; sourceTree = "<group>"; };
		48C2095A1A4C1AC20031BCDA /* ZLPicker.h */ = {isa = PBXFileReference; fileEncoding = 4; lastKnownFileType = sourcecode.c.h; path = ZLPicker.h; sourceTree = "<group>"; };
		48C2095D1A4C1AC20031BCDA /* ZLPickerBrowserPhoto.h */ = {isa = PBXFileReference; fileEncoding = 4; lastKnownFileType = sourcecode.c.h; path = ZLPickerBrowserPhoto.h; sourceTree = "<group>"; };
		48C2095E1A4C1AC20031BCDA /* ZLPickerBrowserPhoto.m */ = {isa = PBXFileReference; fileEncoding = 4; lastKnownFileType = sourcecode.c.objc; path = ZLPickerBrowserPhoto.m; sourceTree = "<group>"; };
		48C209601A4C1AC20031BCDA /* ZLPickerBrowserViewController.h */ = {isa = PBXFileReference; fileEncoding = 4; lastKnownFileType = sourcecode.c.h; path = ZLPickerBrowserViewController.h; sourceTree = "<group>"; };
		48C209611A4C1AC20031BCDA /* ZLPickerBrowserViewController.m */ = {isa = PBXFileReference; fileEncoding = 4; lastKnownFileType = sourcecode.c.objc; path = ZLPickerBrowserViewController.m; sourceTree = "<group>"; };
		48C209631A4C1AC20031BCDA /* ZLPickerBrowserPhotoGifView.h */ = {isa = PBXFileReference; fileEncoding = 4; lastKnownFileType = sourcecode.c.h; path = ZLPickerBrowserPhotoGifView.h; sourceTree = "<group>"; };
		48C209641A4C1AC20031BCDA /* ZLPickerBrowserPhotoGifView.m */ = {isa = PBXFileReference; fileEncoding = 4; lastKnownFileType = sourcecode.c.objc; path = ZLPickerBrowserPhotoGifView.m; sourceTree = "<group>"; };
		48C209651A4C1AC20031BCDA /* ZLPickerBrowserPhotoImageView.h */ = {isa = PBXFileReference; fileEncoding = 4; lastKnownFileType = sourcecode.c.h; path = ZLPickerBrowserPhotoImageView.h; sourceTree = "<group>"; };
		48C209661A4C1AC20031BCDA /* ZLPickerBrowserPhotoImageView.m */ = {isa = PBXFileReference; fileEncoding = 4; lastKnownFileType = sourcecode.c.objc; path = ZLPickerBrowserPhotoImageView.m; sourceTree = "<group>"; };
		48C209671A4C1AC20031BCDA /* ZLPickerBrowserPhotoScrollView.h */ = {isa = PBXFileReference; fileEncoding = 4; lastKnownFileType = sourcecode.c.h; path = ZLPickerBrowserPhotoScrollView.h; sourceTree = "<group>"; };
		48C209681A4C1AC20031BCDA /* ZLPickerBrowserPhotoScrollView.m */ = {isa = PBXFileReference; fileEncoding = 4; lastKnownFileType = sourcecode.c.objc; path = ZLPickerBrowserPhotoScrollView.m; sourceTree = "<group>"; };
		48C209691A4C1AC20031BCDA /* ZLPickerCommon.h */ = {isa = PBXFileReference; fileEncoding = 4; lastKnownFileType = sourcecode.c.h; path = ZLPickerCommon.h; sourceTree = "<group>"; };
/* End PBXFileReference section */

/* Begin PBXFrameworksBuildPhase section */
		48B3E16D1A11BABC0079F464 /* Frameworks */ = {
			isa = PBXFrameworksBuildPhase;
			buildActionMask = 2147483647;
			files = (
			);
			runOnlyForDeploymentPostprocessing = 0;
		};
		48B3E1861A11BABC0079F464 /* Frameworks */ = {
			isa = PBXFrameworksBuildPhase;
			buildActionMask = 2147483647;
			files = (
			);
			runOnlyForDeploymentPostprocessing = 0;
		};
/* End PBXFrameworksBuildPhase section */

/* Begin PBXGroup section */
		48B3E1671A11BABC0079F464 = {
			isa = PBXGroup;
			children = (
				48B3E1721A11BABC0079F464 /* ZLAssetsPickerDemo */,
				48B3E18C1A11BABC0079F464 /* ZLAssetsPickerDemoDemoTests */,
				48B3E1711A11BABC0079F464 /* Products */,
			);
			sourceTree = "<group>";
		};
		48B3E1711A11BABC0079F464 /* Products */ = {
			isa = PBXGroup;
			children = (
				48B3E1701A11BABC0079F464 /* 相册Demo.app */,
				48B3E1891A11BABC0079F464 /* 相册DemoTests.xctest */,
			);
			name = Products;
			sourceTree = "<group>";
		};
		48B3E1721A11BABC0079F464 /* ZLAssetsPickerDemo */ = {
			isa = PBXGroup;
			children = (
				48C208FE1A4C1AC20031BCDA /* ZLPickerLib */,
				48B3E1771A11BABC0079F464 /* AppDelegate.h */,
				48B3E1781A11BABC0079F464 /* AppDelegate.m */,
				48B3E17A1A11BABC0079F464 /* ViewController.h */,
				48B3E17B1A11BABC0079F464 /* ViewController.m */,
				48B3E1801A11BABC0079F464 /* Images.xcassets */,
				48B3E1821A11BABC0079F464 /* LaunchScreen.xib */,
				48B3E1731A11BABC0079F464 /* Supporting Files */,
			);
			name = ZLAssetsPickerDemo;
			path = "相册Demo";
			sourceTree = "<group>";
		};
		48B3E1731A11BABC0079F464 /* Supporting Files */ = {
			isa = PBXGroup;
			children = (
				48B3E1741A11BABC0079F464 /* Info.plist */,
				48B3E1751A11BABC0079F464 /* main.m */,
			);
			name = "Supporting Files";
			sourceTree = "<group>";
		};
		48B3E18C1A11BABC0079F464 /* ZLAssetsPickerDemoDemoTests */ = {
			isa = PBXGroup;
			children = (
				48B3E18F1A11BABC0079F464 /* __DemoTests.m */,
				48B3E18D1A11BABC0079F464 /* Supporting Files */,
			);
			name = ZLAssetsPickerDemoDemoTests;
			path = "相册DemoTests";
			sourceTree = "<group>";
		};
		48B3E18D1A11BABC0079F464 /* Supporting Files */ = {
			isa = PBXGroup;
			children = (
				48B3E18E1A11BABC0079F464 /* Info.plist */,
			);
			name = "Supporting Files";
			sourceTree = "<group>";
		};
		48C208FE1A4C1AC20031BCDA /* ZLPickerLib */ = {
			isa = PBXGroup;
			children = (
				48C208FF1A4C1AC20031BCDA /* Utils */,
				48C209381A4C1AC20031BCDA /* ZLCamera */,
				48C2093F1A4C1AC20031BCDA /* ZLPicker */,
				48C2095A1A4C1AC20031BCDA /* ZLPicker.h */,
				48C2095B1A4C1AC20031BCDA /* ZLPickerBrowser */,
				48C209691A4C1AC20031BCDA /* ZLPickerCommon.h */,
			);
			path = ZLPickerLib;
			sourceTree = "<group>";
		};
		48C208FF1A4C1AC20031BCDA /* Utils */ = {
			isa = PBXGroup;
			children = (
				48C209001A4C1AC20031BCDA /* Category */,
				48C209031A4C1AC20031BCDA /* Lib */,
				48C2092B1A4C1AC20031BCDA /* Resource */,
				48C209311A4C1AC20031BCDA /* Views */,
			);
			path = Utils;
			sourceTree = "<group>";
		};
		48C209001A4C1AC20031BCDA /* Category */ = {
			isa = PBXGroup;
			children = (
				48C209011A4C1AC20031BCDA /* UIView+Extension.h */,
				48C209021A4C1AC20031BCDA /* UIView+Extension.m */,
			);
			path = Category;
			sourceTree = "<group>";
		};
		48C209031A4C1AC20031BCDA /* Lib */ = {
			isa = PBXGroup;
			children = (
				48C209041A4C1AC20031BCDA /* DACircularProgressView.h */,
				48C209051A4C1AC20031BCDA /* DACircularProgressView.m */,
				48C209061A4C1AC20031BCDA /* SDWebImage */,
				48C209281A4C1AC20031BCDA /* ZLAutoLayout */,
			);
			path = Lib;
			sourceTree = "<group>";
		};
		48C209061A4C1AC20031BCDA /* SDWebImage */ = {
			isa = PBXGroup;
			children = (
				48C209071A4C1AC20031BCDA /* MKAnnotationView+WebCache.h */,
				48C209081A4C1AC20031BCDA /* MKAnnotationView+WebCache.m */,
				48C209091A4C1AC20031BCDA /* NSData+ImageContentType.h */,
				48C2090A1A4C1AC20031BCDA /* NSData+ImageContentType.m */,
				48C2090B1A4C1AC20031BCDA /* SDImageCache.h */,
				48C2090C1A4C1AC20031BCDA /* SDImageCache.m */,
				48C2090D1A4C1AC20031BCDA /* SDWebImageCompat.h */,
				48C2090E1A4C1AC20031BCDA /* SDWebImageCompat.m */,
				48C2090F1A4C1AC20031BCDA /* SDWebImageDecoder.h */,
				48C209101A4C1AC20031BCDA /* SDWebImageDecoder.m */,
				48C209111A4C1AC20031BCDA /* SDWebImageDownloader.h */,
				48C209121A4C1AC20031BCDA /* SDWebImageDownloader.m */,
				48C209131A4C1AC20031BCDA /* SDWebImageDownloaderOperation.h */,
				48C209141A4C1AC20031BCDA /* SDWebImageDownloaderOperation.m */,
				48C209151A4C1AC20031BCDA /* SDWebImageManager.h */,
				48C209161A4C1AC20031BCDA /* SDWebImageManager.m */,
				48C209171A4C1AC20031BCDA /* SDWebImageOperation.h */,
				48C209181A4C1AC20031BCDA /* SDWebImagePrefetcher.h */,
				48C209191A4C1AC20031BCDA /* SDWebImagePrefetcher.m */,
				48C2091A1A4C1AC20031BCDA /* UIButton+WebCache.h */,
				48C2091B1A4C1AC20031BCDA /* UIButton+WebCache.m */,
				48C2091C1A4C1AC20031BCDA /* UIImage+GIF.h */,
				48C2091D1A4C1AC20031BCDA /* UIImage+GIF.m */,
				48C2091E1A4C1AC20031BCDA /* UIImage+MultiFormat.h */,
				48C2091F1A4C1AC20031BCDA /* UIImage+MultiFormat.m */,
				48C209201A4C1AC20031BCDA /* UIImage+WebP.h */,
				48C209211A4C1AC20031BCDA /* UIImage+WebP.m */,
				48C209221A4C1AC20031BCDA /* UIImageView+HighlightedWebCache.h */,
				48C209231A4C1AC20031BCDA /* UIImageView+HighlightedWebCache.m */,
				48C209241A4C1AC20031BCDA /* UIImageView+WebCache.h */,
				48C209251A4C1AC20031BCDA /* UIImageView+WebCache.m */,
				48C209261A4C1AC20031BCDA /* UIView+WebCacheOperation.h */,
				48C209271A4C1AC20031BCDA /* UIView+WebCacheOperation.m */,
			);
			path = SDWebImage;
			sourceTree = "<group>";
		};
		48C209281A4C1AC20031BCDA /* ZLAutoLayout */ = {
			isa = PBXGroup;
			children = (
				48C209291A4C1AC20031BCDA /* UIView+ZLAutoLayout.h */,
				48C2092A1A4C1AC20031BCDA /* UIView+ZLAutoLayout.m */,
			);
			path = ZLAutoLayout;
			sourceTree = "<group>";
		};
		48C2092B1A4C1AC20031BCDA /* Resource */ = {
			isa = PBXGroup;
			children = (
				48C2092C1A4C1AC20031BCDA /* AssetsPickerChecked.imageset */,
			);
			path = Resource;
			sourceTree = "<group>";
		};
		48C2092C1A4C1AC20031BCDA /* AssetsPickerChecked.imageset */ = {
			isa = PBXGroup;
			children = (
				48C2092D1A4C1AC20031BCDA /* AssetsPickerChecked.png */,
				48C2092E1A4C1AC20031BCDA /* AssetsPickerChecked@2x.png */,
				48C2092F1A4C1AC20031BCDA /* AssetsPickerChecked@3x.png */,
				48C209301A4C1AC20031BCDA /* Contents.json */,
			);
			path = AssetsPickerChecked.imageset;
			sourceTree = "<group>";
		};
		48C209311A4C1AC20031BCDA /* Views */ = {
			isa = PBXGroup;
			children = (
				48C209321A4C1AC20031BCDA /* ZLAnimationBaseView.h */,
				48C209331A4C1AC20031BCDA /* ZLAnimationBaseView.m */,
				48C209341A4C1AC20031BCDA /* ZLAnimationImageView.h */,
				48C209351A4C1AC20031BCDA /* ZLAnimationImageView.m */,
				48C209361A4C1AC20031BCDA /* ZLAnimationScrollView.h */,
				48C209371A4C1AC20031BCDA /* ZLAnimationScrollView.m */,
			);
			path = Views;
			sourceTree = "<group>";
		};
		48C209381A4C1AC20031BCDA /* ZLCamera */ = {
			isa = PBXGroup;
			children = (
				48C209391A4C1AC20031BCDA /* ZLCameraImageView.h */,
				48C2093A1A4C1AC20031BCDA /* ZLCameraImageView.m */,
				48C2093B1A4C1AC20031BCDA /* ZLCameraView.h */,
				48C2093C1A4C1AC20031BCDA /* ZLCameraView.m */,
				48C2093D1A4C1AC20031BCDA /* ZLCameraViewController.h */,
				48C2093E1A4C1AC20031BCDA /* ZLCameraViewController.m */,
			);
			path = ZLCamera;
			sourceTree = "<group>";
		};
		48C2093F1A4C1AC20031BCDA /* ZLPicker */ = {
			isa = PBXGroup;
			children = (
				48C209401A4C1AC20031BCDA /* Models */,
				48C209451A4C1AC20031BCDA /* ViewControllers */,
				48C2094E1A4C1AC20031BCDA /* Views */,
			);
			path = ZLPicker;
			sourceTree = "<group>";
		};
		48C209401A4C1AC20031BCDA /* Models */ = {
			isa = PBXGroup;
			children = (
				48C209411A4C1AC20031BCDA /* ZLPickerDatas.h */,
				48C209421A4C1AC20031BCDA /* ZLPickerDatas.m */,
				48C209431A4C1AC20031BCDA /* ZLPickerGroup.h */,
				48C209441A4C1AC20031BCDA /* ZLPickerGroup.m */,
			);
			path = Models;
			sourceTree = "<group>";
		};
		48C209451A4C1AC20031BCDA /* ViewControllers */ = {
			isa = PBXGroup;
			children = (
				48C209461A4C1AC20031BCDA /* ZLNavigationController.h */,
				48C209471A4C1AC20031BCDA /* ZLNavigationController.m */,
				48C209481A4C1AC20031BCDA /* ZLPickerAssetsViewController.h */,
				48C209491A4C1AC20031BCDA /* ZLPickerAssetsViewController.m */,
				48C2094A1A4C1AC20031BCDA /* ZLPickerGroupViewController.h */,
				48C2094B1A4C1AC20031BCDA /* ZLPickerGroupViewController.m */,
				48C2094C1A4C1AC20031BCDA /* ZLPickerViewController.h */,
				48C2094D1A4C1AC20031BCDA /* ZLPickerViewController.m */,
			);
			path = ViewControllers;
			sourceTree = "<group>";
		};
		48C2094E1A4C1AC20031BCDA /* Views */ = {
			isa = PBXGroup;
			children = (
				48C2094F1A4C1AC20031BCDA /* ZLPickerCollectionView.h */,
				48C209501A4C1AC20031BCDA /* ZLPickerCollectionView.m */,
				48C209511A4C1AC20031BCDA /* ZLPickerCollectionViewCell.h */,
				48C209521A4C1AC20031BCDA /* ZLPickerCollectionViewCell.m */,
				48C209531A4C1AC20031BCDA /* ZLPickerFooterCollectionReusableView.h */,
				48C209541A4C1AC20031BCDA /* ZLPickerFooterCollectionReusableView.m */,
				48C209551A4C1AC20031BCDA /* ZLPickerGroupTableViewCell.h */,
				48C209561A4C1AC20031BCDA /* ZLPickerGroupTableViewCell.m */,
				48C209571A4C1AC20031BCDA /* ZLPickerGroupTableViewCell.xib */,
				48C209581A4C1AC20031BCDA /* ZLPickerImageView.h */,
				48C209591A4C1AC20031BCDA /* ZLPickerImageView.m */,
			);
			path = Views;
			sourceTree = "<group>";
		};
		48C2095B1A4C1AC20031BCDA /* ZLPickerBrowser */ = {
			isa = PBXGroup;
			children = (
				48C2095C1A4C1AC20031BCDA /* Models */,
				48C2095F1A4C1AC20031BCDA /* ViewControllers */,
				48C209621A4C1AC20031BCDA /* Views */,
			);
			path = ZLPickerBrowser;
			sourceTree = "<group>";
		};
		48C2095C1A4C1AC20031BCDA /* Models */ = {
			isa = PBXGroup;
			children = (
				48C2095D1A4C1AC20031BCDA /* ZLPickerBrowserPhoto.h */,
				48C2095E1A4C1AC20031BCDA /* ZLPickerBrowserPhoto.m */,
			);
			path = Models;
			sourceTree = "<group>";
		};
		48C2095F1A4C1AC20031BCDA /* ViewControllers */ = {
			isa = PBXGroup;
			children = (
				48C209601A4C1AC20031BCDA /* ZLPickerBrowserViewController.h */,
				48C209611A4C1AC20031BCDA /* ZLPickerBrowserViewController.m */,
			);
			path = ViewControllers;
			sourceTree = "<group>";
		};
		48C209621A4C1AC20031BCDA /* Views */ = {
			isa = PBXGroup;
			children = (
				48C209631A4C1AC20031BCDA /* ZLPickerBrowserPhotoGifView.h */,
				48C209641A4C1AC20031BCDA /* ZLPickerBrowserPhotoGifView.m */,
				48C209651A4C1AC20031BCDA /* ZLPickerBrowserPhotoImageView.h */,
				48C209661A4C1AC20031BCDA /* ZLPickerBrowserPhotoImageView.m */,
				48C209671A4C1AC20031BCDA /* ZLPickerBrowserPhotoScrollView.h */,
				48C209681A4C1AC20031BCDA /* ZLPickerBrowserPhotoScrollView.m */,
			);
			path = Views;
			sourceTree = "<group>";
		};
/* End PBXGroup section */

/* Begin PBXNativeTarget section */
		48B3E16F1A11BABC0079F464 /* 相册Demo */ = {
			isa = PBXNativeTarget;
			buildConfigurationList = 48B3E1931A11BABC0079F464 /* Build configuration list for PBXNativeTarget "相册Demo" */;
			buildPhases = (
				48B3E16C1A11BABC0079F464 /* Sources */,
				48B3E16D1A11BABC0079F464 /* Frameworks */,
				48B3E16E1A11BABC0079F464 /* Resources */,
			);
			buildRules = (
			);
			dependencies = (
			);
			name = "相册Demo";
			productName = "相册Demo";
			productReference = 48B3E1701A11BABC0079F464 /* 相册Demo.app */;
			productType = "com.apple.product-type.application";
		};
		48B3E1881A11BABC0079F464 /* 相册DemoTests */ = {
			isa = PBXNativeTarget;
			buildConfigurationList = 48B3E1961A11BABC0079F464 /* Build configuration list for PBXNativeTarget "相册DemoTests" */;
			buildPhases = (
				48B3E1851A11BABC0079F464 /* Sources */,
				48B3E1861A11BABC0079F464 /* Frameworks */,
				48B3E1871A11BABC0079F464 /* Resources */,
			);
			buildRules = (
			);
			dependencies = (
				48B3E18B1A11BABC0079F464 /* PBXTargetDependency */,
			);
			name = "相册DemoTests";
			productName = "相册DemoTests";
			productReference = 48B3E1891A11BABC0079F464 /* 相册DemoTests.xctest */;
			productType = "com.apple.product-type.bundle.unit-test";
		};
/* End PBXNativeTarget section */

/* Begin PBXProject section */
		48B3E1681A11BABC0079F464 /* Project object */ = {
			isa = PBXProject;
			attributes = {
				LastUpgradeCheck = 0610;
				ORGANIZATIONNAME = com.zixue101.www;
				TargetAttributes = {
					48B3E16F1A11BABC0079F464 = {
						CreatedOnToolsVersion = 6.1;
					};
					48B3E1881A11BABC0079F464 = {
						CreatedOnToolsVersion = 6.1;
						TestTargetID = 48B3E16F1A11BABC0079F464;
					};
				};
			};
			buildConfigurationList = 48B3E16B1A11BABC0079F464 /* Build configuration list for PBXProject "ZLAssetsPickerDemo" */;
			compatibilityVersion = "Xcode 3.2";
			developmentRegion = English;
			hasScannedForEncodings = 0;
			knownRegions = (
				en,
				Base,
			);
			mainGroup = 48B3E1671A11BABC0079F464;
			productRefGroup = 48B3E1711A11BABC0079F464 /* Products */;
			projectDirPath = "";
			projectRoot = "";
			targets = (
				48B3E16F1A11BABC0079F464 /* 相册Demo */,
				48B3E1881A11BABC0079F464 /* 相册DemoTests */,
			);
		};
/* End PBXProject section */

/* Begin PBXResourcesBuildPhase section */
		48B3E16E1A11BABC0079F464 /* Resources */ = {
			isa = PBXResourcesBuildPhase;
			buildActionMask = 2147483647;
			files = (
				48B3E1841A11BABC0079F464 /* LaunchScreen.xib in Resources */,
				48B3E1811A11BABC0079F464 /* Images.xcassets in Resources */,
				48C2097D1A4C1AC20031BCDA /* AssetsPickerChecked.png in Resources */,
				48C2097F1A4C1AC20031BCDA /* AssetsPickerChecked@3x.png in Resources */,
				48C209911A4C1AC20031BCDA /* ZLPickerGroupTableViewCell.xib in Resources */,
				48C2097E1A4C1AC20031BCDA /* AssetsPickerChecked@2x.png in Resources */,
				48C209801A4C1AC20031BCDA /* Contents.json in Resources */,
			);
			runOnlyForDeploymentPostprocessing = 0;
		};
		48B3E1871A11BABC0079F464 /* Resources */ = {
			isa = PBXResourcesBuildPhase;
			buildActionMask = 2147483647;
			files = (
			);
			runOnlyForDeploymentPostprocessing = 0;
		};
/* End PBXResourcesBuildPhase section */

/* Begin PBXSourcesBuildPhase section */
		48B3E16C1A11BABC0079F464 /* Sources */ = {
			isa = PBXSourcesBuildPhase;
			buildActionMask = 2147483647;
			files = (
				48C2096B1A4C1AC20031BCDA /* DACircularProgressView.m in Sources */,
				48C2097C1A4C1AC20031BCDA /* UIView+ZLAutoLayout.m in Sources */,
				48C2098E1A4C1AC20031BCDA /* ZLPickerCollectionViewCell.m in Sources */,
				48C209901A4C1AC20031BCDA /* ZLPickerGroupTableViewCell.m in Sources */,
				48C209791A4C1AC20031BCDA /* UIImageView+HighlightedWebCache.m in Sources */,
				48C209881A4C1AC20031BCDA /* ZLPickerGroup.m in Sources */,
				48C209961A4C1AC20031BCDA /* ZLPickerBrowserPhotoImageView.m in Sources */,
				48C209891A4C1AC20031BCDA /* ZLNavigationController.m in Sources */,
				48C2097A1A4C1AC20031BCDA /* UIImageView+WebCache.m in Sources */,
				48C209781A4C1AC20031BCDA /* UIImage+WebP.m in Sources */,
				48C209741A4C1AC20031BCDA /* SDWebImagePrefetcher.m in Sources */,
				48B3E17C1A11BABC0079F464 /* ViewController.m in Sources */,
				48C209931A4C1AC20031BCDA /* ZLPickerBrowserPhoto.m in Sources */,
				48C209701A4C1AC20031BCDA /* SDWebImageDecoder.m in Sources */,
				48C209711A4C1AC20031BCDA /* SDWebImageDownloader.m in Sources */,
				48C209841A4C1AC20031BCDA /* ZLCameraImageView.m in Sources */,
				48B3E1791A11BABC0079F464 /* AppDelegate.m in Sources */,
				48C209871A4C1AC20031BCDA /* ZLPickerDatas.m in Sources */,
				48C209731A4C1AC20031BCDA /* SDWebImageManager.m in Sources */,
				48C2098A1A4C1AC20031BCDA /* ZLPickerAssetsViewController.m in Sources */,
				48C209831A4C1AC20031BCDA /* ZLAnimationScrollView.m in Sources */,
				48C2097B1A4C1AC20031BCDA /* UIView+WebCacheOperation.m in Sources */,
				48C209751A4C1AC20031BCDA /* UIButton+WebCache.m in Sources */,
				48C209771A4C1AC20031BCDA /* UIImage+MultiFormat.m in Sources */,
				48C2096A1A4C1AC20031BCDA /* UIView+Extension.m in Sources */,
				48C209941A4C1AC20031BCDA /* ZLPickerBrowserViewController.m in Sources */,
				48C209971A4C1AC20031BCDA /* ZLPickerBrowserPhotoScrollView.m in Sources */,
				48C209721A4C1AC20031BCDA /* SDWebImageDownloaderOperation.m in Sources */,
				48C2098B1A4C1AC20031BCDA /* ZLPickerGroupViewController.m in Sources */,
				48C209761A4C1AC20031BCDA /* UIImage+GIF.m in Sources */,
				48C209811A4C1AC20031BCDA /* ZLAnimationBaseView.m in Sources */,
				48C2098F1A4C1AC20031BCDA /* ZLPickerFooterCollectionReusableView.m in Sources */,
				48C2096F1A4C1AC20031BCDA /* SDWebImageCompat.m in Sources */,
				48C209861A4C1AC20031BCDA /* ZLCameraViewController.m in Sources */,
				48C209921A4C1AC20031BCDA /* ZLPickerImageView.m in Sources */,
				48C209951A4C1AC20031BCDA /* ZLPickerBrowserPhotoGifView.m in Sources */,
				48C2098D1A4C1AC20031BCDA /* ZLPickerCollectionView.m in Sources */,
				48C2096D1A4C1AC20031BCDA /* NSData+ImageContentType.m in Sources */,
				48B3E1761A11BABC0079F464 /* main.m in Sources */,
				48C209851A4C1AC20031BCDA /* ZLCameraView.m in Sources */,
				48C209821A4C1AC20031BCDA /* ZLAnimationImageView.m in Sources */,
				48C2096C1A4C1AC20031BCDA /* MKAnnotationView+WebCache.m in Sources */,
				48C2098C1A4C1AC20031BCDA /* ZLPickerViewController.m in Sources */,
				48C2096E1A4C1AC20031BCDA /* SDImageCache.m in Sources */,
			);
			runOnlyForDeploymentPostprocessing = 0;
		};
		48B3E1851A11BABC0079F464 /* Sources */ = {
			isa = PBXSourcesBuildPhase;
			buildActionMask = 2147483647;
			files = (
				48B3E1901A11BABC0079F464 /* __DemoTests.m in Sources */,
			);
			runOnlyForDeploymentPostprocessing = 0;
		};
/* End PBXSourcesBuildPhase section */

/* Begin PBXTargetDependency section */
		48B3E18B1A11BABC0079F464 /* PBXTargetDependency */ = {
			isa = PBXTargetDependency;
			target = 48B3E16F1A11BABC0079F464 /* 相册Demo */;
			targetProxy = 48B3E18A1A11BABC0079F464 /* PBXContainerItemProxy */;
		};
/* End PBXTargetDependency section */

/* Begin PBXVariantGroup section */
		48B3E1821A11BABC0079F464 /* LaunchScreen.xib */ = {
			isa = PBXVariantGroup;
			children = (
				48B3E1831A11BABC0079F464 /* Base */,
			);
			name = LaunchScreen.xib;
			sourceTree = "<group>";
		};
/* End PBXVariantGroup section */

/* Begin XCBuildConfiguration section */
		48B3E1911A11BABC0079F464 /* Debug */ = {
			isa = XCBuildConfiguration;
			buildSettings = {
				ALWAYS_SEARCH_USER_PATHS = NO;
				CLANG_CXX_LANGUAGE_STANDARD = "gnu++0x";
				CLANG_CXX_LIBRARY = "libc++";
				CLANG_ENABLE_MODULES = YES;
				CLANG_ENABLE_OBJC_ARC = YES;
				CLANG_WARN_BOOL_CONVERSION = YES;
				CLANG_WARN_CONSTANT_CONVERSION = YES;
				CLANG_WARN_DIRECT_OBJC_ISA_USAGE = YES_ERROR;
				CLANG_WARN_EMPTY_BODY = YES;
				CLANG_WARN_ENUM_CONVERSION = YES;
				CLANG_WARN_INT_CONVERSION = YES;
				CLANG_WARN_OBJC_ROOT_CLASS = YES_ERROR;
				CLANG_WARN_UNREACHABLE_CODE = YES;
				CLANG_WARN__DUPLICATE_METHOD_MATCH = YES;
				"CODE_SIGN_IDENTITY[sdk=iphoneos*]" = "iPhone Developer";
				COPY_PHASE_STRIP = NO;
				ENABLE_STRICT_OBJC_MSGSEND = YES;
				GCC_C_LANGUAGE_STANDARD = gnu99;
				GCC_DYNAMIC_NO_PIC = NO;
				GCC_OPTIMIZATION_LEVEL = 0;
				GCC_PREPROCESSOR_DEFINITIONS = (
					"DEBUG=1",
					"$(inherited)",
				);
				GCC_SYMBOLS_PRIVATE_EXTERN = NO;
				GCC_WARN_64_TO_32_BIT_CONVERSION = YES;
				GCC_WARN_ABOUT_RETURN_TYPE = YES_ERROR;
				GCC_WARN_UNDECLARED_SELECTOR = YES;
				GCC_WARN_UNINITIALIZED_AUTOS = YES_AGGRESSIVE;
				GCC_WARN_UNUSED_FUNCTION = YES;
				GCC_WARN_UNUSED_VARIABLE = YES;
				IPHONEOS_DEPLOYMENT_TARGET = 8.1;
				MTL_ENABLE_DEBUG_INFO = YES;
				ONLY_ACTIVE_ARCH = YES;
				SDKROOT = iphoneos;
			};
			name = Debug;
		};
		48B3E1921A11BABC0079F464 /* Release */ = {
			isa = XCBuildConfiguration;
			buildSettings = {
				ALWAYS_SEARCH_USER_PATHS = NO;
				CLANG_CXX_LANGUAGE_STANDARD = "gnu++0x";
				CLANG_CXX_LIBRARY = "libc++";
				CLANG_ENABLE_MODULES = YES;
				CLANG_ENABLE_OBJC_ARC = YES;
				CLANG_WARN_BOOL_CONVERSION = YES;
				CLANG_WARN_CONSTANT_CONVERSION = YES;
				CLANG_WARN_DIRECT_OBJC_ISA_USAGE = YES_ERROR;
				CLANG_WARN_EMPTY_BODY = YES;
				CLANG_WARN_ENUM_CONVERSION = YES;
				CLANG_WARN_INT_CONVERSION = YES;
				CLANG_WARN_OBJC_ROOT_CLASS = YES_ERROR;
				CLANG_WARN_UNREACHABLE_CODE = YES;
				CLANG_WARN__DUPLICATE_METHOD_MATCH = YES;
				"CODE_SIGN_IDENTITY[sdk=iphoneos*]" = "iPhone Developer";
				COPY_PHASE_STRIP = YES;
				ENABLE_NS_ASSERTIONS = NO;
				ENABLE_STRICT_OBJC_MSGSEND = YES;
				GCC_C_LANGUAGE_STANDARD = gnu99;
				GCC_WARN_64_TO_32_BIT_CONVERSION = YES;
				GCC_WARN_ABOUT_RETURN_TYPE = YES_ERROR;
				GCC_WARN_UNDECLARED_SELECTOR = YES;
				GCC_WARN_UNINITIALIZED_AUTOS = YES_AGGRESSIVE;
				GCC_WARN_UNUSED_FUNCTION = YES;
				GCC_WARN_UNUSED_VARIABLE = YES;
				IPHONEOS_DEPLOYMENT_TARGET = 8.1;
				MTL_ENABLE_DEBUG_INFO = NO;
				SDKROOT = iphoneos;
				VALIDATE_PRODUCT = YES;
			};
			name = Release;
		};
		48B3E1941A11BABC0079F464 /* Debug */ = {
			isa = XCBuildConfiguration;
			buildSettings = {
				ASSETCATALOG_COMPILER_APPICON_NAME = AppIcon;
				ASSETCATALOG_COMPILER_LAUNCHIMAGE_NAME = "LaunchImage-2";
				INFOPLIST_FILE = "相册Demo/Info.plist";
				IPHONEOS_DEPLOYMENT_TARGET = 6.0;
				LD_RUNPATH_SEARCH_PATHS = "$(inherited) @executable_path/Frameworks";
				PRODUCT_NAME = "$(TARGET_NAME)";
			};
			name = Debug;
		};
		48B3E1951A11BABC0079F464 /* Release */ = {
			isa = XCBuildConfiguration;
			buildSettings = {
				ASSETCATALOG_COMPILER_APPICON_NAME = AppIcon;
				ASSETCATALOG_COMPILER_LAUNCHIMAGE_NAME = "LaunchImage-2";
				INFOPLIST_FILE = "相册Demo/Info.plist";
				IPHONEOS_DEPLOYMENT_TARGET = 6.0;
				LD_RUNPATH_SEARCH_PATHS = "$(inherited) @executable_path/Frameworks";
				PRODUCT_NAME = "$(TARGET_NAME)";
			};
			name = Release;
		};
		48B3E1971A11BABC0079F464 /* Debug */ = {
			isa = XCBuildConfiguration;
			buildSettings = {
				BUNDLE_LOADER = "$(TEST_HOST)";
				FRAMEWORK_SEARCH_PATHS = (
					"$(SDKROOT)/Developer/Library/Frameworks",
					"$(inherited)",
				);
				GCC_PREPROCESSOR_DEFINITIONS = (
					"DEBUG=1",
					"$(inherited)",
				);
				INFOPLIST_FILE = "相册DemoTests/Info.plist";
				LD_RUNPATH_SEARCH_PATHS = "$(inherited) @executable_path/Frameworks @loader_path/Frameworks";
				PRODUCT_NAME = "$(TARGET_NAME)";
				TEST_HOST = "$(BUILT_PRODUCTS_DIR)/相册Demo.app/相册Demo";
			};
			name = Debug;
		};
		48B3E1981A11BABC0079F464 /* Release */ = {
			isa = XCBuildConfiguration;
			buildSettings = {
				BUNDLE_LOADER = "$(TEST_HOST)";
				FRAMEWORK_SEARCH_PATHS = (
					"$(SDKROOT)/Developer/Library/Frameworks",
					"$(inherited)",
				);
				INFOPLIST_FILE = "相册DemoTests/Info.plist";
				LD_RUNPATH_SEARCH_PATHS = "$(inherited) @executable_path/Frameworks @loader_path/Frameworks";
				PRODUCT_NAME = "$(TARGET_NAME)";
				TEST_HOST = "$(BUILT_PRODUCTS_DIR)/相册Demo.app/相册Demo";
			};
			name = Release;
		};
/* End XCBuildConfiguration section */

/* Begin XCConfigurationList section */
		48B3E16B1A11BABC0079F464 /* Build configuration list for PBXProject "ZLAssetsPickerDemo" */ = {
			isa = XCConfigurationList;
			buildConfigurations = (
				48B3E1911A11BABC0079F464 /* Debug */,
				48B3E1921A11BABC0079F464 /* Release */,
			);
			defaultConfigurationIsVisible = 0;
			defaultConfigurationName = Release;
		};
		48B3E1931A11BABC0079F464 /* Build configuration list for PBXNativeTarget "相册Demo" */ = {
			isa = XCConfigurationList;
			buildConfigurations = (
				48B3E1941A11BABC0079F464 /* Debug */,
				48B3E1951A11BABC0079F464 /* Release */,
			);
			defaultConfigurationIsVisible = 0;
			defaultConfigurationName = Release;
		};
		48B3E1961A11BABC0079F464 /* Build configuration list for PBXNativeTarget "相册DemoTests" */ = {
			isa = XCConfigurationList;
			buildConfigurations = (
				48B3E1971A11BABC0079F464 /* Debug */,
				48B3E1981A11BABC0079F464 /* Release */,
			);
			defaultConfigurationIsVisible = 0;
			defaultConfigurationName = Release;
		};
/* End XCConfigurationList section */
	};
	rootObject = 48B3E1681A11BABC0079F464 /* Project object */;
}
