// !$*UTF8*$!
{
	archiveVersion = 1;
	classes = {
	};
	objectVersion = 46;
	objects = {

/* Begin PBXBuildFile section */
		48263EBA1A709F7000CF136E /* ZLPhotoPickerBrowserPhoto.m in Sources */ = {isa = PBXBuildFile; fileRef = 48263E941A709F7000CF136E /* ZLPhotoPickerBrowserPhoto.m */; };
		48263EBB1A709F7000CF136E /* ZLPhotoPickerBrowserViewController.m in Sources */ = {isa = PBXBuildFile; fileRef = 48263E971A709F7000CF136E /* ZLPhotoPickerBrowserViewController.m */; };
		48263EBC1A709F7000CF136E /* ZLPhotoPickerBrowserPhotoImageView.m in Sources */ = {isa = PBXBuildFile; fileRef = 48263E9A1A709F7000CF136E /* ZLPhotoPickerBrowserPhotoImageView.m */; };
		48263EBD1A709F7000CF136E /* ZLPhotoPickerBrowserPhotoScrollView.m in Sources */ = {isa = PBXBuildFile; fileRef = 48263E9C1A709F7000CF136E /* ZLPhotoPickerBrowserPhotoScrollView.m */; };
		48263EBE1A709F7000CF136E /* ZLPhotoAssets.m in Sources */ = {isa = PBXBuildFile; fileRef = 48263EA01A709F7000CF136E /* ZLPhotoAssets.m */; };
		48263EBF1A709F7000CF136E /* ZLPhotoPickerDatas.m in Sources */ = {isa = PBXBuildFile; fileRef = 48263EA21A709F7000CF136E /* ZLPhotoPickerDatas.m */; };
		48263EC01A709F7000CF136E /* ZLPhotoPickerGroup.m in Sources */ = {isa = PBXBuildFile; fileRef = 48263EA41A709F7000CF136E /* ZLPhotoPickerGroup.m */; };
		48263EC11A709F7000CF136E /* ZLNavigationController.m in Sources */ = {isa = PBXBuildFile; fileRef = 48263EA71A709F7000CF136E /* ZLNavigationController.m */; };
		48263EC21A709F7000CF136E /* ZLPhotoPickerAssetsViewController.m in Sources */ = {isa = PBXBuildFile; fileRef = 48263EA91A709F7000CF136E /* ZLPhotoPickerAssetsViewController.m */; };
		48263EC31A709F7000CF136E /* ZLPhotoPickerGroupViewController.m in Sources */ = {isa = PBXBuildFile; fileRef = 48263EAB1A709F7000CF136E /* ZLPhotoPickerGroupViewController.m */; };
		48263EC41A709F7000CF136E /* ZLPhotoPickerViewController.m in Sources */ = {isa = PBXBuildFile; fileRef = 48263EAD1A709F7000CF136E /* ZLPhotoPickerViewController.m */; };
		48263EC51A709F7000CF136E /* ZLPhotoPickerCollectionView.m in Sources */ = {isa = PBXBuildFile; fileRef = 48263EB01A709F7000CF136E /* ZLPhotoPickerCollectionView.m */; };
		48263EC61A709F7000CF136E /* ZLPhotoPickerCollectionViewCell.m in Sources */ = {isa = PBXBuildFile; fileRef = 48263EB21A709F7000CF136E /* ZLPhotoPickerCollectionViewCell.m */; };
		48263EC71A709F7000CF136E /* ZLPhotoPickerFooterCollectionReusableView.m in Sources */ = {isa = PBXBuildFile; fileRef = 48263EB41A709F7000CF136E /* ZLPhotoPickerFooterCollectionReusableView.m */; };
		48263EC81A709F7000CF136E /* ZLPhotoPickerGroupTableViewCell.m in Sources */ = {isa = PBXBuildFile; fileRef = 48263EB61A709F7000CF136E /* ZLPhotoPickerGroupTableViewCell.m */; };
		48263EC91A709F7000CF136E /* ZLPhotoPickerGroupTableViewCell.xib in Resources */ = {isa = PBXBuildFile; fileRef = 48263EB71A709F7000CF136E /* ZLPhotoPickerGroupTableViewCell.xib */; };
		48263ECA1A709F7000CF136E /* ZLPhotoPickerImageView.m in Sources */ = {isa = PBXBuildFile; fileRef = 48263EB91A709F7000CF136E /* ZLPhotoPickerImageView.m */; };
		48263F161A709FCD00CF136E /* UIView+Extension.m in Sources */ = {isa = PBXBuildFile; fileRef = 48263ED01A709FCD00CF136E /* UIView+Extension.m */; };
		48263F171A709FCD00CF136E /* DACircularProgressView.m in Sources */ = {isa = PBXBuildFile; fileRef = 48263ED31A709FCD00CF136E /* DACircularProgressView.m */; };
		48263F181A709FCD00CF136E /* MKAnnotationView+WebCache.m in Sources */ = {isa = PBXBuildFile; fileRef = 48263ED61A709FCD00CF136E /* MKAnnotationView+WebCache.m */; };
		48263F191A709FCD00CF136E /* NSData+ImageContentType.m in Sources */ = {isa = PBXBuildFile; fileRef = 48263ED81A709FCD00CF136E /* NSData+ImageContentType.m */; };
		48263F1A1A709FCD00CF136E /* SDImageCache.m in Sources */ = {isa = PBXBuildFile; fileRef = 48263EDA1A709FCD00CF136E /* SDImageCache.m */; };
		48263F1B1A709FCD00CF136E /* SDWebImageCompat.m in Sources */ = {isa = PBXBuildFile; fileRef = 48263EDC1A709FCD00CF136E /* SDWebImageCompat.m */; };
		48263F1C1A709FCD00CF136E /* SDWebImageDecoder.m in Sources */ = {isa = PBXBuildFile; fileRef = 48263EDE1A709FCD00CF136E /* SDWebImageDecoder.m */; };
		48263F1D1A709FCD00CF136E /* SDWebImageDownloader.m in Sources */ = {isa = PBXBuildFile; fileRef = 48263EE01A709FCD00CF136E /* SDWebImageDownloader.m */; };
		48263F1E1A709FCD00CF136E /* SDWebImageDownloaderOperation.m in Sources */ = {isa = PBXBuildFile; fileRef = 48263EE21A709FCD00CF136E /* SDWebImageDownloaderOperation.m */; };
		48263F1F1A709FCD00CF136E /* SDWebImageManager.m in Sources */ = {isa = PBXBuildFile; fileRef = 48263EE41A709FCD00CF136E /* SDWebImageManager.m */; };
		48263F201A709FCD00CF136E /* SDWebImagePrefetcher.m in Sources */ = {isa = PBXBuildFile; fileRef = 48263EE71A709FCD00CF136E /* SDWebImagePrefetcher.m */; };
		48263F211A709FCD00CF136E /* UIButton+WebCache.m in Sources */ = {isa = PBXBuildFile; fileRef = 48263EE91A709FCD00CF136E /* UIButton+WebCache.m */; };
		48263F221A709FCD00CF136E /* UIImage+GIF.m in Sources */ = {isa = PBXBuildFile; fileRef = 48263EEB1A709FCD00CF136E /* UIImage+GIF.m */; };
		48263F231A709FCD00CF136E /* UIImage+MultiFormat.m in Sources */ = {isa = PBXBuildFile; fileRef = 48263EED1A709FCD00CF136E /* UIImage+MultiFormat.m */; };
		48263F241A709FCD00CF136E /* UIImage+WebP.m in Sources */ = {isa = PBXBuildFile; fileRef = 48263EEF1A709FCD00CF136E /* UIImage+WebP.m */; };
		48263F251A709FCD00CF136E /* UIImageView+HighlightedWebCache.m in Sources */ = {isa = PBXBuildFile; fileRef = 48263EF11A709FCD00CF136E /* UIImageView+HighlightedWebCache.m */; };
		48263F261A709FCD00CF136E /* UIImageView+WebCache.m in Sources */ = {isa = PBXBuildFile; fileRef = 48263EF31A709FCD00CF136E /* UIImageView+WebCache.m */; };
		48263F271A709FCD00CF136E /* UIView+WebCacheOperation.m in Sources */ = {isa = PBXBuildFile; fileRef = 48263EF51A709FCD00CF136E /* UIView+WebCacheOperation.m */; };
		48263F281A709FCD00CF136E /* UIView+ZLAutoLayout.m in Sources */ = {isa = PBXBuildFile; fileRef = 48263EF81A709FCD00CF136E /* UIView+ZLAutoLayout.m */; };
		48263F291A709FCD00CF136E /* AssetsPickerChecked.png in Resources */ = {isa = PBXBuildFile; fileRef = 48263EFB1A709FCD00CF136E /* AssetsPickerChecked.png */; };
		48263F2A1A709FCD00CF136E /* AssetsPickerChecked@2x.png in Resources */ = {isa = PBXBuildFile; fileRef = 48263EFC1A709FCD00CF136E /* AssetsPickerChecked@2x.png */; };
		48263F2B1A709FCD00CF136E /* AssetsPickerChecked@3x.png in Resources */ = {isa = PBXBuildFile; fileRef = 48263EFD1A709FCD00CF136E /* AssetsPickerChecked@3x.png */; };
		48263F2E1A709FCD00CF136E /* paizhao.png in Resources */ = {isa = PBXBuildFile; fileRef = 48263F011A709FCD00CF136E /* paizhao.png */; };
		48263F2F1A709FCD00CF136E /* paizhao@2x.png in Resources */ = {isa = PBXBuildFile; fileRef = 48263F021A709FCD00CF136E /* paizhao@2x.png */; };
		48263F311A709FCD00CF136E /* shanguangdeng.png in Resources */ = {isa = PBXBuildFile; fileRef = 48263F051A709FCD00CF136E /* shanguangdeng.png */; };
		48263F321A709FCD00CF136E /* shanguangdeng@2x.png in Resources */ = {isa = PBXBuildFile; fileRef = 48263F061A709FCD00CF136E /* shanguangdeng@2x.png */; };
		48263F341A709FCD00CF136E /* shanguangdeng2.png in Resources */ = {isa = PBXBuildFile; fileRef = 48263F091A709FCD00CF136E /* shanguangdeng2.png */; };
		48263F351A709FCD00CF136E /* shanguangdeng2@2x.png in Resources */ = {isa = PBXBuildFile; fileRef = 48263F0A1A709FCD00CF136E /* shanguangdeng2@2x.png */; };
		48263F371A709FCD00CF136E /* xiang.png in Resources */ = {isa = PBXBuildFile; fileRef = 48263F0D1A709FCD00CF136E /* xiang.png */; };
		48263F381A709FCD00CF136E /* xiang@2x.png in Resources */ = {isa = PBXBuildFile; fileRef = 48263F0E1A709FCD00CF136E /* xiang@2x.png */; };
		48263F391A709FCD00CF136E /* ZLAnimationBaseView.m in Sources */ = {isa = PBXBuildFile; fileRef = 48263F111A709FCD00CF136E /* ZLAnimationBaseView.m */; };
		48263F3A1A709FCD00CF136E /* ZLAnimationImageView.m in Sources */ = {isa = PBXBuildFile; fileRef = 48263F131A709FCD00CF136E /* ZLAnimationImageView.m */; };
		48263F3B1A709FCD00CF136E /* ZLAnimationScrollView.m in Sources */ = {isa = PBXBuildFile; fileRef = 48263F151A709FCD00CF136E /* ZLAnimationScrollView.m */; };
		48263F431A709FED00CF136E /* ZLCameraImageView.m in Sources */ = {isa = PBXBuildFile; fileRef = 48263F3E1A709FED00CF136E /* ZLCameraImageView.m */; };
		48263F441A709FED00CF136E /* ZLCameraView.m in Sources */ = {isa = PBXBuildFile; fileRef = 48263F401A709FED00CF136E /* ZLCameraView.m */; };
		48263F451A709FED00CF136E /* ZLCameraViewController.m in Sources */ = {isa = PBXBuildFile; fileRef = 48263F421A709FED00CF136E /* ZLCameraViewController.m */; };
		48B3E1761A11BABC0079F464 /* main.m in Sources */ = {isa = PBXBuildFile; fileRef = 48B3E1751A11BABC0079F464 /* main.m */; };
		48B3E1791A11BABC0079F464 /* AppDelegate.m in Sources */ = {isa = PBXBuildFile; fileRef = 48B3E1781A11BABC0079F464 /* AppDelegate.m */; };
		48B3E17C1A11BABC0079F464 /* ViewController.m in Sources */ = {isa = PBXBuildFile; fileRef = 48B3E17B1A11BABC0079F464 /* ViewController.m */; };
		48B3E1811A11BABC0079F464 /* Images.xcassets in Resources */ = {isa = PBXBuildFile; fileRef = 48B3E1801A11BABC0079F464 /* Images.xcassets */; };
		48B3E1841A11BABC0079F464 /* LaunchScreen.xib in Resources */ = {isa = PBXBuildFile; fileRef = 48B3E1821A11BABC0079F464 /* LaunchScreen.xib */; };
		48B3E1901A11BABC0079F464 /* __DemoTests.m in Sources */ = {isa = PBXBuildFile; fileRef = 48B3E18F1A11BABC0079F464 /* __DemoTests.m */; };
		48ED22091A6D098C0008E783 /* Example1ViewController.m in Sources */ = {isa = PBXBuildFile; fileRef = 48ED22081A6D098C0008E783 /* Example1ViewController.m */; };
		48ED220C1A6D0E370008E783 /* Example2ViewController.m in Sources */ = {isa = PBXBuildFile; fileRef = 48ED220B1A6D0E370008E783 /* Example2ViewController.m */; };
		48ED22131A6D108C0008E783 /* Example2CollectionViewCell.m in Sources */ = {isa = PBXBuildFile; fileRef = 48ED22121A6D108C0008E783 /* Example2CollectionViewCell.m */; };
		48ED22151A6D10960008E783 /* Example2CollectionViewCell.xib in Resources */ = {isa = PBXBuildFile; fileRef = 48ED22141A6D10960008E783 /* Example2CollectionViewCell.xib */; };
/* End PBXBuildFile section */

/* Begin PBXContainerItemProxy section */
		48B3E18A1A11BABC0079F464 /* PBXContainerItemProxy */ = {
			isa = PBXContainerItemProxy;
			containerPortal = 48B3E1681A11BABC0079F464 /* Project object */;
			proxyType = 1;
			remoteGlobalIDString = 48B3E16F1A11BABC0079F464;
			remoteInfo = "相册Demo";
		};
/* End PBXContainerItemProxy section */

/* Begin PBXFileReference section */
		48263E931A709F7000CF136E /* ZLPhotoPickerBrowserPhoto.h */ = {isa = PBXFileReference; fileEncoding = 4; lastKnownFileType = sourcecode.c.h; path = ZLPhotoPickerBrowserPhoto.h; sourceTree = "<group>"; };
		48263E941A709F7000CF136E /* ZLPhotoPickerBrowserPhoto.m */ = {isa = PBXFileReference; fileEncoding = 4; lastKnownFileType = sourcecode.c.objc; path = ZLPhotoPickerBrowserPhoto.m; sourceTree = "<group>"; };
		48263E961A709F7000CF136E /* ZLPhotoPickerBrowserViewController.h */ = {isa = PBXFileReference; fileEncoding = 4; lastKnownFileType = sourcecode.c.h; path = ZLPhotoPickerBrowserViewController.h; sourceTree = "<group>"; };
		48263E971A709F7000CF136E /* ZLPhotoPickerBrowserViewController.m */ = {isa = PBXFileReference; fileEncoding = 4; lastKnownFileType = sourcecode.c.objc; path = ZLPhotoPickerBrowserViewController.m; sourceTree = "<group>"; };
		48263E991A709F7000CF136E /* ZLPhotoPickerBrowserPhotoImageView.h */ = {isa = PBXFileReference; fileEncoding = 4; lastKnownFileType = sourcecode.c.h; path = ZLPhotoPickerBrowserPhotoImageView.h; sourceTree = "<group>"; };
		48263E9A1A709F7000CF136E /* ZLPhotoPickerBrowserPhotoImageView.m */ = {isa = PBXFileReference; fileEncoding = 4; lastKnownFileType = sourcecode.c.objc; path = ZLPhotoPickerBrowserPhotoImageView.m; sourceTree = "<group>"; };
		48263E9B1A709F7000CF136E /* ZLPhotoPickerBrowserPhotoScrollView.h */ = {isa = PBXFileReference; fileEncoding = 4; lastKnownFileType = sourcecode.c.h; path = ZLPhotoPickerBrowserPhotoScrollView.h; sourceTree = "<group>"; };
		48263E9C1A709F7000CF136E /* ZLPhotoPickerBrowserPhotoScrollView.m */ = {isa = PBXFileReference; fileEncoding = 4; lastKnownFileType = sourcecode.c.objc; path = ZLPhotoPickerBrowserPhotoScrollView.m; sourceTree = "<group>"; };
		48263E9F1A709F7000CF136E /* ZLPhotoAssets.h */ = {isa = PBXFileReference; fileEncoding = 4; lastKnownFileType = sourcecode.c.h; path = ZLPhotoAssets.h; sourceTree = "<group>"; };
		48263EA01A709F7000CF136E /* ZLPhotoAssets.m */ = {isa = PBXFileReference; fileEncoding = 4; lastKnownFileType = sourcecode.c.objc; path = ZLPhotoAssets.m; sourceTree = "<group>"; };
		48263EA11A709F7000CF136E /* ZLPhotoPickerDatas.h */ = {isa = PBXFileReference; fileEncoding = 4; lastKnownFileType = sourcecode.c.h; path = ZLPhotoPickerDatas.h; sourceTree = "<group>"; };
		48263EA21A709F7000CF136E /* ZLPhotoPickerDatas.m */ = {isa = PBXFileReference; fileEncoding = 4; lastKnownFileType = sourcecode.c.objc; path = ZLPhotoPickerDatas.m; sourceTree = "<group>"; };
		48263EA31A709F7000CF136E /* ZLPhotoPickerGroup.h */ = {isa = PBXFileReference; fileEncoding = 4; lastKnownFileType = sourcecode.c.h; path = ZLPhotoPickerGroup.h; sourceTree = "<group>"; };
		48263EA41A709F7000CF136E /* ZLPhotoPickerGroup.m */ = {isa = PBXFileReference; fileEncoding = 4; lastKnownFileType = sourcecode.c.objc; path = ZLPhotoPickerGroup.m; sourceTree = "<group>"; };
		48263EA61A709F7000CF136E /* ZLNavigationController.h */ = {isa = PBXFileReference; fileEncoding = 4; lastKnownFileType = sourcecode.c.h; path = ZLNavigationController.h; sourceTree = "<group>"; };
		48263EA71A709F7000CF136E /* ZLNavigationController.m */ = {isa = PBXFileReference; fileEncoding = 4; lastKnownFileType = sourcecode.c.objc; path = ZLNavigationController.m; sourceTree = "<group>"; };
		48263EA81A709F7000CF136E /* ZLPhotoPickerAssetsViewController.h */ = {isa = PBXFileReference; fileEncoding = 4; lastKnownFileType = sourcecode.c.h; path = ZLPhotoPickerAssetsViewController.h; sourceTree = "<group>"; };
		48263EA91A709F7000CF136E /* ZLPhotoPickerAssetsViewController.m */ = {isa = PBXFileReference; fileEncoding = 4; lastKnownFileType = sourcecode.c.objc; path = ZLPhotoPickerAssetsViewController.m; sourceTree = "<group>"; };
		48263EAA1A709F7000CF136E /* ZLPhotoPickerGroupViewController.h */ = {isa = PBXFileReference; fileEncoding = 4; lastKnownFileType = sourcecode.c.h; path = ZLPhotoPickerGroupViewController.h; sourceTree = "<group>"; };
		48263EAB1A709F7000CF136E /* ZLPhotoPickerGroupViewController.m */ = {isa = PBXFileReference; fileEncoding = 4; lastKnownFileType = sourcecode.c.objc; path = ZLPhotoPickerGroupViewController.m; sourceTree = "<group>"; };
		48263EAC1A709F7000CF136E /* ZLPhotoPickerViewController.h */ = {isa = PBXFileReference; fileEncoding = 4; lastKnownFileType = sourcecode.c.h; path = ZLPhotoPickerViewController.h; sourceTree = "<group>"; };
		48263EAD1A709F7000CF136E /* ZLPhotoPickerViewController.m */ = {isa = PBXFileReference; fileEncoding = 4; lastKnownFileType = sourcecode.c.objc; path = ZLPhotoPickerViewController.m; sourceTree = "<group>"; };
		48263EAF1A709F7000CF136E /* ZLPhotoPickerCollectionView.h */ = {isa = PBXFileReference; fileEncoding = 4; lastKnownFileType = sourcecode.c.h; path = ZLPhotoPickerCollectionView.h; sourceTree = "<group>"; };
		48263EB01A709F7000CF136E /* ZLPhotoPickerCollectionView.m */ = {isa = PBXFileReference; fileEncoding = 4; lastKnownFileType = sourcecode.c.objc; path = ZLPhotoPickerCollectionView.m; sourceTree = "<group>"; };
		48263EB11A709F7000CF136E /* ZLPhotoPickerCollectionViewCell.h */ = {isa = PBXFileReference; fileEncoding = 4; lastKnownFileType = sourcecode.c.h; path = ZLPhotoPickerCollectionViewCell.h; sourceTree = "<group>"; };
		48263EB21A709F7000CF136E /* ZLPhotoPickerCollectionViewCell.m */ = {isa = PBXFileReference; fileEncoding = 4; lastKnownFileType = sourcecode.c.objc; path = ZLPhotoPickerCollectionViewCell.m; sourceTree = "<group>"; };
		48263EB31A709F7000CF136E /* ZLPhotoPickerFooterCollectionReusableView.h */ = {isa = PBXFileReference; fileEncoding = 4; lastKnownFileType = sourcecode.c.h; path = ZLPhotoPickerFooterCollectionReusableView.h; sourceTree = "<group>"; };
		48263EB41A709F7000CF136E /* ZLPhotoPickerFooterCollectionReusableView.m */ = {isa = PBXFileReference; fileEncoding = 4; lastKnownFileType = sourcecode.c.objc; path = ZLPhotoPickerFooterCollectionReusableView.m; sourceTree = "<group>"; };
		48263EB51A709F7000CF136E /* ZLPhotoPickerGroupTableViewCell.h */ = {isa = PBXFileReference; fileEncoding = 4; lastKnownFileType = sourcecode.c.h; path = ZLPhotoPickerGroupTableViewCell.h; sourceTree = "<group>"; };
		48263EB61A709F7000CF136E /* ZLPhotoPickerGroupTableViewCell.m */ = {isa = PBXFileReference; fileEncoding = 4; lastKnownFileType = sourcecode.c.objc; path = ZLPhotoPickerGroupTableViewCell.m; sourceTree = "<group>"; };
		48263EB71A709F7000CF136E /* ZLPhotoPickerGroupTableViewCell.xib */ = {isa = PBXFileReference; fileEncoding = 4; lastKnownFileType = file.xib; path = ZLPhotoPickerGroupTableViewCell.xib; sourceTree = "<group>"; };
		48263EB81A709F7000CF136E /* ZLPhotoPickerImageView.h */ = {isa = PBXFileReference; fileEncoding = 4; lastKnownFileType = sourcecode.c.h; path = ZLPhotoPickerImageView.h; sourceTree = "<group>"; };
		48263EB91A709F7000CF136E /* ZLPhotoPickerImageView.m */ = {isa = PBXFileReference; fileEncoding = 4; lastKnownFileType = sourcecode.c.objc; path = ZLPhotoPickerImageView.m; sourceTree = "<group>"; };
		48263ECB1A709FAB00CF136E /* ZLPhoto.h */ = {isa = PBXFileReference; fileEncoding = 4; lastKnownFileType = sourcecode.c.h; path = ZLPhoto.h; sourceTree = "<group>"; };
		48263ECC1A709FAB00CF136E /* ZLPhotoPickerCommon.h */ = {isa = PBXFileReference; fileEncoding = 4; lastKnownFileType = sourcecode.c.h; path = ZLPhotoPickerCommon.h; sourceTree = "<group>"; };
		48263ECF1A709FCD00CF136E /* UIView+Extension.h */ = {isa = PBXFileReference; fileEncoding = 4; lastKnownFileType = sourcecode.c.h; path = "UIView+Extension.h"; sourceTree = "<group>"; };
		48263ED01A709FCD00CF136E /* UIView+Extension.m */ = {isa = PBXFileReference; fileEncoding = 4; lastKnownFileType = sourcecode.c.objc; path = "UIView+Extension.m"; sourceTree = "<group>"; };
		48263ED21A709FCD00CF136E /* DACircularProgressView.h */ = {isa = PBXFileReference; fileEncoding = 4; lastKnownFileType = sourcecode.c.h; path = DACircularProgressView.h; sourceTree = "<group>"; };
		48263ED31A709FCD00CF136E /* DACircularProgressView.m */ = {isa = PBXFileReference; fileEncoding = 4; lastKnownFileType = sourcecode.c.objc; path = DACircularProgressView.m; sourceTree = "<group>"; };
		48263ED51A709FCD00CF136E /* MKAnnotationView+WebCache.h */ = {isa = PBXFileReference; fileEncoding = 4; lastKnownFileType = sourcecode.c.h; path = "MKAnnotationView+WebCache.h"; sourceTree = "<group>"; };
		48263ED61A709FCD00CF136E /* MKAnnotationView+WebCache.m */ = {isa = PBXFileReference; fileEncoding = 4; lastKnownFileType = sourcecode.c.objc; path = "MKAnnotationView+WebCache.m"; sourceTree = "<group>"; };
		48263ED71A709FCD00CF136E /* NSData+ImageContentType.h */ = {isa = PBXFileReference; fileEncoding = 4; lastKnownFileType = sourcecode.c.h; path = "NSData+ImageContentType.h"; sourceTree = "<group>"; };
		48263ED81A709FCD00CF136E /* NSData+ImageContentType.m */ = {isa = PBXFileReference; fileEncoding = 4; lastKnownFileType = sourcecode.c.objc; path = "NSData+ImageContentType.m"; sourceTree = "<group>"; };
		48263ED91A709FCD00CF136E /* SDImageCache.h */ = {isa = PBXFileReference; fileEncoding = 4; lastKnownFileType = sourcecode.c.h; path = SDImageCache.h; sourceTree = "<group>"; };
		48263EDA1A709FCD00CF136E /* SDImageCache.m */ = {isa = PBXFileReference; fileEncoding = 4; lastKnownFileType = sourcecode.c.objc; path = SDImageCache.m; sourceTree = "<group>"; };
		48263EDB1A709FCD00CF136E /* SDWebImageCompat.h */ = {isa = PBXFileReference; fileEncoding = 4; lastKnownFileType = sourcecode.c.h; path = SDWebImageCompat.h; sourceTree = "<group>"; };
		48263EDC1A709FCD00CF136E /* SDWebImageCompat.m */ = {isa = PBXFileReference; fileEncoding = 4; lastKnownFileType = sourcecode.c.objc; path = SDWebImageCompat.m; sourceTree = "<group>"; };
		48263EDD1A709FCD00CF136E /* SDWebImageDecoder.h */ = {isa = PBXFileReference; fileEncoding = 4; lastKnownFileType = sourcecode.c.h; path = SDWebImageDecoder.h; sourceTree = "<group>"; };
		48263EDE1A709FCD00CF136E /* SDWebImageDecoder.m */ = {isa = PBXFileReference; fileEncoding = 4; lastKnownFileType = sourcecode.c.objc; path = SDWebImageDecoder.m; sourceTree = "<group>"; };
		48263EDF1A709FCD00CF136E /* SDWebImageDownloader.h */ = {isa = PBXFileReference; fileEncoding = 4; lastKnownFileType = sourcecode.c.h; path = SDWebImageDownloader.h; sourceTree = "<group>"; };
		48263EE01A709FCD00CF136E /* SDWebImageDownloader.m */ = {isa = PBXFileReference; fileEncoding = 4; lastKnownFileType = sourcecode.c.objc; path = SDWebImageDownloader.m; sourceTree = "<group>"; };
		48263EE11A709FCD00CF136E /* SDWebImageDownloaderOperation.h */ = {isa = PBXFileReference; fileEncoding = 4; lastKnownFileType = sourcecode.c.h; path = SDWebImageDownloaderOperation.h; sourceTree = "<group>"; };
		48263EE21A709FCD00CF136E /* SDWebImageDownloaderOperation.m */ = {isa = PBXFileReference; fileEncoding = 4; lastKnownFileType = sourcecode.c.objc; path = SDWebImageDownloaderOperation.m; sourceTree = "<group>"; };
		48263EE31A709FCD00CF136E /* SDWebImageManager.h */ = {isa = PBXFileReference; fileEncoding = 4; lastKnownFileType = sourcecode.c.h; path = SDWebImageManager.h; sourceTree = "<group>"; };
		48263EE41A709FCD00CF136E /* SDWebImageManager.m */ = {isa = PBXFileReference; fileEncoding = 4; lastKnownFileType = sourcecode.c.objc; path = SDWebImageManager.m; sourceTree = "<group>"; };
		48263EE51A709FCD00CF136E /* SDWebImageOperation.h */ = {isa = PBXFileReference; fileEncoding = 4; lastKnownFileType = sourcecode.c.h; path = SDWebImageOperation.h; sourceTree = "<group>"; };
		48263EE61A709FCD00CF136E /* SDWebImagePrefetcher.h */ = {isa = PBXFileReference; fileEncoding = 4; lastKnownFileType = sourcecode.c.h; path = SDWebImagePrefetcher.h; sourceTree = "<group>"; };
		48263EE71A709FCD00CF136E /* SDWebImagePrefetcher.m */ = {isa = PBXFileReference; fileEncoding = 4; lastKnownFileType = sourcecode.c.objc; path = SDWebImagePrefetcher.m; sourceTree = "<group>"; };
		48263EE81A709FCD00CF136E /* UIButton+WebCache.h */ = {isa = PBXFileReference; fileEncoding = 4; lastKnownFileType = sourcecode.c.h; path = "UIButton+WebCache.h"; sourceTree = "<group>"; };
		48263EE91A709FCD00CF136E /* UIButton+WebCache.m */ = {isa = PBXFileReference; fileEncoding = 4; lastKnownFileType = sourcecode.c.objc; path = "UIButton+WebCache.m"; sourceTree = "<group>"; };
		48263EEA1A709FCD00CF136E /* UIImage+GIF.h */ = {isa = PBXFileReference; fileEncoding = 4; lastKnownFileType = sourcecode.c.h; path = "UIImage+GIF.h"; sourceTree = "<group>"; };
		48263EEB1A709FCD00CF136E /* UIImage+GIF.m */ = {isa = PBXFileReference; fileEncoding = 4; lastKnownFileType = sourcecode.c.objc; path = "UIImage+GIF.m"; sourceTree = "<group>"; };
		48263EEC1A709FCD00CF136E /* UIImage+MultiFormat.h */ = {isa = PBXFileReference; fileEncoding = 4; lastKnownFileType = sourcecode.c.h; path = "UIImage+MultiFormat.h"; sourceTree = "<group>"; };
		48263EED1A709FCD00CF136E /* UIImage+MultiFormat.m */ = {isa = PBXFileReference; fileEncoding = 4; lastKnownFileType = sourcecode.c.objc; path = "UIImage+MultiFormat.m"; sourceTree = "<group>"; };
		48263EEE1A709FCD00CF136E /* UIImage+WebP.h */ = {isa = PBXFileReference; fileEncoding = 4; lastKnownFileType = sourcecode.c.h; path = "UIImage+WebP.h"; sourceTree = "<group>"; };
		48263EEF1A709FCD00CF136E /* UIImage+WebP.m */ = {isa = PBXFileReference; fileEncoding = 4; lastKnownFileType = sourcecode.c.objc; path = "UIImage+WebP.m"; sourceTree = "<group>"; };
		48263EF01A709FCD00CF136E /* UIImageView+HighlightedWebCache.h */ = {isa = PBXFileReference; fileEncoding = 4; lastKnownFileType = sourcecode.c.h; path = "UIImageView+HighlightedWebCache.h"; sourceTree = "<group>"; };
		48263EF11A709FCD00CF136E /* UIImageView+HighlightedWebCache.m */ = {isa = PBXFileReference; fileEncoding = 4; lastKnownFileType = sourcecode.c.objc; path = "UIImageView+HighlightedWebCache.m"; sourceTree = "<group>"; };
		48263EF21A709FCD00CF136E /* UIImageView+WebCache.h */ = {isa = PBXFileReference; fileEncoding = 4; lastKnownFileType = sourcecode.c.h; path = "UIImageView+WebCache.h"; sourceTree = "<group>"; };
		48263EF31A709FCD00CF136E /* UIImageView+WebCache.m */ = {isa = PBXFileReference; fileEncoding = 4; lastKnownFileType = sourcecode.c.objc; path = "UIImageView+WebCache.m"; sourceTree = "<group>"; };
		48263EF41A709FCD00CF136E /* UIView+WebCacheOperation.h */ = {isa = PBXFileReference; fileEncoding = 4; lastKnownFileType = sourcecode.c.h; path = "UIView+WebCacheOperation.h"; sourceTree = "<group>"; };
		48263EF51A709FCD00CF136E /* UIView+WebCacheOperation.m */ = {isa = PBXFileReference; fileEncoding = 4; lastKnownFileType = sourcecode.c.objc; path = "UIView+WebCacheOperation.m"; sourceTree = "<group>"; };
		48263EF71A709FCD00CF136E /* UIView+ZLAutoLayout.h */ = {isa = PBXFileReference; fileEncoding = 4; lastKnownFileType = sourcecode.c.h; path = "UIView+ZLAutoLayout.h"; sourceTree = "<group>"; };
		48263EF81A709FCD00CF136E /* UIView+ZLAutoLayout.m */ = {isa = PBXFileReference; fileEncoding = 4; lastKnownFileType = sourcecode.c.objc; path = "UIView+ZLAutoLayout.m"; sourceTree = "<group>"; };
		48263EFB1A709FCD00CF136E /* AssetsPickerChecked.png */ = {isa = PBXFileReference; lastKnownFileType = image.png; path = AssetsPickerChecked.png; sourceTree = "<group>"; };
		48263EFC1A709FCD00CF136E /* AssetsPickerChecked@2x.png */ = {isa = PBXFileReference; lastKnownFileType = image.png; path = "AssetsPickerChecked@2x.png"; sourceTree = "<group>"; };
		48263EFD1A709FCD00CF136E /* AssetsPickerChecked@3x.png */ = {isa = PBXFileReference; lastKnownFileType = image.png; path = "AssetsPickerChecked@3x.png"; sourceTree = "<group>"; };
		48263F011A709FCD00CF136E /* paizhao.png */ = {isa = PBXFileReference; lastKnownFileType = image.png; path = paizhao.png; sourceTree = "<group>"; };
		48263F021A709FCD00CF136E /* paizhao@2x.png */ = {isa = PBXFileReference; lastKnownFileType = image.png; path = "paizhao@2x.png"; sourceTree = "<group>"; };
		48263F051A709FCD00CF136E /* shanguangdeng.png */ = {isa = PBXFileReference; lastKnownFileType = image.png; path = shanguangdeng.png; sourceTree = "<group>"; };
		48263F061A709FCD00CF136E /* shanguangdeng@2x.png */ = {isa = PBXFileReference; lastKnownFileType = image.png; path = "shanguangdeng@2x.png"; sourceTree = "<group>"; };
		48263F091A709FCD00CF136E /* shanguangdeng2.png */ = {isa = PBXFileReference; lastKnownFileType = image.png; path = shanguangdeng2.png; sourceTree = "<group>"; };
		48263F0A1A709FCD00CF136E /* shanguangdeng2@2x.png */ = {isa = PBXFileReference; lastKnownFileType = image.png; path = "shanguangdeng2@2x.png"; sourceTree = "<group>"; };
		48263F0D1A709FCD00CF136E /* xiang.png */ = {isa = PBXFileReference; lastKnownFileType = image.png; path = xiang.png; sourceTree = "<group>"; };
		48263F0E1A709FCD00CF136E /* xiang@2x.png */ = {isa = PBXFileReference; lastKnownFileType = image.png; path = "xiang@2x.png"; sourceTree = "<group>"; };
		48263F101A709FCD00CF136E /* ZLAnimationBaseView.h */ = {isa = PBXFileReference; fileEncoding = 4; lastKnownFileType = sourcecode.c.h; path = ZLAnimationBaseView.h; sourceTree = "<group>"; };
		48263F111A709FCD00CF136E /* ZLAnimationBaseView.m */ = {isa = PBXFileReference; fileEncoding = 4; lastKnownFileType = sourcecode.c.objc; path = ZLAnimationBaseView.m; sourceTree = "<group>"; };
		48263F121A709FCD00CF136E /* ZLAnimationImageView.h */ = {isa = PBXFileReference; fileEncoding = 4; lastKnownFileType = sourcecode.c.h; path = ZLAnimationImageView.h; sourceTree = "<group>"; };
		48263F131A709FCD00CF136E /* ZLAnimationImageView.m */ = {isa = PBXFileReference; fileEncoding = 4; lastKnownFileType = sourcecode.c.objc; path = ZLAnimationImageView.m; sourceTree = "<group>"; };
		48263F141A709FCD00CF136E /* ZLAnimationScrollView.h */ = {isa = PBXFileReference; fileEncoding = 4; lastKnownFileType = sourcecode.c.h; path = ZLAnimationScrollView.h; sourceTree = "<group>"; };
		48263F151A709FCD00CF136E /* ZLAnimationScrollView.m */ = {isa = PBXFileReference; fileEncoding = 4; lastKnownFileType = sourcecode.c.objc; path = ZLAnimationScrollView.m; sourceTree = "<group>"; };
		48263F3D1A709FED00CF136E /* ZLCameraImageView.h */ = {isa = PBXFileReference; fileEncoding = 4; lastKnownFileType = sourcecode.c.h; path = ZLCameraImageView.h; sourceTree = "<group>"; };
		48263F3E1A709FED00CF136E /* ZLCameraImageView.m */ = {isa = PBXFileReference; fileEncoding = 4; lastKnownFileType = sourcecode.c.objc; path = ZLCameraImageView.m; sourceTree = "<group>"; };
		48263F3F1A709FED00CF136E /* ZLCameraView.h */ = {isa = PBXFileReference; fileEncoding = 4; lastKnownFileType = sourcecode.c.h; path = ZLCameraView.h; sourceTree = "<group>"; };
		48263F401A709FED00CF136E /* ZLCameraView.m */ = {isa = PBXFileReference; fileEncoding = 4; lastKnownFileType = sourcecode.c.objc; path = ZLCameraView.m; sourceTree = "<group>"; };
		48263F411A709FED00CF136E /* ZLCameraViewController.h */ = {isa = PBXFileReference; fileEncoding = 4; lastKnownFileType = sourcecode.c.h; path = ZLCameraViewController.h; sourceTree = "<group>"; };
		48263F421A709FED00CF136E /* ZLCameraViewController.m */ = {isa = PBXFileReference; fileEncoding = 4; lastKnownFileType = sourcecode.c.objc; path = ZLCameraViewController.m; sourceTree = "<group>"; };
		48B3E1701A11BABC0079F464 /* 相册Demo.app */ = {isa = PBXFileReference; explicitFileType = wrapper.application; includeInIndex = 0; path = "相册Demo.app"; sourceTree = BUILT_PRODUCTS_DIR; };
		48B3E1741A11BABC0079F464 /* Info.plist */ = {isa = PBXFileReference; lastKnownFileType = text.plist.xml; path = Info.plist; sourceTree = "<group>"; };
		48B3E1751A11BABC0079F464 /* main.m */ = {isa = PBXFileReference; lastKnownFileType = sourcecode.c.objc; path = main.m; sourceTree = "<group>"; };
		48B3E1771A11BABC0079F464 /* AppDelegate.h */ = {isa = PBXFileReference; lastKnownFileType = sourcecode.c.h; path = AppDelegate.h; sourceTree = "<group>"; };
		48B3E1781A11BABC0079F464 /* AppDelegate.m */ = {isa = PBXFileReference; lastKnownFileType = sourcecode.c.objc; path = AppDelegate.m; sourceTree = "<group>"; };
		48B3E17A1A11BABC0079F464 /* ViewController.h */ = {isa = PBXFileReference; lastKnownFileType = sourcecode.c.h; path = ViewController.h; sourceTree = "<group>"; };
		48B3E17B1A11BABC0079F464 /* ViewController.m */ = {isa = PBXFileReference; lastKnownFileType = sourcecode.c.objc; path = ViewController.m; sourceTree = "<group>"; };
		48B3E1801A11BABC0079F464 /* Images.xcassets */ = {isa = PBXFileReference; lastKnownFileType = folder.assetcatalog; path = Images.xcassets; sourceTree = "<group>"; };
		48B3E1831A11BABC0079F464 /* Base */ = {isa = PBXFileReference; lastKnownFileType = file.xib; name = Base; path = Base.lproj/LaunchScreen.xib; sourceTree = "<group>"; };
		48B3E1891A11BABC0079F464 /* 相册DemoTests.xctest */ = {isa = PBXFileReference; explicitFileType = wrapper.cfbundle; includeInIndex = 0; path = "相册DemoTests.xctest"; sourceTree = BUILT_PRODUCTS_DIR; };
		48B3E18E1A11BABC0079F464 /* Info.plist */ = {isa = PBXFileReference; lastKnownFileType = text.plist.xml; path = Info.plist; sourceTree = "<group>"; };
		48B3E18F1A11BABC0079F464 /* __DemoTests.m */ = {isa = PBXFileReference; lastKnownFileType = sourcecode.c.objc; path = __DemoTests.m; sourceTree = "<group>"; };
		48ED22071A6D098C0008E783 /* Example1ViewController.h */ = {isa = PBXFileReference; fileEncoding = 4; lastKnownFileType = sourcecode.c.h; path = Example1ViewController.h; sourceTree = "<group>"; };
		48ED22081A6D098C0008E783 /* Example1ViewController.m */ = {isa = PBXFileReference; fileEncoding = 4; lastKnownFileType = sourcecode.c.objc; path = Example1ViewController.m; sourceTree = "<group>"; };
		48ED220A1A6D0E370008E783 /* Example2ViewController.h */ = {isa = PBXFileReference; fileEncoding = 4; lastKnownFileType = sourcecode.c.h; path = Example2ViewController.h; sourceTree = "<group>"; };
		48ED220B1A6D0E370008E783 /* Example2ViewController.m */ = {isa = PBXFileReference; fileEncoding = 4; lastKnownFileType = sourcecode.c.objc; path = Example2ViewController.m; sourceTree = "<group>"; };
		48ED22111A6D108C0008E783 /* Example2CollectionViewCell.h */ = {isa = PBXFileReference; fileEncoding = 4; lastKnownFileType = sourcecode.c.h; path = Example2CollectionViewCell.h; sourceTree = "<group>"; };
		48ED22121A6D108C0008E783 /* Example2CollectionViewCell.m */ = {isa = PBXFileReference; fileEncoding = 4; lastKnownFileType = sourcecode.c.objc; path = Example2CollectionViewCell.m; sourceTree = "<group>"; };
		48ED22141A6D10960008E783 /* Example2CollectionViewCell.xib */ = {isa = PBXFileReference; fileEncoding = 4; lastKnownFileType = file.xib; path = Example2CollectionViewCell.xib; sourceTree = "<group>"; };
/* End PBXFileReference section */

/* Begin PBXFrameworksBuildPhase section */
		48B3E16D1A11BABC0079F464 /* Frameworks */ = {
			isa = PBXFrameworksBuildPhase;
			buildActionMask = 2147483647;
			files = (
			);
			runOnlyForDeploymentPostprocessing = 0;
		};
		48B3E1861A11BABC0079F464 /* Frameworks */ = {
			isa = PBXFrameworksBuildPhase;
			buildActionMask = 2147483647;
			files = (
			);
			runOnlyForDeploymentPostprocessing = 0;
		};
/* End PBXFrameworksBuildPhase section */

/* Begin PBXGroup section */
		48263E8C1A709F7000CF136E /* ZLPhotoLib */ = {
			isa = PBXGroup;
			children = (
				48263F3C1A709FED00CF136E /* ZLCamera */,
				48263ECD1A709FCD00CF136E /* Utils */,
				48263ECB1A709FAB00CF136E /* ZLPhoto.h */,
				48263ECC1A709FAB00CF136E /* ZLPhotoPickerCommon.h */,
				48263E911A709F7000CF136E /* ZLPhotoBrowser */,
				48263E9D1A709F7000CF136E /* ZLPhotoPicker */,
			);
			path = ZLPhotoLib;
			sourceTree = "<group>";
		};
		48263E911A709F7000CF136E /* ZLPhotoBrowser */ = {
			isa = PBXGroup;
			children = (
				48263E921A709F7000CF136E /* Models */,
				48263E951A709F7000CF136E /* ViewControllers */,
				48263E981A709F7000CF136E /* Views */,
			);
			path = ZLPhotoBrowser;
			sourceTree = "<group>";
		};
		48263E921A709F7000CF136E /* Models */ = {
			isa = PBXGroup;
			children = (
				48263E931A709F7000CF136E /* ZLPhotoPickerBrowserPhoto.h */,
				48263E941A709F7000CF136E /* ZLPhotoPickerBrowserPhoto.m */,
			);
			path = Models;
			sourceTree = "<group>";
		};
		48263E951A709F7000CF136E /* ViewControllers */ = {
			isa = PBXGroup;
			children = (
				48263E961A709F7000CF136E /* ZLPhotoPickerBrowserViewController.h */,
				48263E971A709F7000CF136E /* ZLPhotoPickerBrowserViewController.m */,
			);
			path = ViewControllers;
			sourceTree = "<group>";
		};
		48263E981A709F7000CF136E /* Views */ = {
			isa = PBXGroup;
			children = (
				48263E991A709F7000CF136E /* ZLPhotoPickerBrowserPhotoImageView.h */,
				48263E9A1A709F7000CF136E /* ZLPhotoPickerBrowserPhotoImageView.m */,
				48263E9B1A709F7000CF136E /* ZLPhotoPickerBrowserPhotoScrollView.h */,
				48263E9C1A709F7000CF136E /* ZLPhotoPickerBrowserPhotoScrollView.m */,
			);
			path = Views;
			sourceTree = "<group>";
		};
		48263E9D1A709F7000CF136E /* ZLPhotoPicker */ = {
			isa = PBXGroup;
			children = (
				48263E9E1A709F7000CF136E /* Models */,
				48263EA51A709F7000CF136E /* ViewControllers */,
				48263EAE1A709F7000CF136E /* Views */,
			);
			path = ZLPhotoPicker;
			sourceTree = "<group>";
		};
		48263E9E1A709F7000CF136E /* Models */ = {
			isa = PBXGroup;
			children = (
				48263E9F1A709F7000CF136E /* ZLPhotoAssets.h */,
				48263EA01A709F7000CF136E /* ZLPhotoAssets.m */,
				48263EA11A709F7000CF136E /* ZLPhotoPickerDatas.h */,
				48263EA21A709F7000CF136E /* ZLPhotoPickerDatas.m */,
				48263EA31A709F7000CF136E /* ZLPhotoPickerGroup.h */,
				48263EA41A709F7000CF136E /* ZLPhotoPickerGroup.m */,
			);
			path = Models;
			sourceTree = "<group>";
		};
		48263EA51A709F7000CF136E /* ViewControllers */ = {
			isa = PBXGroup;
			children = (
				48263EA61A709F7000CF136E /* ZLNavigationController.h */,
				48263EA71A709F7000CF136E /* ZLNavigationController.m */,
				48263EA81A709F7000CF136E /* ZLPhotoPickerAssetsViewController.h */,
				48263EA91A709F7000CF136E /* ZLPhotoPickerAssetsViewController.m */,
				48263EAA1A709F7000CF136E /* ZLPhotoPickerGroupViewController.h */,
				48263EAB1A709F7000CF136E /* ZLPhotoPickerGroupViewController.m */,
				48263EAC1A709F7000CF136E /* ZLPhotoPickerViewController.h */,
				48263EAD1A709F7000CF136E /* ZLPhotoPickerViewController.m */,
			);
			path = ViewControllers;
			sourceTree = "<group>";
		};
		48263EAE1A709F7000CF136E /* Views */ = {
			isa = PBXGroup;
			children = (
				48263EAF1A709F7000CF136E /* ZLPhotoPickerCollectionView.h */,
				48263EB01A709F7000CF136E /* ZLPhotoPickerCollectionView.m */,
				48263EB11A709F7000CF136E /* ZLPhotoPickerCollectionViewCell.h */,
				48263EB21A709F7000CF136E /* ZLPhotoPickerCollectionViewCell.m */,
				48263EB31A709F7000CF136E /* ZLPhotoPickerFooterCollectionReusableView.h */,
				48263EB41A709F7000CF136E /* ZLPhotoPickerFooterCollectionReusableView.m */,
				48263EB51A709F7000CF136E /* ZLPhotoPickerGroupTableViewCell.h */,
				48263EB61A709F7000CF136E /* ZLPhotoPickerGroupTableViewCell.m */,
				48263EB71A709F7000CF136E /* ZLPhotoPickerGroupTableViewCell.xib */,
				48263EB81A709F7000CF136E /* ZLPhotoPickerImageView.h */,
				48263EB91A709F7000CF136E /* ZLPhotoPickerImageView.m */,
			);
			path = Views;
			sourceTree = "<group>";
		};
		48263ECD1A709FCD00CF136E /* Utils */ = {
			isa = PBXGroup;
			children = (
				48263ECE1A709FCD00CF136E /* Category */,
				48263ED11A709FCD00CF136E /* Lib */,
				48263EF91A709FCD00CF136E /* Resource */,
				48263F0F1A709FCD00CF136E /* Views */,
			);
			path = Utils;
			sourceTree = "<group>";
		};
		48263ECE1A709FCD00CF136E /* Category */ = {
			isa = PBXGroup;
			children = (
				48263ECF1A709FCD00CF136E /* UIView+Extension.h */,
				48263ED01A709FCD00CF136E /* UIView+Extension.m */,
			);
			path = Category;
			sourceTree = "<group>";
		};
		48263ED11A709FCD00CF136E /* Lib */ = {
			isa = PBXGroup;
			children = (
				48263ED21A709FCD00CF136E /* DACircularProgressView.h */,
				48263ED31A709FCD00CF136E /* DACircularProgressView.m */,
				48263ED41A709FCD00CF136E /* SDWebImage */,
				48263EF61A709FCD00CF136E /* ZLAutoLayout */,
			);
			path = Lib;
			sourceTree = "<group>";
		};
		48263ED41A709FCD00CF136E /* SDWebImage */ = {
			isa = PBXGroup;
			children = (
				48263ED51A709FCD00CF136E /* MKAnnotationView+WebCache.h */,
				48263ED61A709FCD00CF136E /* MKAnnotationView+WebCache.m */,
				48263ED71A709FCD00CF136E /* NSData+ImageContentType.h */,
				48263ED81A709FCD00CF136E /* NSData+ImageContentType.m */,
				48263ED91A709FCD00CF136E /* SDImageCache.h */,
				48263EDA1A709FCD00CF136E /* SDImageCache.m */,
				48263EDB1A709FCD00CF136E /* SDWebImageCompat.h */,
				48263EDC1A709FCD00CF136E /* SDWebImageCompat.m */,
				48263EDD1A709FCD00CF136E /* SDWebImageDecoder.h */,
				48263EDE1A709FCD00CF136E /* SDWebImageDecoder.m */,
				48263EDF1A709FCD00CF136E /* SDWebImageDownloader.h */,
				48263EE01A709FCD00CF136E /* SDWebImageDownloader.m */,
				48263EE11A709FCD00CF136E /* SDWebImageDownloaderOperation.h */,
				48263EE21A709FCD00CF136E /* SDWebImageDownloaderOperation.m */,
				48263EE31A709FCD00CF136E /* SDWebImageManager.h */,
				48263EE41A709FCD00CF136E /* SDWebImageManager.m */,
				48263EE51A709FCD00CF136E /* SDWebImageOperation.h */,
				48263EE61A709FCD00CF136E /* SDWebImagePrefetcher.h */,
				48263EE71A709FCD00CF136E /* SDWebImagePrefetcher.m */,
				48263EE81A709FCD00CF136E /* UIButton+WebCache.h */,
				48263EE91A709FCD00CF136E /* UIButton+WebCache.m */,
				48263EEA1A709FCD00CF136E /* UIImage+GIF.h */,
				48263EEB1A709FCD00CF136E /* UIImage+GIF.m */,
				48263EEC1A709FCD00CF136E /* UIImage+MultiFormat.h */,
				48263EED1A709FCD00CF136E /* UIImage+MultiFormat.m */,
				48263EEE1A709FCD00CF136E /* UIImage+WebP.h */,
				48263EEF1A709FCD00CF136E /* UIImage+WebP.m */,
				48263EF01A709FCD00CF136E /* UIImageView+HighlightedWebCache.h */,
				48263EF11A709FCD00CF136E /* UIImageView+HighlightedWebCache.m */,
				48263EF21A709FCD00CF136E /* UIImageView+WebCache.h */,
				48263EF31A709FCD00CF136E /* UIImageView+WebCache.m */,
				48263EF41A709FCD00CF136E /* UIView+WebCacheOperation.h */,
				48263EF51A709FCD00CF136E /* UIView+WebCacheOperation.m */,
			);
			path = SDWebImage;
			sourceTree = "<group>";
		};
		48263EF61A709FCD00CF136E /* ZLAutoLayout */ = {
			isa = PBXGroup;
			children = (
				48263EF71A709FCD00CF136E /* UIView+ZLAutoLayout.h */,
				48263EF81A709FCD00CF136E /* UIView+ZLAutoLayout.m */,
			);
			path = ZLAutoLayout;
			sourceTree = "<group>";
		};
		48263EF91A709FCD00CF136E /* Resource */ = {
			isa = PBXGroup;
			children = (
				48263EFA1A709FCD00CF136E /* AssetsPickerChecked.imageset */,
				48263EFF1A709FCD00CF136E /* paizhao.imageset */,
				48263F031A709FCD00CF136E /* shanguangdeng.imageset */,
				48263F071A709FCD00CF136E /* shanguangdeng2.imageset */,
				48263F0B1A709FCD00CF136E /* xiang.imageset */,
			);
			path = Resource;
			sourceTree = "<group>";
		};
		48263EFA1A709FCD00CF136E /* AssetsPickerChecked.imageset */ = {
			isa = PBXGroup;
			children = (
				48263EFB1A709FCD00CF136E /* AssetsPickerChecked.png */,
				48263EFC1A709FCD00CF136E /* AssetsPickerChecked@2x.png */,
				48263EFD1A709FCD00CF136E /* AssetsPickerChecked@3x.png */,
			);
			path = AssetsPickerChecked.imageset;
			sourceTree = "<group>";
		};
		48263EFF1A709FCD00CF136E /* paizhao.imageset */ = {
			isa = PBXGroup;
			children = (
				48263F011A709FCD00CF136E /* paizhao.png */,
				48263F021A709FCD00CF136E /* paizhao@2x.png */,
			);
			path = paizhao.imageset;
			sourceTree = "<group>";
		};
		48263F031A709FCD00CF136E /* shanguangdeng.imageset */ = {
			isa = PBXGroup;
			children = (
				48263F051A709FCD00CF136E /* shanguangdeng.png */,
				48263F061A709FCD00CF136E /* shanguangdeng@2x.png */,
			);
			path = shanguangdeng.imageset;
			sourceTree = "<group>";
		};
		48263F071A709FCD00CF136E /* shanguangdeng2.imageset */ = {
			isa = PBXGroup;
			children = (
				48263F091A709FCD00CF136E /* shanguangdeng2.png */,
				48263F0A1A709FCD00CF136E /* shanguangdeng2@2x.png */,
			);
			path = shanguangdeng2.imageset;
			sourceTree = "<group>";
		};
		48263F0B1A709FCD00CF136E /* xiang.imageset */ = {
			isa = PBXGroup;
			children = (
				48263F0D1A709FCD00CF136E /* xiang.png */,
				48263F0E1A709FCD00CF136E /* xiang@2x.png */,
			);
			path = xiang.imageset;
			sourceTree = "<group>";
		};
		48263F0F1A709FCD00CF136E /* Views */ = {
			isa = PBXGroup;
			children = (
				48263F101A709FCD00CF136E /* ZLAnimationBaseView.h */,
				48263F111A709FCD00CF136E /* ZLAnimationBaseView.m */,
				48263F121A709FCD00CF136E /* ZLAnimationImageView.h */,
				48263F131A709FCD00CF136E /* ZLAnimationImageView.m */,
				48263F141A709FCD00CF136E /* ZLAnimationScrollView.h */,
				48263F151A709FCD00CF136E /* ZLAnimationScrollView.m */,
			);
			path = Views;
			sourceTree = "<group>";
		};
		48263F3C1A709FED00CF136E /* ZLCamera */ = {
			isa = PBXGroup;
			children = (
				48263F3D1A709FED00CF136E /* ZLCameraImageView.h */,
				48263F3E1A709FED00CF136E /* ZLCameraImageView.m */,
				48263F3F1A709FED00CF136E /* ZLCameraView.h */,
				48263F401A709FED00CF136E /* ZLCameraView.m */,
				48263F411A709FED00CF136E /* ZLCameraViewController.h */,
				48263F421A709FED00CF136E /* ZLCameraViewController.m */,
			);
			path = ZLCamera;
			sourceTree = "<group>";
		};
		48B3E1671A11BABC0079F464 = {
			isa = PBXGroup;
			children = (
				48B3E1721A11BABC0079F464 /* ZLAssetsPickerDemo */,
				48B3E18C1A11BABC0079F464 /* ZLAssetsPickerDemoDemoTests */,
				48B3E1711A11BABC0079F464 /* Products */,
			);
			sourceTree = "<group>";
		};
		48B3E1711A11BABC0079F464 /* Products */ = {
			isa = PBXGroup;
			children = (
				48B3E1701A11BABC0079F464 /* 相册Demo.app */,
				48B3E1891A11BABC0079F464 /* 相册DemoTests.xctest */,
			);
			name = Products;
			sourceTree = "<group>";
		};
		48B3E1721A11BABC0079F464 /* ZLAssetsPickerDemo */ = {
			isa = PBXGroup;
			children = (
				48263E8C1A709F7000CF136E /* ZLPhotoLib */,
				48ED22061A6D080C0008E783 /* Example */,
				48B3E1771A11BABC0079F464 /* AppDelegate.h */,
				48B3E1781A11BABC0079F464 /* AppDelegate.m */,
				48B3E17A1A11BABC0079F464 /* ViewController.h */,
				48B3E17B1A11BABC0079F464 /* ViewController.m */,
				48B3E1801A11BABC0079F464 /* Images.xcassets */,
				48B3E1821A11BABC0079F464 /* LaunchScreen.xib */,
				48B3E1731A11BABC0079F464 /* Supporting Files */,
			);
			name = ZLAssetsPickerDemo;
			path = "相册Demo";
			sourceTree = "<group>";
		};
		48B3E1731A11BABC0079F464 /* Supporting Files */ = {
			isa = PBXGroup;
			children = (
				48B3E1741A11BABC0079F464 /* Info.plist */,
				48B3E1751A11BABC0079F464 /* main.m */,
			);
			name = "Supporting Files";
			sourceTree = "<group>";
		};
		48B3E18C1A11BABC0079F464 /* ZLAssetsPickerDemoDemoTests */ = {
			isa = PBXGroup;
			children = (
				48B3E18F1A11BABC0079F464 /* __DemoTests.m */,
				48B3E18D1A11BABC0079F464 /* Supporting Files */,
			);
			name = ZLAssetsPickerDemoDemoTests;
			path = "相册DemoTests";
			sourceTree = "<group>";
		};
		48B3E18D1A11BABC0079F464 /* Supporting Files */ = {
			isa = PBXGroup;
			children = (
				48B3E18E1A11BABC0079F464 /* Info.plist */,
			);
			name = "Supporting Files";
			sourceTree = "<group>";
		};
		48ED22061A6D080C0008E783 /* Example */ = {
			isa = PBXGroup;
			children = (
				48ED22101A6D10720008E783 /* Views */,
				48ED22071A6D098C0008E783 /* Example1ViewController.h */,
				48ED22081A6D098C0008E783 /* Example1ViewController.m */,
				48ED220A1A6D0E370008E783 /* Example2ViewController.h */,
				48ED220B1A6D0E370008E783 /* Example2ViewController.m */,
			);
			path = Example;
			sourceTree = "<group>";
		};
		48ED22101A6D10720008E783 /* Views */ = {
			isa = PBXGroup;
			children = (
				48ED22111A6D108C0008E783 /* Example2CollectionViewCell.h */,
				48ED22121A6D108C0008E783 /* Example2CollectionViewCell.m */,
				48ED22141A6D10960008E783 /* Example2CollectionViewCell.xib */,
			);
			name = Views;
			sourceTree = "<group>";
		};
/* End PBXGroup section */

/* Begin PBXNativeTarget section */
		48B3E16F1A11BABC0079F464 /* 相册Demo */ = {
			isa = PBXNativeTarget;
			buildConfigurationList = 48B3E1931A11BABC0079F464 /* Build configuration list for PBXNativeTarget "相册Demo" */;
			buildPhases = (
				48B3E16C1A11BABC0079F464 /* Sources */,
				48B3E16D1A11BABC0079F464 /* Frameworks */,
				48B3E16E1A11BABC0079F464 /* Resources */,
			);
			buildRules = (
			);
			dependencies = (
			);
			name = "相册Demo";
			productName = "相册Demo";
			productReference = 48B3E1701A11BABC0079F464 /* 相册Demo.app */;
			productType = "com.apple.product-type.application";
		};
		48B3E1881A11BABC0079F464 /* 相册DemoTests */ = {
			isa = PBXNativeTarget;
			buildConfigurationList = 48B3E1961A11BABC0079F464 /* Build configuration list for PBXNativeTarget "相册DemoTests" */;
			buildPhases = (
				48B3E1851A11BABC0079F464 /* Sources */,
				48B3E1861A11BABC0079F464 /* Frameworks */,
				48B3E1871A11BABC0079F464 /* Resources */,
			);
			buildRules = (
			);
			dependencies = (
				48B3E18B1A11BABC0079F464 /* PBXTargetDependency */,
			);
			name = "相册DemoTests";
			productName = "相册DemoTests";
			productReference = 48B3E1891A11BABC0079F464 /* 相册DemoTests.xctest */;
			productType = "com.apple.product-type.bundle.unit-test";
		};
/* End PBXNativeTarget section */

/* Begin PBXProject section */
		48B3E1681A11BABC0079F464 /* Project object */ = {
			isa = PBXProject;
			attributes = {
				LastUpgradeCheck = 0610;
				ORGANIZATIONNAME = com.zixue101.www;
				TargetAttributes = {
					48B3E16F1A11BABC0079F464 = {
						CreatedOnToolsVersion = 6.1;
					};
					48B3E1881A11BABC0079F464 = {
						CreatedOnToolsVersion = 6.1;
						TestTargetID = 48B3E16F1A11BABC0079F464;
					};
				};
			};
			buildConfigurationList = 48B3E16B1A11BABC0079F464 /* Build configuration list for PBXProject "ZLAssetsPickerDemo" */;
			compatibilityVersion = "Xcode 3.2";
			developmentRegion = English;
			hasScannedForEncodings = 0;
			knownRegions = (
				en,
				Base,
			);
			mainGroup = 48B3E1671A11BABC0079F464;
			productRefGroup = 48B3E1711A11BABC0079F464 /* Products */;
			projectDirPath = "";
			projectRoot = "";
			targets = (
				48B3E16F1A11BABC0079F464 /* 相册Demo */,
				48B3E1881A11BABC0079F464 /* 相册DemoTests */,
			);
		};
/* End PBXProject section */

/* Begin PBXResourcesBuildPhase section */
		48B3E16E1A11BABC0079F464 /* Resources */ = {
			isa = PBXResourcesBuildPhase;
			buildActionMask = 2147483647;
			files = (
				48263F291A709FCD00CF136E /* AssetsPickerChecked.png in Resources */,
				48263F341A709FCD00CF136E /* shanguangdeng2.png in Resources */,
				48263F311A709FCD00CF136E /* shanguangdeng.png in Resources */,
				48263F2A1A709FCD00CF136E /* AssetsPickerChecked@2x.png in Resources */,
				48263F321A709FCD00CF136E /* shanguangdeng@2x.png in Resources */,
				48263F2E1A709FCD00CF136E /* paizhao.png in Resources */,
				48263F381A709FCD00CF136E /* xiang@2x.png in Resources */,
				48B3E1841A11BABC0079F464 /* LaunchScreen.xib in Resources */,
				48B3E1811A11BABC0079F464 /* Images.xcassets in Resources */,
				48263F371A709FCD00CF136E /* xiang.png in Resources */,
				48263F2B1A709FCD00CF136E /* AssetsPickerChecked@3x.png in Resources */,
				48263F351A709FCD00CF136E /* shanguangdeng2@2x.png in Resources */,
				48263F2F1A709FCD00CF136E /* paizhao@2x.png in Resources */,
				48263EC91A709F7000CF136E /* ZLPhotoPickerGroupTableViewCell.xib in Resources */,
				48ED22151A6D10960008E783 /* Example2CollectionViewCell.xib in Resources */,
			);
			runOnlyForDeploymentPostprocessing = 0;
		};
		48B3E1871A11BABC0079F464 /* Resources */ = {
			isa = PBXResourcesBuildPhase;
			buildActionMask = 2147483647;
			files = (
			);
			runOnlyForDeploymentPostprocessing = 0;
		};
/* End PBXResourcesBuildPhase section */

/* Begin PBXSourcesBuildPhase section */
		48B3E16C1A11BABC0079F464 /* Sources */ = {
			isa = PBXSourcesBuildPhase;
			buildActionMask = 2147483647;
			files = (
				48263EC21A709F7000CF136E /* ZLPhotoPickerAssetsViewController.m in Sources */,
				48263F441A709FED00CF136E /* ZLCameraView.m in Sources */,
				48263F431A709FED00CF136E /* ZLCameraImageView.m in Sources */,
				48263F211A709FCD00CF136E /* UIButton+WebCache.m in Sources */,
				48263F391A709FCD00CF136E /* ZLAnimationBaseView.m in Sources */,
				48263F1F1A709FCD00CF136E /* SDWebImageManager.m in Sources */,
				48263EBB1A709F7000CF136E /* ZLPhotoPickerBrowserViewController.m in Sources */,
				48263F451A709FED00CF136E /* ZLCameraViewController.m in Sources */,
				48B3E17C1A11BABC0079F464 /* ViewController.m in Sources */,
				48263EC31A709F7000CF136E /* ZLPhotoPickerGroupViewController.m in Sources */,
				48263F1D1A709FCD00CF136E /* SDWebImageDownloader.m in Sources */,
				48ED22131A6D108C0008E783 /* Example2CollectionViewCell.m in Sources */,
				48263F1B1A709FCD00CF136E /* SDWebImageCompat.m in Sources */,
				48263EBC1A709F7000CF136E /* ZLPhotoPickerBrowserPhotoImageView.m in Sources */,
				48B3E1791A11BABC0079F464 /* AppDelegate.m in Sources */,
				48ED22091A6D098C0008E783 /* Example1ViewController.m in Sources */,
				48263F271A709FCD00CF136E /* UIView+WebCacheOperation.m in Sources */,
				48263EBF1A709F7000CF136E /* ZLPhotoPickerDatas.m in Sources */,
				48263EC01A709F7000CF136E /* ZLPhotoPickerGroup.m in Sources */,
				48263F261A709FCD00CF136E /* UIImageView+WebCache.m in Sources */,
				48263F241A709FCD00CF136E /* UIImage+WebP.m in Sources */,
				48263F1A1A709FCD00CF136E /* SDImageCache.m in Sources */,
				48263F3A1A709FCD00CF136E /* ZLAnimationImageView.m in Sources */,
				48ED220C1A6D0E370008E783 /* Example2ViewController.m in Sources */,
				48263F231A709FCD00CF136E /* UIImage+MultiFormat.m in Sources */,
				48263F1E1A709FCD00CF136E /* SDWebImageDownloaderOperation.m in Sources */,
				48263EC11A709F7000CF136E /* ZLNavigationController.m in Sources */,
				48263F251A709FCD00CF136E /* UIImageView+HighlightedWebCache.m in Sources */,
				48B3E1761A11BABC0079F464 /* main.m in Sources */,
				48263F171A709FCD00CF136E /* DACircularProgressView.m in Sources */,
				48263ECA1A709F7000CF136E /* ZLPhotoPickerImageView.m in Sources */,
				48263EC71A709F7000CF136E /* ZLPhotoPickerFooterCollectionReusableView.m in Sources */,
				48263F281A709FCD00CF136E /* UIView+ZLAutoLayout.m in Sources */,
				48263F191A709FCD00CF136E /* NSData+ImageContentType.m in Sources */,
				48263EC51A709F7000CF136E /* ZLPhotoPickerCollectionView.m in Sources */,
				48263EBD1A709F7000CF136E /* ZLPhotoPickerBrowserPhotoScrollView.m in Sources */,
				48263EC61A709F7000CF136E /* ZLPhotoPickerCollectionViewCell.m in Sources */,
				48263F1C1A709FCD00CF136E /* SDWebImageDecoder.m in Sources */,
				48263EBE1A709F7000CF136E /* ZLPhotoAssets.m in Sources */,
				48263F161A709FCD00CF136E /* UIView+Extension.m in Sources */,
				48263EBA1A709F7000CF136E /* ZLPhotoPickerBrowserPhoto.m in Sources */,
				48263F3B1A709FCD00CF136E /* ZLAnimationScrollView.m in Sources */,
				48263EC81A709F7000CF136E /* ZLPhotoPickerGroupTableViewCell.m in Sources */,
				48263F201A709FCD00CF136E /* SDWebImagePrefetcher.m in Sources */,
				48263F181A709FCD00CF136E /* MKAnnotationView+WebCache.m in Sources */,
				48263F221A709FCD00CF136E /* UIImage+GIF.m in Sources */,
				48263EC41A709F7000CF136E /* ZLPhotoPickerViewController.m in Sources */,
			);
			runOnlyForDeploymentPostprocessing = 0;
		};
		48B3E1851A11BABC0079F464 /* Sources */ = {
			isa = PBXSourcesBuildPhase;
			buildActionMask = 2147483647;
			files = (
				48B3E1901A11BABC0079F464 /* __DemoTests.m in Sources */,
			);
			runOnlyForDeploymentPostprocessing = 0;
		};
/* End PBXSourcesBuildPhase section */

/* Begin PBXTargetDependency section */
		48B3E18B1A11BABC0079F464 /* PBXTargetDependency */ = {
			isa = PBXTargetDependency;
			target = 48B3E16F1A11BABC0079F464 /* 相册Demo */;
			targetProxy = 48B3E18A1A11BABC0079F464 /* PBXContainerItemProxy */;
		};
/* End PBXTargetDependency section */

/* Begin PBXVariantGroup section */
		48B3E1821A11BABC0079F464 /* LaunchScreen.xib */ = {
			isa = PBXVariantGroup;
			children = (
				48B3E1831A11BABC0079F464 /* Base */,
			);
			name = LaunchScreen.xib;
			sourceTree = "<group>";
		};
/* End PBXVariantGroup section */

/* Begin XCBuildConfiguration section */
		48B3E1911A11BABC0079F464 /* Debug */ = {
			isa = XCBuildConfiguration;
			buildSettings = {
				ALWAYS_SEARCH_USER_PATHS = NO;
				CLANG_CXX_LANGUAGE_STANDARD = "gnu++0x";
				CLANG_CXX_LIBRARY = "libc++";
				CLANG_ENABLE_MODULES = YES;
				CLANG_ENABLE_OBJC_ARC = YES;
				CLANG_WARN_BOOL_CONVERSION = YES;
				CLANG_WARN_CONSTANT_CONVERSION = YES;
				CLANG_WARN_DIRECT_OBJC_ISA_USAGE = YES_ERROR;
				CLANG_WARN_EMPTY_BODY = YES;
				CLANG_WARN_ENUM_CONVERSION = YES;
				CLANG_WARN_INT_CONVERSION = YES;
				CLANG_WARN_OBJC_ROOT_CLASS = YES_ERROR;
				CLANG_WARN_UNREACHABLE_CODE = YES;
				CLANG_WARN__DUPLICATE_METHOD_MATCH = YES;
				"CODE_SIGN_IDENTITY[sdk=iphoneos*]" = "iPhone Developer";
				COPY_PHASE_STRIP = NO;
				ENABLE_STRICT_OBJC_MSGSEND = YES;
				GCC_C_LANGUAGE_STANDARD = gnu99;
				GCC_DYNAMIC_NO_PIC = NO;
				GCC_OPTIMIZATION_LEVEL = 0;
				GCC_PREPROCESSOR_DEFINITIONS = (
					"DEBUG=1",
					"$(inherited)",
				);
				GCC_SYMBOLS_PRIVATE_EXTERN = NO;
				GCC_WARN_64_TO_32_BIT_CONVERSION = YES;
				GCC_WARN_ABOUT_RETURN_TYPE = YES_ERROR;
				GCC_WARN_UNDECLARED_SELECTOR = YES;
				GCC_WARN_UNINITIALIZED_AUTOS = YES_AGGRESSIVE;
				GCC_WARN_UNUSED_FUNCTION = YES;
				GCC_WARN_UNUSED_VARIABLE = YES;
				IPHONEOS_DEPLOYMENT_TARGET = 8.1;
				MTL_ENABLE_DEBUG_INFO = YES;
				ONLY_ACTIVE_ARCH = YES;
				SDKROOT = iphoneos;
			};
			name = Debug;
		};
		48B3E1921A11BABC0079F464 /* Release */ = {
			isa = XCBuildConfiguration;
			buildSettings = {
				ALWAYS_SEARCH_USER_PATHS = NO;
				CLANG_CXX_LANGUAGE_STANDARD = "gnu++0x";
				CLANG_CXX_LIBRARY = "libc++";
				CLANG_ENABLE_MODULES = YES;
				CLANG_ENABLE_OBJC_ARC = YES;
				CLANG_WARN_BOOL_CONVERSION = YES;
				CLANG_WARN_CONSTANT_CONVERSION = YES;
				CLANG_WARN_DIRECT_OBJC_ISA_USAGE = YES_ERROR;
				CLANG_WARN_EMPTY_BODY = YES;
				CLANG_WARN_ENUM_CONVERSION = YES;
				CLANG_WARN_INT_CONVERSION = YES;
				CLANG_WARN_OBJC_ROOT_CLASS = YES_ERROR;
				CLANG_WARN_UNREACHABLE_CODE = YES;
				CLANG_WARN__DUPLICATE_METHOD_MATCH = YES;
				"CODE_SIGN_IDENTITY[sdk=iphoneos*]" = "iPhone Developer";
				COPY_PHASE_STRIP = YES;
				ENABLE_NS_ASSERTIONS = NO;
				ENABLE_STRICT_OBJC_MSGSEND = YES;
				GCC_C_LANGUAGE_STANDARD = gnu99;
				GCC_WARN_64_TO_32_BIT_CONVERSION = YES;
				GCC_WARN_ABOUT_RETURN_TYPE = YES_ERROR;
				GCC_WARN_UNDECLARED_SELECTOR = YES;
				GCC_WARN_UNINITIALIZED_AUTOS = YES_AGGRESSIVE;
				GCC_WARN_UNUSED_FUNCTION = YES;
				GCC_WARN_UNUSED_VARIABLE = YES;
				IPHONEOS_DEPLOYMENT_TARGET = 8.1;
				MTL_ENABLE_DEBUG_INFO = NO;
				SDKROOT = iphoneos;
				VALIDATE_PRODUCT = YES;
			};
			name = Release;
		};
		48B3E1941A11BABC0079F464 /* Debug */ = {
			isa = XCBuildConfiguration;
			buildSettings = {
				ASSETCATALOG_COMPILER_APPICON_NAME = AppIcon;
				ASSETCATALOG_COMPILER_LAUNCHIMAGE_NAME = "LaunchImage-2";
				FRAMEWORK_SEARCH_PATHS = (
					"$(inherited)",
					"$(PROJECT_DIR)/相册Demo",
				);
				INFOPLIST_FILE = "相册Demo/Info.plist";
				IPHONEOS_DEPLOYMENT_TARGET = 6.0;
				LD_RUNPATH_SEARCH_PATHS = "$(inherited) @executable_path/Frameworks";
				PRODUCT_NAME = "$(TARGET_NAME)";
			};
			name = Debug;
		};
		48B3E1951A11BABC0079F464 /* Release */ = {
			isa = XCBuildConfiguration;
			buildSettings = {
				ASSETCATALOG_COMPILER_APPICON_NAME = AppIcon;
				ASSETCATALOG_COMPILER_LAUNCHIMAGE_NAME = "LaunchImage-2";
				FRAMEWORK_SEARCH_PATHS = (
					"$(inherited)",
					"$(PROJECT_DIR)/相册Demo",
				);
				INFOPLIST_FILE = "相册Demo/Info.plist";
				IPHONEOS_DEPLOYMENT_TARGET = 6.0;
				LD_RUNPATH_SEARCH_PATHS = "$(inherited) @executable_path/Frameworks";
				PRODUCT_NAME = "$(TARGET_NAME)";
			};
			name = Release;
		};
		48B3E1971A11BABC0079F464 /* Debug */ = {
			isa = XCBuildConfiguration;
			buildSettings = {
				BUNDLE_LOADER = "$(TEST_HOST)";
				FRAMEWORK_SEARCH_PATHS = (
					"$(SDKROOT)/Developer/Library/Frameworks",
					"$(inherited)",
				);
				GCC_PREPROCESSOR_DEFINITIONS = (
					"DEBUG=1",
					"$(inherited)",
				);
				INFOPLIST_FILE = "相册DemoTests/Info.plist";
				LD_RUNPATH_SEARCH_PATHS = "$(inherited) @executable_path/Frameworks @loader_path/Frameworks";
				PRODUCT_NAME = "$(TARGET_NAME)";
				TEST_HOST = "$(BUILT_PRODUCTS_DIR)/相册Demo.app/相册Demo";
			};
			name = Debug;
		};
		48B3E1981A11BABC0079F464 /* Release */ = {
			isa = XCBuildConfiguration;
			buildSettings = {
				BUNDLE_LOADER = "$(TEST_HOST)";
				FRAMEWORK_SEARCH_PATHS = (
					"$(SDKROOT)/Developer/Library/Frameworks",
					"$(inherited)",
				);
				INFOPLIST_FILE = "相册DemoTests/Info.plist";
				LD_RUNPATH_SEARCH_PATHS = "$(inherited) @executable_path/Frameworks @loader_path/Frameworks";
				PRODUCT_NAME = "$(TARGET_NAME)";
				TEST_HOST = "$(BUILT_PRODUCTS_DIR)/相册Demo.app/相册Demo";
			};
			name = Release;
		};
/* End XCBuildConfiguration section */

/* Begin XCConfigurationList section */
		48B3E16B1A11BABC0079F464 /* Build configuration list for PBXProject "ZLAssetsPickerDemo" */ = {
			isa = XCConfigurationList;
			buildConfigurations = (
				48B3E1911A11BABC0079F464 /* Debug */,
				48B3E1921A11BABC0079F464 /* Release */,
			);
			defaultConfigurationIsVisible = 0;
			defaultConfigurationName = Release;
		};
		48B3E1931A11BABC0079F464 /* Build configuration list for PBXNativeTarget "相册Demo" */ = {
			isa = XCConfigurationList;
			buildConfigurations = (
				48B3E1941A11BABC0079F464 /* Debug */,
				48B3E1951A11BABC0079F464 /* Release */,
			);
			defaultConfigurationIsVisible = 0;
			defaultConfigurationName = Release;
		};
		48B3E1961A11BABC0079F464 /* Build configuration list for PBXNativeTarget "相册DemoTests" */ = {
			isa = XCConfigurationList;
			buildConfigurations = (
				48B3E1971A11BABC0079F464 /* Debug */,
				48B3E1981A11BABC0079F464 /* Release */,
			);
			defaultConfigurationIsVisible = 0;
			defaultConfigurationName = Release;
		};
/* End XCConfigurationList section */
	};
	rootObject = 48B3E1681A11BABC0079F464 /* Project object */;
}
