// !$*UTF8*$!
{
	archiveVersion = 1;
	classes = {
	};
	objectVersion = 46;
	objects = {

/* Begin PBXBuildFile section */
		4806BC811AB283ED004B8AB0 /* Example4ViewController.m in Sources */ = {isa = PBXBuildFile; fileRef = 4806BC801AB283ED004B8AB0 /* Example4ViewController.m */; };
		483D760A1B8CB2AB0056EC73 /* ZLPhotoPickerBrowserViewController.m in Sources */ = {isa = PBXBuildFile; fileRef = 484014EC1B73574F00FBD485 /* ZLPhotoPickerBrowserViewController.m */; };
		483D760B1B8CB2B00056EC73 /* ZLPhotoPickerBrowserViewController.m in Sources */ = {isa = PBXBuildFile; fileRef = 484014EC1B73574F00FBD485 /* ZLPhotoPickerBrowserViewController.m */; };
		484014D01B73572300FBD485 /* ZLPhotoLib.bundle in Resources */ = {isa = PBXBuildFile; fileRef = 484014CF1B73572300FBD485 /* ZLPhotoLib.bundle */; };
		484015131B73574F00FBD485 /* UIImage+ZLPhotoLib.m in Sources */ = {isa = PBXBuildFile; fileRef = 484014D61B73574F00FBD485 /* UIImage+ZLPhotoLib.m */; };
		484015141B73574F00FBD485 /* UIView+ZLExtension.m in Sources */ = {isa = PBXBuildFile; fileRef = 484014D81B73574F00FBD485 /* UIView+ZLExtension.m */; };
		484015191B73574F00FBD485 /* ZLPhotoPickerBrowserPhoto.m in Sources */ = {isa = PBXBuildFile; fileRef = 484014E91B73574F00FBD485 /* ZLPhotoPickerBrowserPhoto.m */; };
		4840151B1B73574F00FBD485 /* ZLPhotoPickerBrowserPhotoImageView.m in Sources */ = {isa = PBXBuildFile; fileRef = 484014EF1B73574F00FBD485 /* ZLPhotoPickerBrowserPhotoImageView.m */; };
		4840151C1B73574F00FBD485 /* ZLPhotoPickerBrowserPhotoScrollView.m in Sources */ = {isa = PBXBuildFile; fileRef = 484014F11B73574F00FBD485 /* ZLPhotoPickerBrowserPhotoScrollView.m */; };
		4840151D1B73574F00FBD485 /* ZLPhotoPickerBrowserPhotoView.m in Sources */ = {isa = PBXBuildFile; fileRef = 484014F31B73574F00FBD485 /* ZLPhotoPickerBrowserPhotoView.m */; };
		4840151E1B73574F00FBD485 /* ZLPhotoPickerCustomToolBarView.m in Sources */ = {isa = PBXBuildFile; fileRef = 484014F51B73574F00FBD485 /* ZLPhotoPickerCustomToolBarView.m */; };
		4840151F1B73574F00FBD485 /* ZLPhotoAssets.m in Sources */ = {isa = PBXBuildFile; fileRef = 484014F91B73574F00FBD485 /* ZLPhotoAssets.m */; };
		484015201B73574F00FBD485 /* ZLPhotoPickerDatas.m in Sources */ = {isa = PBXBuildFile; fileRef = 484014FB1B73574F00FBD485 /* ZLPhotoPickerDatas.m */; };
		484015211B73574F00FBD485 /* ZLPhotoPickerGroup.m in Sources */ = {isa = PBXBuildFile; fileRef = 484014FD1B73574F00FBD485 /* ZLPhotoPickerGroup.m */; };
		484015221B73574F00FBD485 /* ZLPhotoPickerAssetsViewController.m in Sources */ = {isa = PBXBuildFile; fileRef = 484015001B73574F00FBD485 /* ZLPhotoPickerAssetsViewController.m */; };
		484015231B73574F00FBD485 /* ZLPhotoPickerGroupViewController.m in Sources */ = {isa = PBXBuildFile; fileRef = 484015021B73574F00FBD485 /* ZLPhotoPickerGroupViewController.m */; };
		484015241B73574F00FBD485 /* ZLPhotoPickerViewController.m in Sources */ = {isa = PBXBuildFile; fileRef = 484015041B73574F00FBD485 /* ZLPhotoPickerViewController.m */; };
		484015251B73574F00FBD485 /* ZLPhotoPickerCollectionView.m in Sources */ = {isa = PBXBuildFile; fileRef = 484015071B73574F00FBD485 /* ZLPhotoPickerCollectionView.m */; };
		484015261B73574F00FBD485 /* ZLPhotoPickerCollectionViewCell.m in Sources */ = {isa = PBXBuildFile; fileRef = 484015091B73574F00FBD485 /* ZLPhotoPickerCollectionViewCell.m */; };
		484015271B73574F00FBD485 /* ZLPhotoPickerFooterCollectionReusableView.m in Sources */ = {isa = PBXBuildFile; fileRef = 4840150B1B73574F00FBD485 /* ZLPhotoPickerFooterCollectionReusableView.m */; };
		484015281B73574F00FBD485 /* ZLPhotoPickerGroupTableViewCell.m in Sources */ = {isa = PBXBuildFile; fileRef = 4840150D1B73574F00FBD485 /* ZLPhotoPickerGroupTableViewCell.m */; };
		4840152A1B73574F00FBD485 /* ZLPhotoPickerImageView.m in Sources */ = {isa = PBXBuildFile; fileRef = 484015101B73574F00FBD485 /* ZLPhotoPickerImageView.m */; };
		485F4E8C1A83182E00B6D448 /* Example3ViewController.m in Sources */ = {isa = PBXBuildFile; fileRef = 485F4E8B1A83182E00B6D448 /* Example3ViewController.m */; };
		4861264C1C62046300FF7F1D /* UIViewController+Alert.m in Sources */ = {isa = PBXBuildFile; fileRef = 4861264B1C62046300FF7F1D /* UIViewController+Alert.m */; };
		48B338A41AA469D800650D81 /* Example1TableViewCell.m in Sources */ = {isa = PBXBuildFile; fileRef = 48B338A31AA469D800650D81 /* Example1TableViewCell.m */; };
		48B338A61AA469EB00650D81 /* Example1TableViewCell.xib in Resources */ = {isa = PBXBuildFile; fileRef = 48B338A51AA469EB00650D81 /* Example1TableViewCell.xib */; };
		48B3E1761A11BABC0079F464 /* main.m in Sources */ = {isa = PBXBuildFile; fileRef = 48B3E1751A11BABC0079F464 /* main.m */; };
		48B3E1791A11BABC0079F464 /* AppDelegate.m in Sources */ = {isa = PBXBuildFile; fileRef = 48B3E1781A11BABC0079F464 /* AppDelegate.m */; };
		48B3E17C1A11BABC0079F464 /* ViewController.m in Sources */ = {isa = PBXBuildFile; fileRef = 48B3E17B1A11BABC0079F464 /* ViewController.m */; };
		48B3E1811A11BABC0079F464 /* Images.xcassets in Resources */ = {isa = PBXBuildFile; fileRef = 48B3E1801A11BABC0079F464 /* Images.xcassets */; };
		48B3E1841A11BABC0079F464 /* LaunchScreen.xib in Resources */ = {isa = PBXBuildFile; fileRef = 48B3E1821A11BABC0079F464 /* LaunchScreen.xib */; };
		48B3E1901A11BABC0079F464 /* __DemoTests.m in Sources */ = {isa = PBXBuildFile; fileRef = 48B3E18F1A11BABC0079F464 /* __DemoTests.m */; };
		48CF6E831B7267A40094DEC4 /* Example0ViewController.m in Sources */ = {isa = PBXBuildFile; fileRef = 48CF6E821B7267A40094DEC4 /* Example0ViewController.m */; };
		48ED22091A6D098C0008E783 /* Example1ViewController.m in Sources */ = {isa = PBXBuildFile; fileRef = 48ED22081A6D098C0008E783 /* Example1ViewController.m */; };
		48ED22131A6D108C0008E783 /* Example2CollectionViewCell.m in Sources */ = {isa = PBXBuildFile; fileRef = 48ED22121A6D108C0008E783 /* Example2CollectionViewCell.m */; };
		48ED22151A6D10960008E783 /* Example2CollectionViewCell.xib in Resources */ = {isa = PBXBuildFile; fileRef = 48ED22141A6D10960008E783 /* Example2CollectionViewCell.xib */; };
		48F682EB1B872CE9004A06A4 /* ZLPhotoRect.m in Sources */ = {isa = PBXBuildFile; fileRef = 48F682EA1B872CE9004A06A4 /* ZLPhotoRect.m */; };
		48F682EE1B872D7C004A06A4 /* ZLPhotoPickerBrowserViewController+SignlePhotoBrowser.m in Sources */ = {isa = PBXBuildFile; fileRef = 48F682ED1B872D7C004A06A4 /* ZLPhotoPickerBrowserViewController+SignlePhotoBrowser.m */; };
		48FCA0951C05B69F00989DA7 /* ZLNavigationController.m in Sources */ = {isa = PBXBuildFile; fileRef = 48FCA0941C05B69F00989DA7 /* ZLNavigationController.m */; };
		48FD837F1BF98C5D0017FCAA /* DACircularProgressView.m in Sources */ = {isa = PBXBuildFile; fileRef = 48FD835E1BF98C5D0017FCAA /* DACircularProgressView.m */; };
		48FD83801BF98C5D0017FCAA /* DALabeledCircularProgressView.m in Sources */ = {isa = PBXBuildFile; fileRef = 48FD83601BF98C5D0017FCAA /* DALabeledCircularProgressView.m */; };
		48FD83811BF98C5D0017FCAA /* NSData+ImageContentType.m in Sources */ = {isa = PBXBuildFile; fileRef = 48FD83631BF98C5D0017FCAA /* NSData+ImageContentType.m */; };
		48FD83821BF98C5D0017FCAA /* SDImageCache.m in Sources */ = {isa = PBXBuildFile; fileRef = 48FD83651BF98C5D0017FCAA /* SDImageCache.m */; };
		48FD83831BF98C5D0017FCAA /* SDWebImageCompat.m in Sources */ = {isa = PBXBuildFile; fileRef = 48FD83671BF98C5D0017FCAA /* SDWebImageCompat.m */; };
		48FD83841BF98C5D0017FCAA /* SDWebImageDecoder.m in Sources */ = {isa = PBXBuildFile; fileRef = 48FD83691BF98C5D0017FCAA /* SDWebImageDecoder.m */; };
		48FD83851BF98C5D0017FCAA /* SDWebImageDownloader.m in Sources */ = {isa = PBXBuildFile; fileRef = 48FD836B1BF98C5D0017FCAA /* SDWebImageDownloader.m */; };
		48FD83861BF98C5D0017FCAA /* SDWebImageDownloaderOperation.m in Sources */ = {isa = PBXBuildFile; fileRef = 48FD836D1BF98C5D0017FCAA /* SDWebImageDownloaderOperation.m */; };
		48FD83871BF98C5D0017FCAA /* SDWebImageManager.m in Sources */ = {isa = PBXBuildFile; fileRef = 48FD836F1BF98C5D0017FCAA /* SDWebImageManager.m */; };
		48FD83881BF98C5D0017FCAA /* SDWebImagePrefetcher.m in Sources */ = {isa = PBXBuildFile; fileRef = 48FD83721BF98C5D0017FCAA /* SDWebImagePrefetcher.m */; };
		48FD83891BF98C5D0017FCAA /* UIButton+WebCache.m in Sources */ = {isa = PBXBuildFile; fileRef = 48FD83741BF98C5D0017FCAA /* UIButton+WebCache.m */; };
		48FD838A1BF98C5D0017FCAA /* UIImage+GIF.m in Sources */ = {isa = PBXBuildFile; fileRef = 48FD83761BF98C5D0017FCAA /* UIImage+GIF.m */; };
		48FD838B1BF98C5D0017FCAA /* UIImage+MultiFormat.m in Sources */ = {isa = PBXBuildFile; fileRef = 48FD83781BF98C5D0017FCAA /* UIImage+MultiFormat.m */; };
		48FD838C1BF98C5D0017FCAA /* UIImageView+HighlightedWebCache.m in Sources */ = {isa = PBXBuildFile; fileRef = 48FD837A1BF98C5D0017FCAA /* UIImageView+HighlightedWebCache.m */; };
		48FD838D1BF98C5D0017FCAA /* UIImageView+WebCache.m in Sources */ = {isa = PBXBuildFile; fileRef = 48FD837C1BF98C5D0017FCAA /* UIImageView+WebCache.m */; };
		48FD838E1BF98C5D0017FCAA /* UIView+WebCacheOperation.m in Sources */ = {isa = PBXBuildFile; fileRef = 48FD837E1BF98C5D0017FCAA /* UIView+WebCacheOperation.m */; };
/* End PBXBuildFile section */

/* Begin PBXContainerItemProxy section */
		48B3E18A1A11BABC0079F464 /* PBXContainerItemProxy */ = {
			isa = PBXContainerItemProxy;
			containerPortal = 48B3E1681A11BABC0079F464 /* Project object */;
			proxyType = 1;
			remoteGlobalIDString = 48B3E16F1A11BABC0079F464;
			remoteInfo = "相册Demo";
		};
/* End PBXContainerItemProxy section */

/* Begin PBXFileReference section */
		4806BC7F1AB283ED004B8AB0 /* Example4ViewController.h */ = {isa = PBXFileReference; fileEncoding = 4; lastKnownFileType = sourcecode.c.h; path = Example4ViewController.h; sourceTree = "<group>"; };
		4806BC801AB283ED004B8AB0 /* Example4ViewController.m */ = {isa = PBXFileReference; fileEncoding = 4; lastKnownFileType = sourcecode.c.objc; path = Example4ViewController.m; sourceTree = "<group>"; };
		484014CF1B73572300FBD485 /* ZLPhotoLib.bundle */ = {isa = PBXFileReference; lastKnownFileType = "wrapper.plug-in"; name = ZLPhotoLib.bundle; path = ../../ZLPhotoLib/ZLPhotoLib.bundle; sourceTree = "<group>"; };
		484014D51B73574F00FBD485 /* UIImage+ZLPhotoLib.h */ = {isa = PBXFileReference; fileEncoding = 4; lastKnownFileType = sourcecode.c.h; path = "UIImage+ZLPhotoLib.h"; sourceTree = "<group>"; };
		484014D61B73574F00FBD485 /* UIImage+ZLPhotoLib.m */ = {isa = PBXFileReference; fileEncoding = 4; lastKnownFileType = sourcecode.c.objc; path = "UIImage+ZLPhotoLib.m"; sourceTree = "<group>"; };
		484014D71B73574F00FBD485 /* UIView+ZLExtension.h */ = {isa = PBXFileReference; fileEncoding = 4; lastKnownFileType = sourcecode.c.h; path = "UIView+ZLExtension.h"; sourceTree = "<group>"; };
		484014D81B73574F00FBD485 /* UIView+ZLExtension.m */ = {isa = PBXFileReference; fileEncoding = 4; lastKnownFileType = sourcecode.c.objc; path = "UIView+ZLExtension.m"; sourceTree = "<group>"; };
		484014E51B73574F00FBD485 /* ZLPhoto.h */ = {isa = PBXFileReference; fileEncoding = 4; lastKnownFileType = sourcecode.c.h; path = ZLPhoto.h; sourceTree = "<group>"; };
		484014E81B73574F00FBD485 /* ZLPhotoPickerBrowserPhoto.h */ = {isa = PBXFileReference; fileEncoding = 4; lastKnownFileType = sourcecode.c.h; path = ZLPhotoPickerBrowserPhoto.h; sourceTree = "<group>"; };
		484014E91B73574F00FBD485 /* ZLPhotoPickerBrowserPhoto.m */ = {isa = PBXFileReference; fileEncoding = 4; lastKnownFileType = sourcecode.c.objc; path = ZLPhotoPickerBrowserPhoto.m; sourceTree = "<group>"; };
		484014EB1B73574F00FBD485 /* ZLPhotoPickerBrowserViewController.h */ = {isa = PBXFileReference; fileEncoding = 4; lastKnownFileType = sourcecode.c.h; path = ZLPhotoPickerBrowserViewController.h; sourceTree = "<group>"; };
		484014EC1B73574F00FBD485 /* ZLPhotoPickerBrowserViewController.m */ = {isa = PBXFileReference; fileEncoding = 4; lastKnownFileType = sourcecode.c.objc; path = ZLPhotoPickerBrowserViewController.m; sourceTree = "<group>"; };
		484014EE1B73574F00FBD485 /* ZLPhotoPickerBrowserPhotoImageView.h */ = {isa = PBXFileReference; fileEncoding = 4; lastKnownFileType = sourcecode.c.h; path = ZLPhotoPickerBrowserPhotoImageView.h; sourceTree = "<group>"; };
		484014EF1B73574F00FBD485 /* ZLPhotoPickerBrowserPhotoImageView.m */ = {isa = PBXFileReference; fileEncoding = 4; lastKnownFileType = sourcecode.c.objc; path = ZLPhotoPickerBrowserPhotoImageView.m; sourceTree = "<group>"; };
		484014F01B73574F00FBD485 /* ZLPhotoPickerBrowserPhotoScrollView.h */ = {isa = PBXFileReference; fileEncoding = 4; lastKnownFileType = sourcecode.c.h; path = ZLPhotoPickerBrowserPhotoScrollView.h; sourceTree = "<group>"; };
		484014F11B73574F00FBD485 /* ZLPhotoPickerBrowserPhotoScrollView.m */ = {isa = PBXFileReference; fileEncoding = 4; lastKnownFileType = sourcecode.c.objc; path = ZLPhotoPickerBrowserPhotoScrollView.m; sourceTree = "<group>"; };
		484014F21B73574F00FBD485 /* ZLPhotoPickerBrowserPhotoView.h */ = {isa = PBXFileReference; fileEncoding = 4; lastKnownFileType = sourcecode.c.h; path = ZLPhotoPickerBrowserPhotoView.h; sourceTree = "<group>"; };
		484014F31B73574F00FBD485 /* ZLPhotoPickerBrowserPhotoView.m */ = {isa = PBXFileReference; fileEncoding = 4; lastKnownFileType = sourcecode.c.objc; path = ZLPhotoPickerBrowserPhotoView.m; sourceTree = "<group>"; };
		484014F41B73574F00FBD485 /* ZLPhotoPickerCustomToolBarView.h */ = {isa = PBXFileReference; fileEncoding = 4; lastKnownFileType = sourcecode.c.h; path = ZLPhotoPickerCustomToolBarView.h; sourceTree = "<group>"; };
		484014F51B73574F00FBD485 /* ZLPhotoPickerCustomToolBarView.m */ = {isa = PBXFileReference; fileEncoding = 4; lastKnownFileType = sourcecode.c.objc; path = ZLPhotoPickerCustomToolBarView.m; sourceTree = "<group>"; };
		484014F81B73574F00FBD485 /* ZLPhotoAssets.h */ = {isa = PBXFileReference; fileEncoding = 4; lastKnownFileType = sourcecode.c.h; path = ZLPhotoAssets.h; sourceTree = "<group>"; };
		484014F91B73574F00FBD485 /* ZLPhotoAssets.m */ = {isa = PBXFileReference; fileEncoding = 4; lastKnownFileType = sourcecode.c.objc; path = ZLPhotoAssets.m; sourceTree = "<group>"; };
		484014FA1B73574F00FBD485 /* ZLPhotoPickerDatas.h */ = {isa = PBXFileReference; fileEncoding = 4; lastKnownFileType = sourcecode.c.h; path = ZLPhotoPickerDatas.h; sourceTree = "<group>"; };
		484014FB1B73574F00FBD485 /* ZLPhotoPickerDatas.m */ = {isa = PBXFileReference; fileEncoding = 4; lastKnownFileType = sourcecode.c.objc; path = ZLPhotoPickerDatas.m; sourceTree = "<group>"; };
		484014FC1B73574F00FBD485 /* ZLPhotoPickerGroup.h */ = {isa = PBXFileReference; fileEncoding = 4; lastKnownFileType = sourcecode.c.h; path = ZLPhotoPickerGroup.h; sourceTree = "<group>"; };
		484014FD1B73574F00FBD485 /* ZLPhotoPickerGroup.m */ = {isa = PBXFileReference; fileEncoding = 4; lastKnownFileType = sourcecode.c.objc; path = ZLPhotoPickerGroup.m; sourceTree = "<group>"; };
		484014FF1B73574F00FBD485 /* ZLPhotoPickerAssetsViewController.h */ = {isa = PBXFileReference; fileEncoding = 4; lastKnownFileType = sourcecode.c.h; path = ZLPhotoPickerAssetsViewController.h; sourceTree = "<group>"; };
		484015001B73574F00FBD485 /* ZLPhotoPickerAssetsViewController.m */ = {isa = PBXFileReference; fileEncoding = 4; lastKnownFileType = sourcecode.c.objc; path = ZLPhotoPickerAssetsViewController.m; sourceTree = "<group>"; };
		484015011B73574F00FBD485 /* ZLPhotoPickerGroupViewController.h */ = {isa = PBXFileReference; fileEncoding = 4; lastKnownFileType = sourcecode.c.h; path = ZLPhotoPickerGroupViewController.h; sourceTree = "<group>"; };
		484015021B73574F00FBD485 /* ZLPhotoPickerGroupViewController.m */ = {isa = PBXFileReference; fileEncoding = 4; lastKnownFileType = sourcecode.c.objc; path = ZLPhotoPickerGroupViewController.m; sourceTree = "<group>"; };
		484015031B73574F00FBD485 /* ZLPhotoPickerViewController.h */ = {isa = PBXFileReference; fileEncoding = 4; lastKnownFileType = sourcecode.c.h; path = ZLPhotoPickerViewController.h; sourceTree = "<group>"; };
		484015041B73574F00FBD485 /* ZLPhotoPickerViewController.m */ = {isa = PBXFileReference; fileEncoding = 4; lastKnownFileType = sourcecode.c.objc; path = ZLPhotoPickerViewController.m; sourceTree = "<group>"; };
		484015061B73574F00FBD485 /* ZLPhotoPickerCollectionView.h */ = {isa = PBXFileReference; fileEncoding = 4; lastKnownFileType = sourcecode.c.h; path = ZLPhotoPickerCollectionView.h; sourceTree = "<group>"; };
		484015071B73574F00FBD485 /* ZLPhotoPickerCollectionView.m */ = {isa = PBXFileReference; fileEncoding = 4; lastKnownFileType = sourcecode.c.objc; path = ZLPhotoPickerCollectionView.m; sourceTree = "<group>"; };
		484015081B73574F00FBD485 /* ZLPhotoPickerCollectionViewCell.h */ = {isa = PBXFileReference; fileEncoding = 4; lastKnownFileType = sourcecode.c.h; path = ZLPhotoPickerCollectionViewCell.h; sourceTree = "<group>"; };
		484015091B73574F00FBD485 /* ZLPhotoPickerCollectionViewCell.m */ = {isa = PBXFileReference; fileEncoding = 4; lastKnownFileType = sourcecode.c.objc; path = ZLPhotoPickerCollectionViewCell.m; sourceTree = "<group>"; };
		4840150A1B73574F00FBD485 /* ZLPhotoPickerFooterCollectionReusableView.h */ = {isa = PBXFileReference; fileEncoding = 4; lastKnownFileType = sourcecode.c.h; path = ZLPhotoPickerFooterCollectionReusableView.h; sourceTree = "<group>"; };
		4840150B1B73574F00FBD485 /* ZLPhotoPickerFooterCollectionReusableView.m */ = {isa = PBXFileReference; fileEncoding = 4; lastKnownFileType = sourcecode.c.objc; path = ZLPhotoPickerFooterCollectionReusableView.m; sourceTree = "<group>"; };
		4840150C1B73574F00FBD485 /* ZLPhotoPickerGroupTableViewCell.h */ = {isa = PBXFileReference; fileEncoding = 4; lastKnownFileType = sourcecode.c.h; path = ZLPhotoPickerGroupTableViewCell.h; sourceTree = "<group>"; };
		4840150D1B73574F00FBD485 /* ZLPhotoPickerGroupTableViewCell.m */ = {isa = PBXFileReference; fileEncoding = 4; lastKnownFileType = sourcecode.c.objc; path = ZLPhotoPickerGroupTableViewCell.m; sourceTree = "<group>"; };
		4840150F1B73574F00FBD485 /* ZLPhotoPickerImageView.h */ = {isa = PBXFileReference; fileEncoding = 4; lastKnownFileType = sourcecode.c.h; path = ZLPhotoPickerImageView.h; sourceTree = "<group>"; };
		484015101B73574F00FBD485 /* ZLPhotoPickerImageView.m */ = {isa = PBXFileReference; fileEncoding = 4; lastKnownFileType = sourcecode.c.objc; path = ZLPhotoPickerImageView.m; sourceTree = "<group>"; };
		484015111B73574F00FBD485 /* ZLPhotoPickerCommon.h */ = {isa = PBXFileReference; fileEncoding = 4; lastKnownFileType = sourcecode.c.h; path = ZLPhotoPickerCommon.h; sourceTree = "<group>"; };
		485F4E8A1A83182E00B6D448 /* Example3ViewController.h */ = {isa = PBXFileReference; fileEncoding = 4; lastKnownFileType = sourcecode.c.h; path = Example3ViewController.h; sourceTree = "<group>"; };
		485F4E8B1A83182E00B6D448 /* Example3ViewController.m */ = {isa = PBXFileReference; fileEncoding = 4; lastKnownFileType = sourcecode.c.objc; path = Example3ViewController.m; sourceTree = "<group>"; };
		4861264A1C62046300FF7F1D /* UIViewController+Alert.h */ = {isa = PBXFileReference; fileEncoding = 4; lastKnownFileType = sourcecode.c.h; path = "UIViewController+Alert.h"; sourceTree = "<group>"; };
		4861264B1C62046300FF7F1D /* UIViewController+Alert.m */ = {isa = PBXFileReference; fileEncoding = 4; lastKnownFileType = sourcecode.c.objc; path = "UIViewController+Alert.m"; sourceTree = "<group>"; };
		48B338A21AA469D800650D81 /* Example1TableViewCell.h */ = {isa = PBXFileReference; fileEncoding = 4; lastKnownFileType = sourcecode.c.h; path = Example1TableViewCell.h; sourceTree = "<group>"; };
		48B338A31AA469D800650D81 /* Example1TableViewCell.m */ = {isa = PBXFileReference; fileEncoding = 4; lastKnownFileType = sourcecode.c.objc; path = Example1TableViewCell.m; sourceTree = "<group>"; };
		48B338A51AA469EB00650D81 /* Example1TableViewCell.xib */ = {isa = PBXFileReference; fileEncoding = 4; lastKnownFileType = file.xib; path = Example1TableViewCell.xib; sourceTree = "<group>"; };
		48B3E1701A11BABC0079F464 /* 相册Demo.app */ = {isa = PBXFileReference; explicitFileType = wrapper.application; includeInIndex = 0; path = "相册Demo.app"; sourceTree = BUILT_PRODUCTS_DIR; };
		48B3E1741A11BABC0079F464 /* Info.plist */ = {isa = PBXFileReference; lastKnownFileType = text.plist.xml; path = Info.plist; sourceTree = "<group>"; };
		48B3E1751A11BABC0079F464 /* main.m */ = {isa = PBXFileReference; lastKnownFileType = sourcecode.c.objc; path = main.m; sourceTree = "<group>"; };
		48B3E1771A11BABC0079F464 /* AppDelegate.h */ = {isa = PBXFileReference; lastKnownFileType = sourcecode.c.h; path = AppDelegate.h; sourceTree = "<group>"; };
		48B3E1781A11BABC0079F464 /* AppDelegate.m */ = {isa = PBXFileReference; lastKnownFileType = sourcecode.c.objc; path = AppDelegate.m; sourceTree = "<group>"; };
		48B3E17A1A11BABC0079F464 /* ViewController.h */ = {isa = PBXFileReference; lastKnownFileType = sourcecode.c.h; path = ViewController.h; sourceTree = "<group>"; };
		48B3E17B1A11BABC0079F464 /* ViewController.m */ = {isa = PBXFileReference; lastKnownFileType = sourcecode.c.objc; path = ViewController.m; sourceTree = "<group>"; };
		48B3E1801A11BABC0079F464 /* Images.xcassets */ = {isa = PBXFileReference; lastKnownFileType = folder.assetcatalog; path = Images.xcassets; sourceTree = "<group>"; };
		48B3E1831A11BABC0079F464 /* Base */ = {isa = PBXFileReference; lastKnownFileType = file.xib; name = Base; path = Base.lproj/LaunchScreen.xib; sourceTree = "<group>"; };
		48B3E1891A11BABC0079F464 /* 相册DemoTests.xctest */ = {isa = PBXFileReference; explicitFileType = wrapper.cfbundle; includeInIndex = 0; path = "相册DemoTests.xctest"; sourceTree = BUILT_PRODUCTS_DIR; };
		48B3E18E1A11BABC0079F464 /* Info.plist */ = {isa = PBXFileReference; lastKnownFileType = text.plist.xml; path = Info.plist; sourceTree = "<group>"; };
		48B3E18F1A11BABC0079F464 /* __DemoTests.m */ = {isa = PBXFileReference; lastKnownFileType = sourcecode.c.objc; path = __DemoTests.m; sourceTree = "<group>"; };
		48CF6E811B7267A40094DEC4 /* Example0ViewController.h */ = {isa = PBXFileReference; fileEncoding = 4; lastKnownFileType = sourcecode.c.h; path = Example0ViewController.h; sourceTree = "<group>"; };
		48CF6E821B7267A40094DEC4 /* Example0ViewController.m */ = {isa = PBXFileReference; fileEncoding = 4; lastKnownFileType = sourcecode.c.objc; path = Example0ViewController.m; sourceTree = "<group>"; };
		48ED22071A6D098C0008E783 /* Example1ViewController.h */ = {isa = PBXFileReference; fileEncoding = 4; lastKnownFileType = sourcecode.c.h; path = Example1ViewController.h; sourceTree = "<group>"; };
		48ED22081A6D098C0008E783 /* Example1ViewController.m */ = {isa = PBXFileReference; fileEncoding = 4; lastKnownFileType = sourcecode.c.objc; path = Example1ViewController.m; sourceTree = "<group>"; };
		48ED22111A6D108C0008E783 /* Example2CollectionViewCell.h */ = {isa = PBXFileReference; fileEncoding = 4; lastKnownFileType = sourcecode.c.h; path = Example2CollectionViewCell.h; sourceTree = "<group>"; };
		48ED22121A6D108C0008E783 /* Example2CollectionViewCell.m */ = {isa = PBXFileReference; fileEncoding = 4; lastKnownFileType = sourcecode.c.objc; path = Example2CollectionViewCell.m; sourceTree = "<group>"; };
		48ED22141A6D10960008E783 /* Example2CollectionViewCell.xib */ = {isa = PBXFileReference; fileEncoding = 4; lastKnownFileType = file.xib; path = Example2CollectionViewCell.xib; sourceTree = "<group>"; };
		48F682E91B872CE9004A06A4 /* ZLPhotoRect.h */ = {isa = PBXFileReference; fileEncoding = 4; lastKnownFileType = sourcecode.c.h; path = ZLPhotoRect.h; sourceTree = "<group>"; };
		48F682EA1B872CE9004A06A4 /* ZLPhotoRect.m */ = {isa = PBXFileReference; fileEncoding = 4; lastKnownFileType = sourcecode.c.objc; path = ZLPhotoRect.m; sourceTree = "<group>"; };
		48F682EC1B872D7C004A06A4 /* ZLPhotoPickerBrowserViewController+SignlePhotoBrowser.h */ = {isa = PBXFileReference; fileEncoding = 4; lastKnownFileType = sourcecode.c.h; path = "ZLPhotoPickerBrowserViewController+SignlePhotoBrowser.h"; sourceTree = "<group>"; };
		48F682ED1B872D7C004A06A4 /* ZLPhotoPickerBrowserViewController+SignlePhotoBrowser.m */ = {isa = PBXFileReference; fileEncoding = 4; lastKnownFileType = sourcecode.c.objc; path = "ZLPhotoPickerBrowserViewController+SignlePhotoBrowser.m"; sourceTree = "<group>"; };
		48FCA0931C05B69F00989DA7 /* ZLNavigationController.h */ = {isa = PBXFileReference; fileEncoding = 4; lastKnownFileType = sourcecode.c.h; path = ZLNavigationController.h; sourceTree = "<group>"; };
		48FCA0941C05B69F00989DA7 /* ZLNavigationController.m */ = {isa = PBXFileReference; fileEncoding = 4; lastKnownFileType = sourcecode.c.objc; path = ZLNavigationController.m; sourceTree = "<group>"; };
		48FD835D1BF98C5D0017FCAA /* DACircularProgressView.h */ = {isa = PBXFileReference; fileEncoding = 4; lastKnownFileType = sourcecode.c.h; path = DACircularProgressView.h; sourceTree = "<group>"; };
		48FD835E1BF98C5D0017FCAA /* DACircularProgressView.m */ = {isa = PBXFileReference; fileEncoding = 4; lastKnownFileType = sourcecode.c.objc; path = DACircularProgressView.m; sourceTree = "<group>"; };
		48FD835F1BF98C5D0017FCAA /* DALabeledCircularProgressView.h */ = {isa = PBXFileReference; fileEncoding = 4; lastKnownFileType = sourcecode.c.h; path = DALabeledCircularProgressView.h; sourceTree = "<group>"; };
		48FD83601BF98C5D0017FCAA /* DALabeledCircularProgressView.m */ = {isa = PBXFileReference; fileEncoding = 4; lastKnownFileType = sourcecode.c.objc; path = DALabeledCircularProgressView.m; sourceTree = "<group>"; };
		48FD83621BF98C5D0017FCAA /* NSData+ImageContentType.h */ = {isa = PBXFileReference; fileEncoding = 4; lastKnownFileType = sourcecode.c.h; path = "NSData+ImageContentType.h"; sourceTree = "<group>"; };
		48FD83631BF98C5D0017FCAA /* NSData+ImageContentType.m */ = {isa = PBXFileReference; fileEncoding = 4; lastKnownFileType = sourcecode.c.objc; path = "NSData+ImageContentType.m"; sourceTree = "<group>"; };
		48FD83641BF98C5D0017FCAA /* SDImageCache.h */ = {isa = PBXFileReference; fileEncoding = 4; lastKnownFileType = sourcecode.c.h; path = SDImageCache.h; sourceTree = "<group>"; };
		48FD83651BF98C5D0017FCAA /* SDImageCache.m */ = {isa = PBXFileReference; fileEncoding = 4; lastKnownFileType = sourcecode.c.objc; path = SDImageCache.m; sourceTree = "<group>"; };
		48FD83661BF98C5D0017FCAA /* SDWebImageCompat.h */ = {isa = PBXFileReference; fileEncoding = 4; lastKnownFileType = sourcecode.c.h; path = SDWebImageCompat.h; sourceTree = "<group>"; };
		48FD83671BF98C5D0017FCAA /* SDWebImageCompat.m */ = {isa = PBXFileReference; fileEncoding = 4; lastKnownFileType = sourcecode.c.objc; path = SDWebImageCompat.m; sourceTree = "<group>"; };
		48FD83681BF98C5D0017FCAA /* SDWebImageDecoder.h */ = {isa = PBXFileReference; fileEncoding = 4; lastKnownFileType = sourcecode.c.h; path = SDWebImageDecoder.h; sourceTree = "<group>"; };
		48FD83691BF98C5D0017FCAA /* SDWebImageDecoder.m */ = {isa = PBXFileReference; fileEncoding = 4; lastKnownFileType = sourcecode.c.objc; path = SDWebImageDecoder.m; sourceTree = "<group>"; };
		48FD836A1BF98C5D0017FCAA /* SDWebImageDownloader.h */ = {isa = PBXFileReference; fileEncoding = 4; lastKnownFileType = sourcecode.c.h; path = SDWebImageDownloader.h; sourceTree = "<group>"; };
		48FD836B1BF98C5D0017FCAA /* SDWebImageDownloader.m */ = {isa = PBXFileReference; fileEncoding = 4; lastKnownFileType = sourcecode.c.objc; path = SDWebImageDownloader.m; sourceTree = "<group>"; };
		48FD836C1BF98C5D0017FCAA /* SDWebImageDownloaderOperation.h */ = {isa = PBXFileReference; fileEncoding = 4; lastKnownFileType = sourcecode.c.h; path = SDWebImageDownloaderOperation.h; sourceTree = "<group>"; };
		48FD836D1BF98C5D0017FCAA /* SDWebImageDownloaderOperation.m */ = {isa = PBXFileReference; fileEncoding = 4; lastKnownFileType = sourcecode.c.objc; path = SDWebImageDownloaderOperation.m; sourceTree = "<group>"; };
		48FD836E1BF98C5D0017FCAA /* SDWebImageManager.h */ = {isa = PBXFileReference; fileEncoding = 4; lastKnownFileType = sourcecode.c.h; path = SDWebImageManager.h; sourceTree = "<group>"; };
		48FD836F1BF98C5D0017FCAA /* SDWebImageManager.m */ = {isa = PBXFileReference; fileEncoding = 4; lastKnownFileType = sourcecode.c.objc; path = SDWebImageManager.m; sourceTree = "<group>"; };
		48FD83701BF98C5D0017FCAA /* SDWebImageOperation.h */ = {isa = PBXFileReference; fileEncoding = 4; lastKnownFileType = sourcecode.c.h; path = SDWebImageOperation.h; sourceTree = "<group>"; };
		48FD83711BF98C5D0017FCAA /* SDWebImagePrefetcher.h */ = {isa = PBXFileReference; fileEncoding = 4; lastKnownFileType = sourcecode.c.h; path = SDWebImagePrefetcher.h; sourceTree = "<group>"; };
		48FD83721BF98C5D0017FCAA /* SDWebImagePrefetcher.m */ = {isa = PBXFileReference; fileEncoding = 4; lastKnownFileType = sourcecode.c.objc; path = SDWebImagePrefetcher.m; sourceTree = "<group>"; };
		48FD83731BF98C5D0017FCAA /* UIButton+WebCache.h */ = {isa = PBXFileReference; fileEncoding = 4; lastKnownFileType = sourcecode.c.h; path = "UIButton+WebCache.h"; sourceTree = "<group>"; };
		48FD83741BF98C5D0017FCAA /* UIButton+WebCache.m */ = {isa = PBXFileReference; fileEncoding = 4; lastKnownFileType = sourcecode.c.objc; path = "UIButton+WebCache.m"; sourceTree = "<group>"; };
		48FD83751BF98C5D0017FCAA /* UIImage+GIF.h */ = {isa = PBXFileReference; fileEncoding = 4; lastKnownFileType = sourcecode.c.h; path = "UIImage+GIF.h"; sourceTree = "<group>"; };
		48FD83761BF98C5D0017FCAA /* UIImage+GIF.m */ = {isa = PBXFileReference; fileEncoding = 4; lastKnownFileType = sourcecode.c.objc; path = "UIImage+GIF.m"; sourceTree = "<group>"; };
		48FD83771BF98C5D0017FCAA /* UIImage+MultiFormat.h */ = {isa = PBXFileReference; fileEncoding = 4; lastKnownFileType = sourcecode.c.h; path = "UIImage+MultiFormat.h"; sourceTree = "<group>"; };
		48FD83781BF98C5D0017FCAA /* UIImage+MultiFormat.m */ = {isa = PBXFileReference; fileEncoding = 4; lastKnownFileType = sourcecode.c.objc; path = "UIImage+MultiFormat.m"; sourceTree = "<group>"; };
		48FD83791BF98C5D0017FCAA /* UIImageView+HighlightedWebCache.h */ = {isa = PBXFileReference; fileEncoding = 4; lastKnownFileType = sourcecode.c.h; path = "UIImageView+HighlightedWebCache.h"; sourceTree = "<group>"; };
		48FD837A1BF98C5D0017FCAA /* UIImageView+HighlightedWebCache.m */ = {isa = PBXFileReference; fileEncoding = 4; lastKnownFileType = sourcecode.c.objc; path = "UIImageView+HighlightedWebCache.m"; sourceTree = "<group>"; };
		48FD837B1BF98C5D0017FCAA /* UIImageView+WebCache.h */ = {isa = PBXFileReference; fileEncoding = 4; lastKnownFileType = sourcecode.c.h; path = "UIImageView+WebCache.h"; sourceTree = "<group>"; };
		48FD837C1BF98C5D0017FCAA /* UIImageView+WebCache.m */ = {isa = PBXFileReference; fileEncoding = 4; lastKnownFileType = sourcecode.c.objc; path = "UIImageView+WebCache.m"; sourceTree = "<group>"; };
		48FD837D1BF98C5D0017FCAA /* UIView+WebCacheOperation.h */ = {isa = PBXFileReference; fileEncoding = 4; lastKnownFileType = sourcecode.c.h; path = "UIView+WebCacheOperation.h"; sourceTree = "<group>"; };
		48FD837E1BF98C5D0017FCAA /* UIView+WebCacheOperation.m */ = {isa = PBXFileReference; fileEncoding = 4; lastKnownFileType = sourcecode.c.objc; path = "UIView+WebCacheOperation.m"; sourceTree = "<group>"; };
		6AC615D3CA43C61D48AE87C4 /* Pods.debug.xcconfig */ = {isa = PBXFileReference; includeInIndex = 1; lastKnownFileType = text.xcconfig; name = Pods.debug.xcconfig; path = "Pods/Target Support Files/Pods/Pods.debug.xcconfig"; sourceTree = "<group>"; };
		9E7E8E6BC8D7C7518D6BE3D4 /* libPods.a */ = {isa = PBXFileReference; explicitFileType = archive.ar; includeInIndex = 0; path = libPods.a; sourceTree = BUILT_PRODUCTS_DIR; };
		EFB8FAEC621DF203E65DF6AA /* Pods.release.xcconfig */ = {isa = PBXFileReference; includeInIndex = 1; lastKnownFileType = text.xcconfig; name = Pods.release.xcconfig; path = "Pods/Target Support Files/Pods/Pods.release.xcconfig"; sourceTree = "<group>"; };
/* End PBXFileReference section */

/* Begin PBXFrameworksBuildPhase section */
		48B3E16D1A11BABC0079F464 /* Frameworks */ = {
			isa = PBXFrameworksBuildPhase;
			buildActionMask = 2147483647;
			files = (
			);
			runOnlyForDeploymentPostprocessing = 0;
		};
		48B3E1861A11BABC0079F464 /* Frameworks */ = {
			isa = PBXFrameworksBuildPhase;
			buildActionMask = 2147483647;
			files = (
			);
			runOnlyForDeploymentPostprocessing = 0;
		};
/* End PBXFrameworksBuildPhase section */

/* Begin PBXGroup section */
		30DD429D78C93798AED0126B /* Pods */ = {
			isa = PBXGroup;
			children = (
				6AC615D3CA43C61D48AE87C4 /* Pods.debug.xcconfig */,
				EFB8FAEC621DF203E65DF6AA /* Pods.release.xcconfig */,
			);
			name = Pods;
			sourceTree = "<group>";
		};
		484014D11B73574F00FBD485 /* Classes */ = {
			isa = PBXGroup;
			children = (
				484014D31B73574F00FBD485 /* Utils */,
				484014E51B73574F00FBD485 /* ZLPhoto.h */,
				484014E61B73574F00FBD485 /* ZLPhotoBrowser */,
				484014F61B73574F00FBD485 /* ZLPhotoPicker */,
				484015111B73574F00FBD485 /* ZLPhotoPickerCommon.h */,
			);
			name = Classes;
			path = ../../ZLPhotoLib/Classes;
			sourceTree = "<group>";
		};
		484014D31B73574F00FBD485 /* Utils */ = {
			isa = PBXGroup;
			children = (
				484014D41B73574F00FBD485 /* Category */,
				484014DA1B73574F00FBD485 /* Resource */,
				484014DB1B73574F00FBD485 /* Views */,
			);
			path = Utils;
			sourceTree = "<group>";
		};
		484014D41B73574F00FBD485 /* Category */ = {
			isa = PBXGroup;
			children = (
				484014D51B73574F00FBD485 /* UIImage+ZLPhotoLib.h */,
				484014D61B73574F00FBD485 /* UIImage+ZLPhotoLib.m */,
				484014D71B73574F00FBD485 /* UIView+ZLExtension.h */,
				484014D81B73574F00FBD485 /* UIView+ZLExtension.m */,
			);
			path = Category;
			sourceTree = "<group>";
		};
		484014DA1B73574F00FBD485 /* Resource */ = {
			isa = PBXGroup;
			children = (
			);
			path = Resource;
			sourceTree = "<group>";
		};
		484014DB1B73574F00FBD485 /* Views */ = {
			isa = PBXGroup;
			children = (
			);
			path = Views;
			sourceTree = "<group>";
		};
		484014E61B73574F00FBD485 /* ZLPhotoBrowser */ = {
			isa = PBXGroup;
			children = (
				484014E71B73574F00FBD485 /* Models */,
				484014EA1B73574F00FBD485 /* ViewControllers */,
				484014ED1B73574F00FBD485 /* Views */,
			);
			path = ZLPhotoBrowser;
			sourceTree = "<group>";
		};
		484014E71B73574F00FBD485 /* Models */ = {
			isa = PBXGroup;
			children = (
				484014E81B73574F00FBD485 /* ZLPhotoPickerBrowserPhoto.h */,
				484014E91B73574F00FBD485 /* ZLPhotoPickerBrowserPhoto.m */,
				48F682E91B872CE9004A06A4 /* ZLPhotoRect.h */,
				48F682EA1B872CE9004A06A4 /* ZLPhotoRect.m */,
			);
			path = Models;
			sourceTree = "<group>";
		};
		484014EA1B73574F00FBD485 /* ViewControllers */ = {
			isa = PBXGroup;
			children = (
				484014EB1B73574F00FBD485 /* ZLPhotoPickerBrowserViewController.h */,
				484014EC1B73574F00FBD485 /* ZLPhotoPickerBrowserViewController.m */,
				48F682EC1B872D7C004A06A4 /* ZLPhotoPickerBrowserViewController+SignlePhotoBrowser.h */,
				48F682ED1B872D7C004A06A4 /* ZLPhotoPickerBrowserViewController+SignlePhotoBrowser.m */,
			);
			path = ViewControllers;
			sourceTree = "<group>";
		};
		484014ED1B73574F00FBD485 /* Views */ = {
			isa = PBXGroup;
			children = (
				484014EE1B73574F00FBD485 /* ZLPhotoPickerBrowserPhotoImageView.h */,
				484014EF1B73574F00FBD485 /* ZLPhotoPickerBrowserPhotoImageView.m */,
				484014F01B73574F00FBD485 /* ZLPhotoPickerBrowserPhotoScrollView.h */,
				484014F11B73574F00FBD485 /* ZLPhotoPickerBrowserPhotoScrollView.m */,
				484014F21B73574F00FBD485 /* ZLPhotoPickerBrowserPhotoView.h */,
				484014F31B73574F00FBD485 /* ZLPhotoPickerBrowserPhotoView.m */,
				484014F41B73574F00FBD485 /* ZLPhotoPickerCustomToolBarView.h */,
				484014F51B73574F00FBD485 /* ZLPhotoPickerCustomToolBarView.m */,
			);
			path = Views;
			sourceTree = "<group>";
		};
		484014F61B73574F00FBD485 /* ZLPhotoPicker */ = {
			isa = PBXGroup;
			children = (
				484014F71B73574F00FBD485 /* Models */,
				484014FE1B73574F00FBD485 /* ViewControllers */,
				484015051B73574F00FBD485 /* Views */,
			);
			path = ZLPhotoPicker;
			sourceTree = "<group>";
		};
		484014F71B73574F00FBD485 /* Models */ = {
			isa = PBXGroup;
			children = (
				484014F81B73574F00FBD485 /* ZLPhotoAssets.h */,
				484014F91B73574F00FBD485 /* ZLPhotoAssets.m */,
				484014FA1B73574F00FBD485 /* ZLPhotoPickerDatas.h */,
				484014FB1B73574F00FBD485 /* ZLPhotoPickerDatas.m */,
				484014FC1B73574F00FBD485 /* ZLPhotoPickerGroup.h */,
				484014FD1B73574F00FBD485 /* ZLPhotoPickerGroup.m */,
			);
			path = Models;
			sourceTree = "<group>";
		};
		484014FE1B73574F00FBD485 /* ViewControllers */ = {
			isa = PBXGroup;
			children = (
				484014FF1B73574F00FBD485 /* ZLPhotoPickerAssetsViewController.h */,
				484015001B73574F00FBD485 /* ZLPhotoPickerAssetsViewController.m */,
				484015011B73574F00FBD485 /* ZLPhotoPickerGroupViewController.h */,
				484015021B73574F00FBD485 /* ZLPhotoPickerGroupViewController.m */,
				484015031B73574F00FBD485 /* ZLPhotoPickerViewController.h */,
				484015041B73574F00FBD485 /* ZLPhotoPickerViewController.m */,
				48FCA0931C05B69F00989DA7 /* ZLNavigationController.h */,
				48FCA0941C05B69F00989DA7 /* ZLNavigationController.m */,
				4861264A1C62046300FF7F1D /* UIViewController+Alert.h */,
				4861264B1C62046300FF7F1D /* UIViewController+Alert.m */,
			);
			path = ViewControllers;
			sourceTree = "<group>";
		};
		484015051B73574F00FBD485 /* Views */ = {
			isa = PBXGroup;
			children = (
				484015061B73574F00FBD485 /* ZLPhotoPickerCollectionView.h */,
				484015071B73574F00FBD485 /* ZLPhotoPickerCollectionView.m */,
				484015081B73574F00FBD485 /* ZLPhotoPickerCollectionViewCell.h */,
				484015091B73574F00FBD485 /* ZLPhotoPickerCollectionViewCell.m */,
				4840150A1B73574F00FBD485 /* ZLPhotoPickerFooterCollectionReusableView.h */,
				4840150B1B73574F00FBD485 /* ZLPhotoPickerFooterCollectionReusableView.m */,
				4840150C1B73574F00FBD485 /* ZLPhotoPickerGroupTableViewCell.h */,
				4840150D1B73574F00FBD485 /* ZLPhotoPickerGroupTableViewCell.m */,
				4840150F1B73574F00FBD485 /* ZLPhotoPickerImageView.h */,
				484015101B73574F00FBD485 /* ZLPhotoPickerImageView.m */,
			);
			path = Views;
			sourceTree = "<group>";
		};
		48B3E1671A11BABC0079F464 = {
			isa = PBXGroup;
			children = (
				48B3E1721A11BABC0079F464 /* ZLAssetsPickerDemo */,
				48B3E18C1A11BABC0079F464 /* ZLAssetsPickerDemoDemoTests */,
				48B3E1711A11BABC0079F464 /* Products */,
				30DD429D78C93798AED0126B /* Pods */,
				60E3366F91C81DDA19826846 /* Frameworks */,
			);
			sourceTree = "<group>";
		};
		48B3E1711A11BABC0079F464 /* Products */ = {
			isa = PBXGroup;
			children = (
				48B3E1701A11BABC0079F464 /* 相册Demo.app */,
				48B3E1891A11BABC0079F464 /* 相册DemoTests.xctest */,
			);
			name = Products;
			sourceTree = "<group>";
		};
		48B3E1721A11BABC0079F464 /* ZLAssetsPickerDemo */ = {
			isa = PBXGroup;
			children = (
				48FD835B1BF98C5D0017FCAA /* ThreePart */,
				484014D11B73574F00FBD485 /* Classes */,
				484014CF1B73572300FBD485 /* ZLPhotoLib.bundle */,
				48ED22061A6D080C0008E783 /* Example */,
				48B3E1771A11BABC0079F464 /* AppDelegate.h */,
				48B3E1781A11BABC0079F464 /* AppDelegate.m */,
				48B3E17A1A11BABC0079F464 /* ViewController.h */,
				48B3E17B1A11BABC0079F464 /* ViewController.m */,
				48B3E1801A11BABC0079F464 /* Images.xcassets */,
				48B3E1821A11BABC0079F464 /* LaunchScreen.xib */,
				48B3E1731A11BABC0079F464 /* Supporting Files */,
			);
			name = ZLAssetsPickerDemo;
			path = "相册Demo";
			sourceTree = "<group>";
		};
		48B3E1731A11BABC0079F464 /* Supporting Files */ = {
			isa = PBXGroup;
			children = (
				48B3E1741A11BABC0079F464 /* Info.plist */,
				48B3E1751A11BABC0079F464 /* main.m */,
			);
			name = "Supporting Files";
			sourceTree = "<group>";
		};
		48B3E18C1A11BABC0079F464 /* ZLAssetsPickerDemoDemoTests */ = {
			isa = PBXGroup;
			children = (
				48B3E18F1A11BABC0079F464 /* __DemoTests.m */,
				48B3E18D1A11BABC0079F464 /* Supporting Files */,
			);
			name = ZLAssetsPickerDemoDemoTests;
			path = "相册DemoTests";
			sourceTree = "<group>";
		};
		48B3E18D1A11BABC0079F464 /* Supporting Files */ = {
			isa = PBXGroup;
			children = (
				48B3E18E1A11BABC0079F464 /* Info.plist */,
			);
			name = "Supporting Files";
			sourceTree = "<group>";
		};
		48ED22061A6D080C0008E783 /* Example */ = {
			isa = PBXGroup;
			children = (
				48ED22101A6D10720008E783 /* Views */,
				485F4E8A1A83182E00B6D448 /* Example3ViewController.h */,
				485F4E8B1A83182E00B6D448 /* Example3ViewController.m */,
				48ED22071A6D098C0008E783 /* Example1ViewController.h */,
				48ED22081A6D098C0008E783 /* Example1ViewController.m */,
				4806BC7F1AB283ED004B8AB0 /* Example4ViewController.h */,
				4806BC801AB283ED004B8AB0 /* Example4ViewController.m */,
				48CF6E811B7267A40094DEC4 /* Example0ViewController.h */,
				48CF6E821B7267A40094DEC4 /* Example0ViewController.m */,
			);
			path = Example;
			sourceTree = "<group>";
		};
		48ED22101A6D10720008E783 /* Views */ = {
			isa = PBXGroup;
			children = (
				48B338A21AA469D800650D81 /* Example1TableViewCell.h */,
				48B338A31AA469D800650D81 /* Example1TableViewCell.m */,
				48B338A51AA469EB00650D81 /* Example1TableViewCell.xib */,
				48ED22111A6D108C0008E783 /* Example2CollectionViewCell.h */,
				48ED22121A6D108C0008E783 /* Example2CollectionViewCell.m */,
				48ED22141A6D10960008E783 /* Example2CollectionViewCell.xib */,
			);
			name = Views;
			sourceTree = "<group>";
		};
		48FD835B1BF98C5D0017FCAA /* ThreePart */ = {
			isa = PBXGroup;
			children = (
				48FD835C1BF98C5D0017FCAA /* DACircularProgress */,
				48FD83611BF98C5D0017FCAA /* SDWebImage */,
			);
			path = ThreePart;
			sourceTree = "<group>";
		};
		48FD835C1BF98C5D0017FCAA /* DACircularProgress */ = {
			isa = PBXGroup;
			children = (
				48FD835D1BF98C5D0017FCAA /* DACircularProgressView.h */,
				48FD835E1BF98C5D0017FCAA /* DACircularProgressView.m */,
				48FD835F1BF98C5D0017FCAA /* DALabeledCircularProgressView.h */,
				48FD83601BF98C5D0017FCAA /* DALabeledCircularProgressView.m */,
			);
			path = DACircularProgress;
			sourceTree = "<group>";
		};
		48FD83611BF98C5D0017FCAA /* SDWebImage */ = {
			isa = PBXGroup;
			children = (
				48FD83621BF98C5D0017FCAA /* NSData+ImageContentType.h */,
				48FD83631BF98C5D0017FCAA /* NSData+ImageContentType.m */,
				48FD83641BF98C5D0017FCAA /* SDImageCache.h */,
				48FD83651BF98C5D0017FCAA /* SDImageCache.m */,
				48FD83661BF98C5D0017FCAA /* SDWebImageCompat.h */,
				48FD83671BF98C5D0017FCAA /* SDWebImageCompat.m */,
				48FD83681BF98C5D0017FCAA /* SDWebImageDecoder.h */,
				48FD83691BF98C5D0017FCAA /* SDWebImageDecoder.m */,
				48FD836A1BF98C5D0017FCAA /* SDWebImageDownloader.h */,
				48FD836B1BF98C5D0017FCAA /* SDWebImageDownloader.m */,
				48FD836C1BF98C5D0017FCAA /* SDWebImageDownloaderOperation.h */,
				48FD836D1BF98C5D0017FCAA /* SDWebImageDownloaderOperation.m */,
				48FD836E1BF98C5D0017FCAA /* SDWebImageManager.h */,
				48FD836F1BF98C5D0017FCAA /* SDWebImageManager.m */,
				48FD83701BF98C5D0017FCAA /* SDWebImageOperation.h */,
				48FD83711BF98C5D0017FCAA /* SDWebImagePrefetcher.h */,
				48FD83721BF98C5D0017FCAA /* SDWebImagePrefetcher.m */,
				48FD83731BF98C5D0017FCAA /* UIButton+WebCache.h */,
				48FD83741BF98C5D0017FCAA /* UIButton+WebCache.m */,
				48FD83751BF98C5D0017FCAA /* UIImage+GIF.h */,
				48FD83761BF98C5D0017FCAA /* UIImage+GIF.m */,
				48FD83771BF98C5D0017FCAA /* UIImage+MultiFormat.h */,
				48FD83781BF98C5D0017FCAA /* UIImage+MultiFormat.m */,
				48FD83791BF98C5D0017FCAA /* UIImageView+HighlightedWebCache.h */,
				48FD837A1BF98C5D0017FCAA /* UIImageView+HighlightedWebCache.m */,
				48FD837B1BF98C5D0017FCAA /* UIImageView+WebCache.h */,
				48FD837C1BF98C5D0017FCAA /* UIImageView+WebCache.m */,
				48FD837D1BF98C5D0017FCAA /* UIView+WebCacheOperation.h */,
				48FD837E1BF98C5D0017FCAA /* UIView+WebCacheOperation.m */,
			);
			path = SDWebImage;
			sourceTree = "<group>";
		};
		60E3366F91C81DDA19826846 /* Frameworks */ = {
			isa = PBXGroup;
			children = (
				9E7E8E6BC8D7C7518D6BE3D4 /* libPods.a */,
			);
			name = Frameworks;
			sourceTree = "<group>";
		};
/* End PBXGroup section */

/* Begin PBXNativeTarget section */
		48B3E16F1A11BABC0079F464 /* 相册Demo */ = {
			isa = PBXNativeTarget;
			buildConfigurationList = 48B3E1931A11BABC0079F464 /* Build configuration list for PBXNativeTarget "相册Demo" */;
			buildPhases = (
				48B3E16C1A11BABC0079F464 /* Sources */,
				48B3E16D1A11BABC0079F464 /* Frameworks */,
				48B3E16E1A11BABC0079F464 /* Resources */,
			);
			buildRules = (
			);
			dependencies = (
			);
			name = "相册Demo";
			productName = "相册Demo";
			productReference = 48B3E1701A11BABC0079F464 /* 相册Demo.app */;
			productType = "com.apple.product-type.application";
		};
		48B3E1881A11BABC0079F464 /* 相册DemoTests */ = {
			isa = PBXNativeTarget;
			buildConfigurationList = 48B3E1961A11BABC0079F464 /* Build configuration list for PBXNativeTarget "相册DemoTests" */;
			buildPhases = (
				48B3E1851A11BABC0079F464 /* Sources */,
				48B3E1861A11BABC0079F464 /* Frameworks */,
				48B3E1871A11BABC0079F464 /* Resources */,
			);
			buildRules = (
			);
			dependencies = (
				48B3E18B1A11BABC0079F464 /* PBXTargetDependency */,
			);
			name = "相册DemoTests";
			productName = "相册DemoTests";
			productReference = 48B3E1891A11BABC0079F464 /* 相册DemoTests.xctest */;
			productType = "com.apple.product-type.bundle.unit-test";
		};
/* End PBXNativeTarget section */

/* Begin PBXProject section */
		48B3E1681A11BABC0079F464 /* Project object */ = {
			isa = PBXProject;
			attributes = {
				LastUpgradeCheck = 0710;
				ORGANIZATIONNAME = com.zixue101.www;
				TargetAttributes = {
					48B3E16F1A11BABC0079F464 = {
						CreatedOnToolsVersion = 6.1;
						DevelopmentTeam = B3C9PH5883;
						ProvisioningStyle = Automatic;
					};
					48B3E1881A11BABC0079F464 = {
						CreatedOnToolsVersion = 6.1;
						TestTargetID = 48B3E16F1A11BABC0079F464;
					};
				};
			};
			buildConfigurationList = 48B3E16B1A11BABC0079F464 /* Build configuration list for PBXProject "ZLAssetsPickerDemo" */;
			compatibilityVersion = "Xcode 3.2";
			developmentRegion = English;
			hasScannedForEncodings = 0;
			knownRegions = (
				en,
				Base,
			);
			mainGroup = 48B3E1671A11BABC0079F464;
			productRefGroup = 48B3E1711A11BABC0079F464 /* Products */;
			projectDirPath = "";
			projectRoot = "";
			targets = (
				48B3E16F1A11BABC0079F464 /* 相册Demo */,
				48B3E1881A11BABC0079F464 /* 相册DemoTests */,
			);
		};
/* End PBXProject section */

/* Begin PBXResourcesBuildPhase section */
		48B3E16E1A11BABC0079F464 /* Resources */ = {
			isa = PBXResourcesBuildPhase;
			buildActionMask = 2147483647;
			files = (
				484014D01B73572300FBD485 /* ZLPhotoLib.bundle in Resources */,
				48B3E1841A11BABC0079F464 /* LaunchScreen.xib in Resources */,
				48B3E1811A11BABC0079F464 /* Images.xcassets in Resources */,
				48B338A61AA469EB00650D81 /* Example1TableViewCell.xib in Resources */,
				48ED22151A6D10960008E783 /* Example2CollectionViewCell.xib in Resources */,
			);
			runOnlyForDeploymentPostprocessing = 0;
		};
		48B3E1871A11BABC0079F464 /* Resources */ = {
			isa = PBXResourcesBuildPhase;
			buildActionMask = 2147483647;
			files = (
			);
			runOnlyForDeploymentPostprocessing = 0;
		};
/* End PBXResourcesBuildPhase section */

/* Begin PBXSourcesBuildPhase section */
		48B3E16C1A11BABC0079F464 /* Sources */ = {
			isa = PBXSourcesBuildPhase;
			buildActionMask = 2147483647;
			files = (
				48F682EE1B872D7C004A06A4 /* ZLPhotoPickerBrowserViewController+SignlePhotoBrowser.m in Sources */,
				4840152A1B73574F00FBD485 /* ZLPhotoPickerImageView.m in Sources */,
				4840151B1B73574F00FBD485 /* ZLPhotoPickerBrowserPhotoImageView.m in Sources */,
				4840151C1B73574F00FBD485 /* ZLPhotoPickerBrowserPhotoScrollView.m in Sources */,
				48B3E17C1A11BABC0079F464 /* ViewController.m in Sources */,
				484015261B73574F00FBD485 /* ZLPhotoPickerCollectionViewCell.m in Sources */,
				48FD83891BF98C5D0017FCAA /* UIButton+WebCache.m in Sources */,
				48ED22131A6D108C0008E783 /* Example2CollectionViewCell.m in Sources */,
				48FD83811BF98C5D0017FCAA /* NSData+ImageContentType.m in Sources */,
				48FD83841BF98C5D0017FCAA /* SDWebImageDecoder.m in Sources */,
				484015141B73574F00FBD485 /* UIView+ZLExtension.m in Sources */,
				48FD83801BF98C5D0017FCAA /* DALabeledCircularProgressView.m in Sources */,
				48FCA0951C05B69F00989DA7 /* ZLNavigationController.m in Sources */,
				4861264C1C62046300FF7F1D /* UIViewController+Alert.m in Sources */,
				484015281B73574F00FBD485 /* ZLPhotoPickerGroupTableViewCell.m in Sources */,
				48FD838D1BF98C5D0017FCAA /* UIImageView+WebCache.m in Sources */,
				48FD83871BF98C5D0017FCAA /* SDWebImageManager.m in Sources */,
				4840151F1B73574F00FBD485 /* ZLPhotoAssets.m in Sources */,
				4806BC811AB283ED004B8AB0 /* Example4ViewController.m in Sources */,
				484015251B73574F00FBD485 /* ZLPhotoPickerCollectionView.m in Sources */,
				48FD83831BF98C5D0017FCAA /* SDWebImageCompat.m in Sources */,
				48FD83821BF98C5D0017FCAA /* SDImageCache.m in Sources */,
				484015221B73574F00FBD485 /* ZLPhotoPickerAssetsViewController.m in Sources */,
				48FD83881BF98C5D0017FCAA /* SDWebImagePrefetcher.m in Sources */,
				483D760B1B8CB2B00056EC73 /* ZLPhotoPickerBrowserViewController.m in Sources */,
				48FD837F1BF98C5D0017FCAA /* DACircularProgressView.m in Sources */,
				48FD838C1BF98C5D0017FCAA /* UIImageView+HighlightedWebCache.m in Sources */,
				484015231B73574F00FBD485 /* ZLPhotoPickerGroupViewController.m in Sources */,
				4840151D1B73574F00FBD485 /* ZLPhotoPickerBrowserPhotoView.m in Sources */,
				484015271B73574F00FBD485 /* ZLPhotoPickerFooterCollectionReusableView.m in Sources */,
				484015211B73574F00FBD485 /* ZLPhotoPickerGroup.m in Sources */,
				48B3E1791A11BABC0079F464 /* AppDelegate.m in Sources */,
				48FD838B1BF98C5D0017FCAA /* UIImage+MultiFormat.m in Sources */,
				48FD838A1BF98C5D0017FCAA /* UIImage+GIF.m in Sources */,
				4840151E1B73574F00FBD485 /* ZLPhotoPickerCustomToolBarView.m in Sources */,
				484015201B73574F00FBD485 /* ZLPhotoPickerDatas.m in Sources */,
				484015191B73574F00FBD485 /* ZLPhotoPickerBrowserPhoto.m in Sources */,
				48FD838E1BF98C5D0017FCAA /* UIView+WebCacheOperation.m in Sources */,
				48ED22091A6D098C0008E783 /* Example1ViewController.m in Sources */,
				48FD83861BF98C5D0017FCAA /* SDWebImageDownloaderOperation.m in Sources */,
				48FD83851BF98C5D0017FCAA /* SDWebImageDownloader.m in Sources */,
				48CF6E831B7267A40094DEC4 /* Example0ViewController.m in Sources */,
				48F682EB1B872CE9004A06A4 /* ZLPhotoRect.m in Sources */,
				485F4E8C1A83182E00B6D448 /* Example3ViewController.m in Sources */,
				48B3E1761A11BABC0079F464 /* main.m in Sources */,
				48B338A41AA469D800650D81 /* Example1TableViewCell.m in Sources */,
				484015131B73574F00FBD485 /* UIImage+ZLPhotoLib.m in Sources */,
				484015241B73574F00FBD485 /* ZLPhotoPickerViewController.m in Sources */,
			);
			runOnlyForDeploymentPostprocessing = 0;
		};
		48B3E1851A11BABC0079F464 /* Sources */ = {
			isa = PBXSourcesBuildPhase;
			buildActionMask = 2147483647;
			files = (
				483D760A1B8CB2AB0056EC73 /* ZLPhotoPickerBrowserViewController.m in Sources */,
				48B3E1901A11BABC0079F464 /* __DemoTests.m in Sources */,
			);
			runOnlyForDeploymentPostprocessing = 0;
		};
/* End PBXSourcesBuildPhase section */

/* Begin PBXTargetDependency section */
		48B3E18B1A11BABC0079F464 /* PBXTargetDependency */ = {
			isa = PBXTargetDependency;
			target = 48B3E16F1A11BABC0079F464 /* 相册Demo */;
			targetProxy = 48B3E18A1A11BABC0079F464 /* PBXContainerItemProxy */;
		};
/* End PBXTargetDependency section */

/* Begin PBXVariantGroup section */
		48B3E1821A11BABC0079F464 /* LaunchScreen.xib */ = {
			isa = PBXVariantGroup;
			children = (
				48B3E1831A11BABC0079F464 /* Base */,
			);
			name = LaunchScreen.xib;
			sourceTree = "<group>";
		};
/* End PBXVariantGroup section */

/* Begin XCBuildConfiguration section */
		48B3E1911A11BABC0079F464 /* Debug */ = {
			isa = XCBuildConfiguration;
			buildSettings = {
				ALWAYS_SEARCH_USER_PATHS = NO;
				CLANG_CXX_LANGUAGE_STANDARD = "gnu++0x";
				CLANG_CXX_LIBRARY = "libc++";
				CLANG_ENABLE_MODULES = YES;
				CLANG_ENABLE_OBJC_ARC = YES;
				CLANG_WARN_BOOL_CONVERSION = YES;
				CLANG_WARN_CONSTANT_CONVERSION = YES;
				CLANG_WARN_DIRECT_OBJC_ISA_USAGE = YES_ERROR;
				CLANG_WARN_EMPTY_BODY = YES;
				CLANG_WARN_ENUM_CONVERSION = YES;
				CLANG_WARN_INT_CONVERSION = YES;
				CLANG_WARN_OBJC_ROOT_CLASS = YES_ERROR;
				CLANG_WARN_UNREACHABLE_CODE = YES;
				CLANG_WARN__DUPLICATE_METHOD_MATCH = YES;
				CODE_SIGN_IDENTITY = "iPhone Developer: Wei Feng Hou (D2ZAZ554Z4)";
				"CODE_SIGN_IDENTITY[sdk=iphoneos*]" = "iPhone Developer: Wei Feng Hou (D2ZAZ554Z4)";
				COPY_PHASE_STRIP = NO;
				ENABLE_STRICT_OBJC_MSGSEND = YES;
				ENABLE_TESTABILITY = YES;
				GCC_C_LANGUAGE_STANDARD = gnu99;
				GCC_DYNAMIC_NO_PIC = NO;
				GCC_OPTIMIZATION_LEVEL = 0;
				GCC_PREPROCESSOR_DEFINITIONS = (
					"DEBUG=1",
					"$(inherited)",
				);
				GCC_SYMBOLS_PRIVATE_EXTERN = NO;
				GCC_WARN_64_TO_32_BIT_CONVERSION = YES;
				GCC_WARN_ABOUT_RETURN_TYPE = YES_ERROR;
				GCC_WARN_UNDECLARED_SELECTOR = YES;
				GCC_WARN_UNINITIALIZED_AUTOS = YES_AGGRESSIVE;
				GCC_WARN_UNUSED_FUNCTION = YES;
				GCC_WARN_UNUSED_VARIABLE = YES;
				IPHONEOS_DEPLOYMENT_TARGET = 8.1;
				MTL_ENABLE_DEBUG_INFO = YES;
				ONLY_ACTIVE_ARCH = YES;
				PROVISIONING_PROFILE = "c38deeb3-c442-454d-9fcf-671fc9090c69";
				SDKROOT = iphoneos;
			};
			name = Debug;
		};
		48B3E1921A11BABC0079F464 /* Release */ = {
			isa = XCBuildConfiguration;
			buildSettings = {
				ALWAYS_SEARCH_USER_PATHS = NO;
				CLANG_CXX_LANGUAGE_STANDARD = "gnu++0x";
				CLANG_CXX_LIBRARY = "libc++";
				CLANG_ENABLE_MODULES = YES;
				CLANG_ENABLE_OBJC_ARC = YES;
				CLANG_WARN_BOOL_CONVERSION = YES;
				CLANG_WARN_CONSTANT_CONVERSION = YES;
				CLANG_WARN_DIRECT_OBJC_ISA_USAGE = YES_ERROR;
				CLANG_WARN_EMPTY_BODY = YES;
				CLANG_WARN_ENUM_CONVERSION = YES;
				CLANG_WARN_INT_CONVERSION = YES;
				CLANG_WARN_OBJC_ROOT_CLASS = YES_ERROR;
				CLANG_WARN_UNREACHABLE_CODE = YES;
				CLANG_WARN__DUPLICATE_METHOD_MATCH = YES;
				CODE_SIGN_IDENTITY = "iPhone Developer: Wei Feng Hou (D2ZAZ554Z4)";
				"CODE_SIGN_IDENTITY[sdk=iphoneos*]" = "";
				COPY_PHASE_STRIP = YES;
				ENABLE_NS_ASSERTIONS = NO;
				ENABLE_STRICT_OBJC_MSGSEND = YES;
				GCC_C_LANGUAGE_STANDARD = gnu99;
				GCC_WARN_64_TO_32_BIT_CONVERSION = YES;
				GCC_WARN_ABOUT_RETURN_TYPE = YES_ERROR;
				GCC_WARN_UNDECLARED_SELECTOR = YES;
				GCC_WARN_UNINITIALIZED_AUTOS = YES_AGGRESSIVE;
				GCC_WARN_UNUSED_FUNCTION = YES;
				GCC_WARN_UNUSED_VARIABLE = YES;
				IPHONEOS_DEPLOYMENT_TARGET = 8.1;
				MTL_ENABLE_DEBUG_INFO = NO;
				PROVISIONING_PROFILE = "c38deeb3-c442-454d-9fcf-671fc9090c69";
				SDKROOT = iphoneos;
				VALIDATE_PRODUCT = YES;
			};
			name = Release;
		};
		48B3E1941A11BABC0079F464 /* Debug */ = {
			isa = XCBuildConfiguration;
			baseConfigurationReference = 6AC615D3CA43C61D48AE87C4 /* Pods.debug.xcconfig */;
			buildSettings = {
				ASSETCATALOG_COMPILER_APPICON_NAME = AppIcon;
				ASSETCATALOG_COMPILER_LAUNCHIMAGE_NAME = LaunchImage;
				CLANG_ENABLE_MODULES = YES;
				CODE_SIGN_IDENTITY = "iPhone Developer: Wei Feng Hou (D2ZAZ554Z4)";
				"CODE_SIGN_IDENTITY[sdk=iphoneos*]" = "iPhone Developer";
				DEVELOPMENT_TEAM = B3C9PH5883;
				FRAMEWORK_SEARCH_PATHS = (
					"$(inherited)",
					"$(PROJECT_DIR)/相册Demo",
				);
				INFOPLIST_FILE = "相册Demo/Info.plist";
				IPHONEOS_DEPLOYMENT_TARGET = 6.0;
				LD_RUNPATH_SEARCH_PATHS = "$(inherited) @executable_path/Frameworks";
				PRODUCT_BUNDLE_IDENTIFIER = "zixue101.$(PRODUCT_NAME:rfc1034identifier)";
				PRODUCT_NAME = "$(TARGET_NAME)";
				PROVISIONING_PROFILE = "";
				SWIFT_OPTIMIZATION_LEVEL = "-Onone";
			};
			name = Debug;
		};
		48B3E1951A11BABC0079F464 /* Release */ = {
			isa = XCBuildConfiguration;
			baseConfigurationReference = EFB8FAEC621DF203E65DF6AA /* Pods.release.xcconfig */;
			buildSettings = {
				ASSETCATALOG_COMPILER_APPICON_NAME = AppIcon;
				ASSETCATALOG_COMPILER_LAUNCHIMAGE_NAME = LaunchImage;
				CLANG_ENABLE_MODULES = YES;
				CODE_SIGN_IDENTITY = "iPhone Developer: Wei Feng Hou (D2ZAZ554Z4)";
				"CODE_SIGN_IDENTITY[sdk=iphoneos*]" = "iPhone Developer";
				DEVELOPMENT_TEAM = B3C9PH5883;
				FRAMEWORK_SEARCH_PATHS = (
					"$(inherited)",
					"$(PROJECT_DIR)/相册Demo",
				);
				INFOPLIST_FILE = "相册Demo/Info.plist";
				IPHONEOS_DEPLOYMENT_TARGET = 6.0;
				LD_RUNPATH_SEARCH_PATHS = "$(inherited) @executable_path/Frameworks";
				PRODUCT_BUNDLE_IDENTIFIER = "zixue101.$(PRODUCT_NAME:rfc1034identifier)";
				PRODUCT_NAME = "$(TARGET_NAME)";
				PROVISIONING_PROFILE = "";
			};
			name = Release;
		};
		48B3E1971A11BABC0079F464 /* Debug */ = {
			isa = XCBuildConfiguration;
			buildSettings = {
				BUNDLE_LOADER = "$(TEST_HOST)";
				FRAMEWORK_SEARCH_PATHS = (
					"$(SDKROOT)/Developer/Library/Frameworks",
					"$(inherited)",
				);
				GCC_PREPROCESSOR_DEFINITIONS = (
					"DEBUG=1",
					"$(inherited)",
				);
				INFOPLIST_FILE = "相册DemoTests/Info.plist";
				LD_RUNPATH_SEARCH_PATHS = "$(inherited) @executable_path/Frameworks @loader_path/Frameworks";
				PRODUCT_BUNDLE_IDENTIFIER = "zixue101.$(PRODUCT_NAME:rfc1034identifier)";
				PRODUCT_NAME = "$(TARGET_NAME)";
				TEST_HOST = "$(BUILT_PRODUCTS_DIR)/相册Demo.app/相册Demo";
			};
			name = Debug;
		};
		48B3E1981A11BABC0079F464 /* Release */ = {
			isa = XCBuildConfiguration;
			buildSettings = {
				BUNDLE_LOADER = "$(TEST_HOST)";
				FRAMEWORK_SEARCH_PATHS = (
					"$(SDKROOT)/Developer/Library/Frameworks",
					"$(inherited)",
				);
				INFOPLIST_FILE = "相册DemoTests/Info.plist";
				LD_RUNPATH_SEARCH_PATHS = "$(inherited) @executable_path/Frameworks @loader_path/Frameworks";
				PRODUCT_BUNDLE_IDENTIFIER = "zixue101.$(PRODUCT_NAME:rfc1034identifier)";
				PRODUCT_NAME = "$(TARGET_NAME)";
				TEST_HOST = "$(BUILT_PRODUCTS_DIR)/相册Demo.app/相册Demo";
			};
			name = Release;
		};
/* End XCBuildConfiguration section */

/* Begin XCConfigurationList section */
		48B3E16B1A11BABC0079F464 /* Build configuration list for PBXProject "ZLAssetsPickerDemo" */ = {
			isa = XCConfigurationList;
			buildConfigurations = (
				48B3E1911A11BABC0079F464 /* Debug */,
				48B3E1921A11BABC0079F464 /* Release */,
			);
			defaultConfigurationIsVisible = 0;
			defaultConfigurationName = Release;
		};
		48B3E1931A11BABC0079F464 /* Build configuration list for PBXNativeTarget "相册Demo" */ = {
			isa = XCConfigurationList;
			buildConfigurations = (
				48B3E1941A11BABC0079F464 /* Debug */,
				48B3E1951A11BABC0079F464 /* Release */,
			);
			defaultConfigurationIsVisible = 0;
			defaultConfigurationName = Release;
		};
		48B3E1961A11BABC0079F464 /* Build configuration list for PBXNativeTarget "相册DemoTests" */ = {
			isa = XCConfigurationList;
			buildConfigurations = (
				48B3E1971A11BABC0079F464 /* Debug */,
				48B3E1981A11BABC0079F464 /* Release */,
			);
			defaultConfigurationIsVisible = 0;
			defaultConfigurationName = Release;
		};
/* End XCConfigurationList section */
	};
	rootObject = 48B3E1681A11BABC0079F464 /* Project object */;
}
